<?xml version="1.0" encoding="utf-8"?>
<Project ToolsVersion="4.0" xmlns="http://schemas.microsoft.com/developer/msbuild/2003">
  <ItemGroup>
    <ClCompile Include="AboutBox.cpp">
      <Filter>Source Files</Filter>
    </ClCompile>
    <ClCompile Include="AccelKeys.cpp">
      <Filter>Source Files</Filter>
    </ClCompile>
    <ClCompile Include="AuthDialog.cpp">
      <Filter>Source Files</Filter>
    </ClCompile>
    <ClCompile Include="buildtime.cpp">
      <Filter>Source Files</Filter>
    </ClCompile>
    <ClCompile Include="ClientConnection.cpp">
      <Filter>Source Files</Filter>
    </ClCompile>
    <ClCompile Include="ClientConnectionCacheRect.cpp">
      <Filter>Source Files</Filter>
    </ClCompile>
    <ClCompile Include="ClientConnectionClipboard.cpp">
      <Filter>Source Files</Filter>
    </ClCompile>
    <ClCompile Include="ClientConnectionCopyRect.cpp">
      <Filter>Source Files</Filter>
    </ClCompile>
    <ClCompile Include="ClientConnectionCoRRE.cpp">
      <Filter>Source Files</Filter>
    </ClCompile>
    <ClCompile Include="ClientConnectionCursor.cpp">
      <Filter>Source Files</Filter>
    </ClCompile>
    <ClCompile Include="ClientConnectionFile.cpp">
      <Filter>Source Files</Filter>
    </ClCompile>
    <ClCompile Include="ClientConnectionFullScreen.cpp">
      <Filter>Source Files</Filter>
    </ClCompile>
    <ClCompile Include="ClientConnectionHextile.cpp">
      <Filter>Source Files</Filter>
    </ClCompile>
    <ClCompile Include="ClientConnectionRaw.cpp">
      <Filter>Source Files</Filter>
    </ClCompile>
    <ClCompile Include="ClientConnectionRRE.cpp">
      <Filter>Source Files</Filter>
    </ClCompile>
    <ClCompile Include="ClientConnectionTight.cpp">
      <Filter>Source Files</Filter>
    </ClCompile>
    <ClCompile Include="ClientConnectionUltra.cpp">
      <Filter>Source Files</Filter>
    </ClCompile>
    <ClCompile Include="ClientConnectionUltra2.cpp">
      <Filter>Source Files</Filter>
    </ClCompile>
    <ClCompile Include="ClientConnectionZlib.cpp">
      <Filter>Source Files</Filter>
    </ClCompile>
    <ClCompile Include="ClientConnectionZlibHex.cpp">
      <Filter>Source Files</Filter>
    </ClCompile>
    <ClCompile Include="..\common\Clipboard.cpp">
      <Filter>Source Files</Filter>
    </ClCompile>
    <ClCompile Include="Daemon.cpp">
      <Filter>Source Files</Filter>
    </ClCompile>
    <ClCompile Include="..\rfb\dh.cpp">
      <Filter>Source Files</Filter>
    </ClCompile>
    <ClCompile Include="directx\directxviewer.cpp">
      <Filter>Source Files</Filter>
    </ClCompile>
    <ClCompile Include="display.cpp">
      <Filter>Source Files</Filter>
    </ClCompile>
    <ClCompile Include="..\DSMPlugin\DSMPlugin.cpp">
      <Filter>Source Files</Filter>
    </ClCompile>
    <ClCompile Include="Exception.cpp">
      <Filter>Source Files</Filter>
    </ClCompile>
    <ClCompile Include="FileTransfer.cpp">
      <Filter>Source Files</Filter>
    </ClCompile>
    <ClCompile Include="VNCviewerApp.cpp">
      <Filter>Source Files</Filter>
    </ClCompile>
    <ClCompile Include="VNCviewerApp32.cpp">
      <Filter>Source Files</Filter>
    </ClCompile>
    <ClCompile Include="..\common\win32_helpers.cpp">
      <Filter>Source Files</Filter>
    </ClCompile>
    <ClCompile Include="xz.cpp">
      <Filter>Source Files</Filter>
    </ClCompile>
    <ClCompile Include="..\ZipUnZip32\ZipUnzip32.cpp">
      <Filter>Source Files</Filter>
    </ClCompile>
    <ClCompile Include="zrle.cpp">
      <Filter>Source Files</Filter>
    </ClCompile>
    <ClCompile Include="vncviewer.cpp">
      <Filter>Source Files</Filter>
    </ClCompile>
    <ClCompile Include="vnctouch.cpp">
      <Filter>Source Files</Filter>
    </ClCompile>
    <ClCompile Include="VNCOptions.cpp">
      <Filter>Source Files</Filter>
    </ClCompile>
    <ClCompile Include="vncauth.c">
      <Filter>Source Files</Filter>
    </ClCompile>
    <ClCompile Include="..\common\UltraVncZ.cpp">
      <Filter>Source Files</Filter>
    </ClCompile>
    <ClCompile Include="TextChat.cpp">
      <Filter>Source Files</Filter>
    </ClCompile>
    <ClCompile Include="stdhdrs.cpp">
      <Filter>Source Files</Filter>
    </ClCompile>
    <ClCompile Include="Snapshot.cpp">
      <Filter>Source Files</Filter>
    </ClCompile>
    <ClCompile Include="SessionDialogTabs.cpp">
      <Filter>Source Files</Filter>
    </ClCompile>
    <ClCompile Include="sessiondialogLoadSave.cpp">
      <Filter>Source Files</Filter>
    </ClCompile>
    <ClCompile Include="SessionDialog.cpp">
      <Filter>Source Files</Filter>
    </ClCompile>
    <ClCompile Include="MRU.cpp">
      <Filter>Source Files</Filter>
    </ClCompile>
    <ClCompile Include="..\lzo\minilzo.c">
      <Filter>Source Files</Filter>
    </ClCompile>
    <ClCompile Include="LowLevelHook.cpp">
      <Filter>Source Files</Filter>
    </ClCompile>
    <ClCompile Include="Log.cpp">
      <Filter>Source Files</Filter>
    </ClCompile>
    <ClCompile Include="KeyMapjap.cpp">
      <Filter>Source Files</Filter>
    </ClCompile>
    <ClCompile Include="KeyMap.cpp">
      <Filter>Source Files</Filter>
    </ClCompile>
    <ClCompile Include="FullScreenTitleBar.cpp">
      <Filter>Source Files</Filter>
    </ClCompile>
    <ClCompile Include="ClientConnectionRSAAES.cpp">
      <Filter>Source Files</Filter>
    </ClCompile>
    <ClCompile Include="ClientConnectionTLS.cpp">
      <Filter>Source Files</Filter>
    </ClCompile>
    <ClCompile Include="..\common\mnemonic.c">
      <Filter>Source Files</Filter>
    </ClCompile>
    <ClCompile Include="..\common\mn_wordlist.c">
      <Filter>Source Files</Filter>
    </ClCompile>
    <ClCompile Include="..\common\d3des.c">
      <Filter>Source Files</Filter>
    </ClCompile>
    <ClCompile Include="UltraVNCHerperFunctions.cpp">
      <Filter>Source Files</Filter>
    </ClCompile>
    <ClCompile Include="InfoBox.cpp">
      <Filter>Source Files</Filter>
    </ClCompile>
    <ClCompile Include="Hyperlinks.cpp">
      <Filter>Source Files</Filter>
    </ClCompile>
  </ItemGroup>
  <ItemGroup>
    <ClInclude Include="AboutBox.h">
      <Filter>header</Filter>
    </ClInclude>
    <ClInclude Include="AccelKeys.h">
      <Filter>header</Filter>
    </ClInclude>
    <ClInclude Include="AuthDialog.h">
      <Filter>header</Filter>
    </ClInclude>
    <ClInclude Include="ClientConnection.h">
      <Filter>header</Filter>
    </ClInclude>
    <ClInclude Include="..\common\Clipboard.h">
      <Filter>header</Filter>
    </ClInclude>
    <ClInclude Include="Daemon.h">
      <Filter>header</Filter>
    </ClInclude>
    <ClInclude Include="..\rfb\dh.h">
      <Filter>header</Filter>
    </ClInclude>
    <ClInclude Include="directx\directxviewer.h">
      <Filter>header</Filter>
    </ClInclude>
    <ClInclude Include="multimon.h">
      <Filter>header</Filter>
    </ClInclude>
    <ClInclude Include="MRU.h">
      <Filter>header</Filter>
    </ClInclude>
    <ClInclude Include="rfb.h">
      <Filter>header</Filter>
    </ClInclude>
    <ClInclude Include="LowLevelHook.h">
      <Filter>header</Filter>
    </ClInclude>
    <ClInclude Include="Log.h">
      <Filter>header</Filter>
    </ClInclude>
    <ClInclude Include="keysymdefjap.h">
      <Filter>header</Filter>
    </ClInclude>
    <ClInclude Include="keysymdef.h">
      <Filter>header</Filter>
    </ClInclude>
    <ClInclude Include="KeyMapjap.h">
      <Filter>header</Filter>
    </ClInclude>
    <ClInclude Include="KeyMap.h">
      <Filter>header</Filter>
    </ClInclude>
    <ClInclude Include="FullScreenTitleBarConst.h">
      <Filter>header</Filter>
    </ClInclude>
    <ClInclude Include="FullScreenTitleBar.h">
      <Filter>header</Filter>
    </ClInclude>
    <ClInclude Include="FileTransfer.h">
      <Filter>header</Filter>
    </ClInclude>
    <ClInclude Include="Exception.h">
      <Filter>header</Filter>
    </ClInclude>
    <ClInclude Include="..\DSMPlugin\DSMPlugin.h">
      <Filter>header</Filter>
    </ClInclude>
    <ClInclude Include="display.h">
      <Filter>header</Filter>
    </ClInclude>
    <ClInclude Include="..\ZipUnZip32\ZipUnZip32.h">
      <Filter>header</Filter>
    </ClInclude>
    <ClInclude Include="..\common\win32_helpers.h">
      <Filter>header</Filter>
    </ClInclude>
    <ClInclude Include="VNCviewerApp32.h">
      <Filter>header</Filter>
    </ClInclude>
    <ClInclude Include="VNCviewerApp.h">
      <Filter>header</Filter>
    </ClInclude>
    <ClInclude Include="vncviewer.h">
      <Filter>header</Filter>
    </ClInclude>
    <ClInclude Include="vnctouch.h">
      <Filter>header</Filter>
    </ClInclude>
    <ClInclude Include="VNCOptions.h">
      <Filter>header</Filter>
    </ClInclude>
    <ClInclude Include="vncauth.h">
      <Filter>header</Filter>
    </ClInclude>
    <ClInclude Include="stdhdrs.h">
      <Filter>header</Filter>
    </ClInclude>
    <ClInclude Include="TextChat.h">
      <Filter>header</Filter>
    </ClInclude>
    <ClInclude Include="SessionDialog.h">
      <Filter>header</Filter>
    </ClInclude>
    <ClInclude Include="..\rfb\zrleDecode.h">
      <Filter>header</Filter>
    </ClInclude>
    <ClInclude Include="FpsCounter.h">
      <Filter>header</Filter>
    </ClInclude>
    <ClInclude Include="keysym.h">
      <Filter>header</Filter>
    </ClInclude>
    <ClInclude Include="Natplugin.h">
      <Filter>header</Filter>
    </ClInclude>
    <ClInclude Include="..\common\UltraVncZ.h">
      <Filter>header</Filter>
    </ClInclude>
    <ClInclude Include="res\resource.h">
      <Filter>header</Filter>
    </ClInclude>
    <ClInclude Include="..\common\mnemonic.h">
      <Filter>header</Filter>
    </ClInclude>
    <ClInclude Include="..\common\d3des.h">
      <Filter>header</Filter>
    </ClInclude>
    <ClInclude Include="UltraVNCHelperFunctions.h">
      <Filter>header</Filter>
    </ClInclude>
  </ItemGroup>
  <ItemGroup>
    <None Include="res\background2.bmp">
      <Filter>Resources</Filter>
    </None>
    <None Include="res\stat\bitmap4.bmp">
      <Filter>Resources</Filter>
    </None>
    <None Include="res\bitmap1.bmp">
      <Filter>Resources</Filter>
    </None>
    <None Include="res\stat\background2.bmp">
      <Filter>Resources</Filter>
    </None>
    <None Include="res\bitmap2.bmp">
      <Filter>Resources</Filter>
    </None>
    <None Include="res\stat\bitmap9.bmp">
      <Filter>Resources</Filter>
    </None>
    <None Include="res\stat\bitmap8.bmp">
      <Filter>Resources</Filter>
    </None>
    <None Include="res\stat\bitmap5.bmp">
      <Filter>Resources</Filter>
    </None>
    <None Include="COPYING.txt">
      <Filter>Resources</Filter>
    </None>
    <None Include="History.txt">
      <Filter>Resources</Filter>
    </None>
    <None Include="LICENCE.txt">
      <Filter>Resources</Filter>
    </None>
    <None Include="Tango_sx.bmp">
      <Filter>Resources</Filter>
    </None>
    <None Include="Tango_s.bmp">
      <Filter>Resources</Filter>
    </None>
    <None Include="Tango_lx.bmp">
      <Filter>Resources</Filter>
    </None>
    <None Include="Tango_l.bmp">
      <Filter>Resources</Filter>
    </None>
    <None Include="ToDo.txt">
      <Filter>Resources</Filter>
    </None>
    <None Include="res\toolbar1.bmp">
      <Filter>Resources</Filter>
    </None>
    <None Include="res\toollb_large.bmp">
      <Filter>Resources</Filter>
    </None>
    <None Include="res\toollb_largecolor.bmp">
      <Filter>Resources</Filter>
    </None>
    <None Include="res\toollb_largecolormx.bmp">
      <Filter>Resources</Filter>
    </None>
    <None Include="res\toollb_largemouseX.bmp">
      <Filter>Resources</Filter>
    </None>
    <None Include="res\toollb_small.bmp">
      <Filter>Resources</Filter>
    </None>
    <None Include="res\toollb_smallcolor.bmp">
      <Filter>Resources</Filter>
    </None>
    <None Include="res\toollb_smallcolormx.bmp">
      <Filter>Resources</Filter>
    </None>
    <None Include="res\toollb_smallmouseX.bmp">
      <Filter>Resources</Filter>
    </None>
    <None Include="res\ultra-logo.bmp">
      <Filter>Resources</Filter>
    </None>
    <None Include="res\vnc.bmp">
      <Filter>Resources</Filter>
    </None>
    <None Include="res\Finger.cur">
      <Filter>Resources</Filter>
    </None>
    <None Include="res\cursorsel.cur">
      <Filter>Resources</Filter>
    </None>
    <None Include="res\cursor1.cur">
      <Filter>Resources</Filter>
    </None>
    <None Include="res\nocursor.cur">
      <Filter>Resources</Filter>
    </None>
  </ItemGroup>
  <ItemGroup>
    <Filter Include="Resources">
      <UniqueIdentifier>{361f573b-0b0b-4d25-b607-7a26ad499560}</UniqueIdentifier>
      <Extensions>rc;ico;cur;bmp;dlg;rc2;rct;bin;rgs;gif;jpg;jpeg;jpe;resx;tiff;tif;png;wav;mfcribbon-ms</Extensions>
    </Filter>
    <Filter Include="header">
      <UniqueIdentifier>{bb10bdae-6f4e-4386-84a7-27bbcec55005}</UniqueIdentifier>
      <Extensions>h;hh;hpp;hxx;hm;inl;inc;ipp;xsd</Extensions>
    </Filter>
    <Filter Include="Source Files">
      <UniqueIdentifier>{50d2e024-87a5-437c-9b8a-faecf4803df9}</UniqueIdentifier>
      <Extensions>cpp;c;cc;cxx;def;odl;idl;hpj;bat;asm;asmx</Extensions>
    </Filter>
  </ItemGroup>
  <ItemGroup>
    <ResourceCompile Include="res\vncviewer.rc">
      <Filter>Resources</Filter>
    </ResourceCompile>
  </ItemGroup>
  <ItemGroup>
    <Image Include="res\up.bmp">
      <Filter>Resources</Filter>
    </Image>
    <Image Include="res\hoch.bmp">
      <Filter>Resources</Filter>
    </Image>
    <Image Include="res\quer.bmp">
      <Filter>Resources</Filter>
    </Image>
    <Image Include="res\stat\back.bmp">
      <Filter>Resources</Filter>
    </Image>
    <Image Include="res\stat\both.bmp">
      <Filter>Resources</Filter>
    </Image>
    <Image Include="res\stat\front.bmp">
      <Filter>Resources</Filter>
    </Image>
    <Image Include="res\stat\none.bmp">
      <Filter>Resources</Filter>
    </Image>
    <Image Include="res\vnc64.BMP">
      <Filter>Resources</Filter>
    </Image>
    <Image Include="res\stat\closeup.bmp">
      <Filter>Resources</Filter>
    </Image>
    <Image Include="res\stat\maximizeup.bmp">
      <Filter>Resources</Filter>
    </Image>
    <Image Include="res\stat\minimizeup.bmp">
      <Filter>Resources</Filter>
    </Image>
    <Image Include="res\stat\pindown.bmp">
      <Filter>Resources</Filter>
    </Image>
    <Image Include="res\stat\pinup.bmp">
      <Filter>Resources</Filter>
    </Image>
    <Image Include="res\vnc32.BMP">
      <Filter>Resources</Filter>
    </Image>
    <Image Include="res\idr_tray.ico">
      <Filter>Resources</Filter>
    </Image>
    <Image Include="res\B46.ico">
      <Filter>Resources</Filter>
    </Image>
    <Image Include="res\file.ico">
      <Filter>Resources</Filter>
    </Image>
    <Image Include="res\dir.ico">
      <Filter>Resources</Filter>
    </Image>
    <Image Include="res\drive.ico">
      <Filter>Resources</Filter>
    </Image>
    <Image Include="res\Tango_sx.bmp">
      <Filter>Resources</Filter>
    </Image>
    <Image Include="res\Tango_l.bmp">
      <Filter>Resources</Filter>
    </Image>
    <Image Include="res\Tango_lx.bmp">
      <Filter>Resources</Filter>
    </Image>
    <Image Include="res\Tango_s.bmp">
      <Filter>Resources</Filter>
    </Image>
    <Image Include="res\stat\1op1.bmp">
      <Filter>Resources</Filter>
    </Image>
    <Image Include="res\stat\full.bmp">
      <Filter>Resources</Filter>
    </Image>
    <Image Include="res\stat\photo.bmp">
      <Filter>Resources</Filter>
    </Image>
    <Image Include="res\stat\switch.bmp">
      <Filter>Resources</Filter>
    </Image>
    <Image Include="res\down.bmp">
      <Filter>Resources</Filter>
    </Image>
    <Image Include="res\idr_tray_disabled.ico">
      <Filter>Resources</Filter>
    </Image>
    <Image Include="res\LedGreen.bmp">
      <Filter>Resources</Filter>
    </Image>
    <Image Include="res\LedRed.bmp">
      <Filter>Resources</Filter>
    </Image>
    <Image Include="res\LedYellow.bmp">
      <Filter>Resources</Filter>
    </Image>
  </ItemGroup>
</Project>