<?xml version="1.0" encoding="utf-8"?>
<Project ToolsVersion="4.0" xmlns="http://schemas.microsoft.com/developer/msbuild/2003">
  <ItemGroup>
    <Filter Include="Resources">
      <UniqueIdentifier>{e01f2b1b-a2d9-459b-95ea-a0a8fe91e837}</UniqueIdentifier>
      <Extensions>ico;cur;bmp;dlg;rc2;rct;bin;cnt;rtf;gif;jpg;jpeg;jpe</Extensions>
    </Filter>
    <Filter Include="headers">
      <UniqueIdentifier>{ac87e7a6-87cf-4eb9-b4c4-5b8116c4c578}</UniqueIdentifier>
    </Filter>
    <Filter Include="sources">
      <UniqueIdentifier>{5bec4b45-0763-4856-b386-653b0deeff97}</UniqueIdentifier>
    </Filter>
  </ItemGroup>
  <ItemGroup>
    <None Include="res\B46.ico">
      <Filter>Resources</Filter>
    </None>
    <None Include="res\stat\back.bmp">
      <Filter>Resources</Filter>
    </None>
    <None Include="res\background2.bmp">
      <Filter>Resources</Filter>
    </None>
    <None Include="res\stat\background2.bmp">
      <Filter>Resources</Filter>
    </None>
    <None Include="res\bitmap1.bmp">
      <Filter>Resources</Filter>
    </None>
    <None Include="res\bitmap2.bmp">
      <Filter>Resources</Filter>
    </None>
    <None Include="res\stat\bitmap4.bmp">
      <Filter>Resources</Filter>
    </None>
    <None Include="res\stat\bitmap5.bmp">
      <Filter>Resources</Filter>
    </None>
    <None Include="res\stat\bitmap8.bmp">
      <Filter>Resources</Filter>
    </None>
    <None Include="res\stat\bitmap9.bmp">
      <Filter>Resources</Filter>
    </None>
    <None Include="res\stat\both.bmp">
      <Filter>Resources</Filter>
    </None>
    <None Include="res\stat\closeup.bmp">
      <Filter>Resources</Filter>
    </None>
    <None Include="res\cursor1.cur">
      <Filter>Resources</Filter>
    </None>
    <None Include="res\cursorsel.cur">
      <Filter>Resources</Filter>
    </None>
    <None Include="res\dir.ico">
      <Filter>Resources</Filter>
    </None>
    <None Include="res\drive.ico">
      <Filter>Resources</Filter>
    </None>
    <None Include="res\file.ico">
      <Filter>Resources</Filter>
    </None>
    <None Include="res\Finger.cur">
      <Filter>Resources</Filter>
    </None>
    <None Include="res\stat\flash.bmp">
      <Filter>Resources</Filter>
    </None>
    <None Include="res\stat\front.bmp">
      <Filter>Resources</Filter>
    </None>
    <None Include="res\hoch.bmp">
      <Filter>Resources</Filter>
    </None>
    <None Include="res\idr_tray.ico">
      <Filter>Resources</Filter>
    </None>
    <None Include="res\idr_tray_disabled.ico">
      <Filter>Resources</Filter>
    </None>
    <None Include="res\l1.bmp">
      <Filter>Resources</Filter>
    </None>
    <None Include="res\l2.bmp">
      <Filter>Resources</Filter>
    </None>
    <None Include="res\stat\mainicon.ico">
      <Filter>Resources</Filter>
    </None>
    <None Include="res\stat\maximizeup.bmp">
      <Filter>Resources</Filter>
    </None>
    <None Include="res\stat\minimizeup.bmp">
      <Filter>Resources</Filter>
    </None>
    <None Include="res\nocursor.cur">
      <Filter>Resources</Filter>
    </None>
    <None Include="res\stat\none.bmp">
      <Filter>Resources</Filter>
    </None>
    <None Include="res\stat\pindown.bmp">
      <Filter>Resources</Filter>
    </None>
    <None Include="res\stat\pinup.bmp">
      <Filter>Resources</Filter>
    </None>
    <None Include="res\quer.bmp">
      <Filter>Resources</Filter>
    </None>
    <None Include="Tango_l.bmp">
      <Filter>Resources</Filter>
    </None>
    <None Include="res\Tango_l.bmp">
      <Filter>Resources</Filter>
    </None>
    <None Include="res\Tango_lx.bmp">
      <Filter>Resources</Filter>
    </None>
    <None Include="Tango_lx.bmp">
      <Filter>Resources</Filter>
    </None>
    <None Include="Tango_s.bmp">
      <Filter>Resources</Filter>
    </None>
    <None Include="res\Tango_s.bmp">
      <Filter>Resources</Filter>
    </None>
    <None Include="Tango_sx.bmp">
      <Filter>Resources</Filter>
    </None>
    <None Include="res\Tango_sx.bmp">
      <Filter>Resources</Filter>
    </None>
    <None Include="res\toolbar1.bmp">
      <Filter>Resources</Filter>
    </None>
    <None Include="res\toollb_large.bmp">
      <Filter>Resources</Filter>
    </None>
    <None Include="res\toollb_largecolor.bmp">
      <Filter>Resources</Filter>
    </None>
    <None Include="res\toollb_largecolormx.bmp">
      <Filter>Resources</Filter>
    </None>
    <None Include="res\toollb_largemouseX.bmp">
      <Filter>Resources</Filter>
    </None>
    <None Include="res\toollb_small.bmp">
      <Filter>Resources</Filter>
    </None>
    <None Include="res\toollb_smallcolor.bmp">
      <Filter>Resources</Filter>
    </None>
    <None Include="res\toollb_smallcolormx.bmp">
      <Filter>Resources</Filter>
    </None>
    <None Include="res\toollb_smallmouseX.bmp">
      <Filter>Resources</Filter>
    </None>
    <None Include="res\ultra-logo.bmp">
      <Filter>Resources</Filter>
    </None>
    <None Include="res\vnc.bmp">
      <Filter>Resources</Filter>
    </None>
    <None Include="res\vnc32.BMP">
      <Filter>Resources</Filter>
    </None>
    <None Include="res\vnc64.BMP">
      <Filter>Resources</Filter>
    </None>
    <None Include="res\vncviewer.ico">
      <Filter>Resources</Filter>
    </None>
    <None Include="COPYING.txt" />
    <None Include="History.txt" />
    <None Include="LICENCE.txt" />
    <None Include="ToDo.txt" />
    <None Include="VTune\vncviewer.vpj" />
  </ItemGroup>
  <ItemGroup>
    <ClCompile Include="AboutBox.cpp">
      <Filter>sources</Filter>
    </ClCompile>
    <ClCompile Include="AccelKeys.cpp">
      <Filter>sources</Filter>
    </ClCompile>
    <ClCompile Include="AuthDialog.cpp">
      <Filter>sources</Filter>
    </ClCompile>
    <ClCompile Include="buildtime.cpp">
      <Filter>sources</Filter>
    </ClCompile>
    <ClCompile Include="ClientConnection.cpp">
      <Filter>sources</Filter>
    </ClCompile>
    <ClCompile Include="ClientConnectionCacheRect.cpp">
      <Filter>sources</Filter>
    </ClCompile>
    <ClCompile Include="ClientConnectionClipboard.cpp">
      <Filter>sources</Filter>
    </ClCompile>
    <ClCompile Include="ClientConnectionCopyRect.cpp">
      <Filter>sources</Filter>
    </ClCompile>
    <ClCompile Include="ClientConnectionCoRRE.cpp">
      <Filter>sources</Filter>
    </ClCompile>
    <ClCompile Include="ClientConnectionCursor.cpp">
      <Filter>sources</Filter>
    </ClCompile>
    <ClCompile Include="ClientConnectionFile.cpp">
      <Filter>sources</Filter>
    </ClCompile>
    <ClCompile Include="ClientConnectionZlibHex.cpp">
      <Filter>sources</Filter>
    </ClCompile>
    <ClCompile Include="ClientConnectionZlib.cpp">
      <Filter>sources</Filter>
    </ClCompile>
    <ClCompile Include="ClientConnectionUltra.cpp">
      <Filter>sources</Filter>
    </ClCompile>
    <ClCompile Include="ClientConnectionTight.cpp">
      <Filter>sources</Filter>
    </ClCompile>
    <ClCompile Include="ClientConnectionRRE.cpp">
      <Filter>sources</Filter>
    </ClCompile>
    <ClCompile Include="ClientConnectionRaw.cpp">
      <Filter>sources</Filter>
    </ClCompile>
    <ClCompile Include="ClientConnectionHextile.cpp">
      <Filter>sources</Filter>
    </ClCompile>
    <ClCompile Include="ClientConnectionFullScreen.cpp">
      <Filter>sources</Filter>
    </ClCompile>
    <ClCompile Include="..\common\Clipboard.cpp">
      <Filter>sources</Filter>
    </ClCompile>
    <ClCompile Include="d3des.c">
      <Filter>sources</Filter>
    </ClCompile>
    <ClCompile Include="Daemon.cpp">
      <Filter>sources</Filter>
    </ClCompile>
    <ClCompile Include="..\rfb\dh.cpp">
      <Filter>sources</Filter>
    </ClCompile>
    <ClCompile Include="FullScreenTitleBar.cpp">
      <Filter>sources</Filter>
    </ClCompile>
    <ClCompile Include="FileTransfer.cpp">
      <Filter>sources</Filter>
    </ClCompile>
    <ClCompile Include="Exception.cpp">
      <Filter>sources</Filter>
    </ClCompile>
    <ClCompile Include="..\DSMPlugin\DSMPlugin.cpp">
      <Filter>sources</Filter>
    </ClCompile>
    <ClCompile Include="KeyMap.cpp">
      <Filter>sources</Filter>
    </ClCompile>
    <ClCompile Include="KeyMapjap.cpp">
      <Filter>sources</Filter>
    </ClCompile>
    <ClCompile Include="Log.cpp">
      <Filter>sources</Filter>
    </ClCompile>
    <ClCompile Include="LowLevelHook.cpp">
      <Filter>sources</Filter>
    </ClCompile>
    <ClCompile Include="MessBox2.cpp">
      <Filter>sources</Filter>
    </ClCompile>
    <ClCompile Include="..\lzo\minilzo.c">
      <Filter>sources</Filter>
    </ClCompile>
    <ClCompile Include="MRU.cpp">
      <Filter>sources</Filter>
    </ClCompile>
    <ClCompile Include="SessionDialog.cpp">
      <Filter>sources</Filter>
    </ClCompile>
    <ClCompile Include="stdhdrs.cpp">
      <Filter>sources</Filter>
    </ClCompile>
    <ClCompile Include="TextChat.cpp">
      <Filter>sources</Filter>
    </ClCompile>
    <ClCompile Include="VNCOptions.cpp">
      <Filter>sources</Filter>
    </ClCompile>
    <ClCompile Include="vncviewer.cpp">
      <Filter>sources</Filter>
    </ClCompile>
    <ClCompile Include="VNCviewerApp.cpp">
      <Filter>sources</Filter>
    </ClCompile>
    <ClCompile Include="VNCviewerApp32.cpp">
      <Filter>sources</Filter>
    </ClCompile>
    <ClCompile Include="..\common\win32_helpers.cpp">
      <Filter>sources</Filter>
    </ClCompile>
    <ClCompile Include="..\ZipUnZip32\ZipUnzip32.cpp">
      <Filter>sources</Filter>
    </ClCompile>
    <ClCompile Include="zrle.cpp">
      <Filter>sources</Filter>
    </ClCompile>
    <ClCompile Include="vncauth.c">
      <Filter>sources</Filter>
    </ClCompile>
    <ClCompile Include="clientauthrfb38.cpp">
      <Filter>sources</Filter>
    </ClCompile>
  </ItemGroup>
  <ItemGroup>
    <ClInclude Include="AboutBox.h">
      <Filter>headers</Filter>
    </ClInclude>
    <ClInclude Include="AccelKeys.h">
      <Filter>headers</Filter>
    </ClInclude>
    <ClInclude Include="AuthDialog.h">
      <Filter>headers</Filter>
    </ClInclude>
    <ClInclude Include="ClientConnection.h">
      <Filter>headers</Filter>
    </ClInclude>
    <ClInclude Include="..\common\Clipboard.h">
      <Filter>headers</Filter>
    </ClInclude>
    <ClInclude Include="d3des.h">
      <Filter>headers</Filter>
    </ClInclude>
    <ClInclude Include="Daemon.h">
      <Filter>headers</Filter>
    </ClInclude>
    <ClInclude Include="..\rfb\dh.h">
      <Filter>headers</Filter>
    </ClInclude>
    <ClInclude Include="..\DSMPlugin\DSMPlugin.h">
      <Filter>headers</Filter>
    </ClInclude>
    <ClInclude Include="Exception.h">
      <Filter>headers</Filter>
    </ClInclude>
    <ClInclude Include="FileTransfer.h">
      <Filter>headers</Filter>
    </ClInclude>
    <ClInclude Include="FullScreenTitleBar.h">
      <Filter>headers</Filter>
    </ClInclude>
    <ClInclude Include="FullScreenTitleBarConst.h">
      <Filter>headers</Filter>
    </ClInclude>
    <ClInclude Include="KeyMap.h">
      <Filter>headers</Filter>
    </ClInclude>
    <ClInclude Include="KeyMapjap.h">
      <Filter>headers</Filter>
    </ClInclude>
    <ClInclude Include="keysymdef.h">
      <Filter>headers</Filter>
    </ClInclude>
    <ClInclude Include="keysymdefjap.h">
      <Filter>headers</Filter>
    </ClInclude>
    <ClInclude Include="Log.h">
      <Filter>headers</Filter>
    </ClInclude>
    <ClInclude Include="LowLevelHook.h">
      <Filter>headers</Filter>
    </ClInclude>
    <ClInclude Include="MRU.h">
      <Filter>headers</Filter>
    </ClInclude>
    <ClInclude Include="multimon.h">
      <Filter>headers</Filter>
    </ClInclude>
    <ClInclude Include="res\resource.h">
      <Filter>headers</Filter>
    </ClInclude>
    <ClInclude Include="rfb.h">
      <Filter>headers</Filter>
    </ClInclude>
    <ClInclude Include="SessionDialog.h">
      <Filter>headers</Filter>
    </ClInclude>
    <ClInclude Include="stdhdrs.h">
      <Filter>headers</Filter>
    </ClInclude>
    <ClInclude Include="..\ZipUnZip32\ZipUnZip32.h">
      <Filter>headers</Filter>
    </ClInclude>
    <ClInclude Include="..\common\win32_helpers.h">
      <Filter>headers</Filter>
    </ClInclude>
    <ClInclude Include="VNCviewerApp32.h">
      <Filter>headers</Filter>
    </ClInclude>
    <ClInclude Include="VNCviewerApp.h">
      <Filter>headers</Filter>
    </ClInclude>
    <ClInclude Include="vncviewer.h">
      <Filter>headers</Filter>
    </ClInclude>
    <ClInclude Include="VNCOptions.h">
      <Filter>headers</Filter>
    </ClInclude>
    <ClInclude Include="vncauth.h">
      <Filter>headers</Filter>
    </ClInclude>
    <ClInclude Include="TextChat.h">
      <Filter>headers</Filter>
    </ClInclude>
  </ItemGroup>
  <ItemGroup>
    <ResourceCompile Include="res\vncviewer.rc">
      <Filter>sources</Filter>
    </ResourceCompile>
  </ItemGroup>
</Project>