Microsoft Visual Studio Solution File, Format Version 8.00
Project("{8BC9CEB8-8B4A-11D0-8D11-00A0C91BC942}") = "appclient", "appclient.vcproj", "{4C848417-B545-468B-AA0C-44EE73BC7B9B}"
	ProjectSection(ProjectDependencies) = postProject
		{D84D100A-7C21-4CCB-B16E-0FB37137C16C} = {D84D100A-7C21-4CCB-B16E-0FB37137C16C}
	EndProjectSection
EndProject
Project("{8BC9CEB8-8B4A-11D0-8D11-00A0C91BC942}") = "appserver", "appserver.vcproj", "{1F726B88-8807-4E99-9982-CCE33198BEE8}"
	ProjectSection(ProjectDependencies) = postProject
		{D84D100A-7C21-4CCB-B16E-0FB37137C16C} = {D84D100A-7C21-4CCB-B16E-0FB37137C16C}
	EndProjectSection
EndProject
Project("{8BC9CEB8-8B4A-11D0-8D11-00A0C91BC942}") = "recvfile", "recvfile.vcproj", "{3D73B2C7-9C2A-4901-9714-03FFB9367644}"
	ProjectSection(ProjectDependencies) = postProject
		{D84D100A-7C21-4CCB-B16E-0FB37137C16C} = {D84D100A-7C21-4CCB-B16E-0FB37137C16C}
	EndProjectSection
EndProject
Project("{8BC9CEB8-8B4A-11D0-8D11-00A0C91BC942}") = "sendfile", "sendfile.vcproj", "{88AFBB12-0392-4210-A89C-E932BE3AB2E0}"
	ProjectSection(ProjectDependencies) = postProject
		{D84D100A-7C21-4CCB-B16E-0FB37137C16C} = {D84D100A-7C21-4CCB-B16E-0FB37137C16C}
	EndProjectSection
EndProject
Project("{8BC9CEB8-8B4A-11D0-8D11-00A0C91BC942}") = "udt", "udt.vcproj", "{D84D100A-7C21-4CCB-B16E-0FB37137C16C}"
	ProjectSection(ProjectDependencies) = postProject
	EndProjectSection
EndProject
Project("{8BC9CEB8-8B4A-11D0-8D11-00A0C91BC942}") = "test", "test.vcproj", "{C70F9A98-ECFF-4DC7-895D-0E41936BD1BA}"
	ProjectSection(ProjectDependencies) = postProject
	EndProjectSection
EndProject
Global
	GlobalSection(SolutionConfiguration) = preSolution
		Debug = Debug
		Release = Release
	EndGlobalSection
	GlobalSection(ProjectConfiguration) = postSolution
		{4C848417-B545-468B-AA0C-44EE73BC7B9B}.Debug.ActiveCfg = Debug|Win32
		{4C848417-B545-468B-AA0C-44EE73BC7B9B}.Debug.Build.0 = Debug|Win32
		{4C848417-B545-468B-AA0C-44EE73BC7B9B}.Release.ActiveCfg = Release|Win32
		{4C848417-B545-468B-AA0C-44EE73BC7B9B}.Release.Build.0 = Release|Win32
		{1F726B88-8807-4E99-9982-CCE33198BEE8}.Debug.ActiveCfg = Debug|Win32
		{1F726B88-8807-4E99-9982-CCE33198BEE8}.Debug.Build.0 = Debug|Win32
		{1F726B88-8807-4E99-9982-CCE33198BEE8}.Release.ActiveCfg = Release|Win32
		{1F726B88-8807-4E99-9982-CCE33198BEE8}.Release.Build.0 = Release|Win32
		{3D73B2C7-9C2A-4901-9714-03FFB9367644}.Debug.ActiveCfg = Debug|Win32
		{3D73B2C7-9C2A-4901-9714-03FFB9367644}.Debug.Build.0 = Debug|Win32
		{3D73B2C7-9C2A-4901-9714-03FFB9367644}.Release.ActiveCfg = Release|Win32
		{3D73B2C7-9C2A-4901-9714-03FFB9367644}.Release.Build.0 = Release|Win32
		{88AFBB12-0392-4210-A89C-E932BE3AB2E0}.Debug.ActiveCfg = Debug|Win32
		{88AFBB12-0392-4210-A89C-E932BE3AB2E0}.Debug.Build.0 = Debug|Win32
		{88AFBB12-0392-4210-A89C-E932BE3AB2E0}.Release.ActiveCfg = Release|Win32
		{88AFBB12-0392-4210-A89C-E932BE3AB2E0}.Release.Build.0 = Release|Win32
		{D84D100A-7C21-4CCB-B16E-0FB37137C16C}.Debug.ActiveCfg = Debug|Win32
		{D84D100A-7C21-4CCB-B16E-0FB37137C16C}.Debug.Build.0 = Debug|Win32
		{D84D100A-7C21-4CCB-B16E-0FB37137C16C}.Release.ActiveCfg = Release|Win32
		{D84D100A-7C21-4CCB-B16E-0FB37137C16C}.Release.Build.0 = Release|Win32
		{C70F9A98-ECFF-4DC7-895D-0E41936BD1BA}.Debug.ActiveCfg = Debug|Win32
		{C70F9A98-ECFF-4DC7-895D-0E41936BD1BA}.Debug.Build.0 = Debug|Win32
		{C70F9A98-ECFF-4DC7-895D-0E41936BD1BA}.Release.ActiveCfg = Release|Win32
		{C70F9A98-ECFF-4DC7-895D-0E41936BD1BA}.Release.Build.0 = Release|Win32
	EndGlobalSection
	GlobalSection(ExtensibilityGlobals) = postSolution
	EndGlobalSection
	GlobalSection(ExtensibilityAddIns) = postSolution
	EndGlobalSection
EndGlobal
