# // This file is part of UltraVNC
# // https://github.com/ultravnc/UltraVNC
# // https://uvnc.com/
# //
# // SPDX-License-Identifier: GPL-3.0-or-later
# //
# // SPDX-FileCopyrightText: Copyright (C) 2002-2025 UltraVNC Team Members. All Rights Reserved.
# // SPDX-FileCopyrightText: Copyright (C) 1999-2002 Vdacc-VNC & eSVNC Projects. All Rights Reserved.
# //


Microsoft Visual Studio Solution File, Format Version 12.00
# Visual Studio Version 16
VisualStudioVersion = 16.0.34601.136
MinimumVisualStudioVersion = 10.0.40219.1
Project("{8BC9CEB8-8B4A-11D0-8D11-00A0C91BC942}") = "logmessages", "logmessages.vcxproj", "{E543B602-5529-4B23-8D2A-3709857F5066}"
EndProject
Global
	GlobalSection(SolutionConfigurationPlatforms) = preSolution
		Debug|x64 = Debug|x64
		Debug|x86 = Debug|x86
		IPP|x64 = IPP|x64
		IPP|x86 = IPP|x86
		Release|x64 = Release|x64
		Release|x86 = Release|x86
	EndGlobalSection
	GlobalSection(ProjectConfigurationPlatforms) = postSolution
		{E543B602-5529-4B23-8D2A-3709857F5066}.Debug|x64.ActiveCfg = Debug|x64
		{E543B602-5529-4B23-8D2A-3709857F5066}.Debug|x64.Build.0 = Debug|x64
		{E543B602-5529-4B23-8D2A-3709857F5066}.Debug|x86.ActiveCfg = Debug|Win32
		{E543B602-5529-4B23-8D2A-3709857F5066}.Debug|x86.Build.0 = Debug|Win32
		{E543B602-5529-4B23-8D2A-3709857F5066}.IPP|x64.ActiveCfg = IPP|x64
		{E543B602-5529-4B23-8D2A-3709857F5066}.IPP|x64.Build.0 = IPP|x64
		{E543B602-5529-4B23-8D2A-3709857F5066}.IPP|x86.ActiveCfg = IPP|Win32
		{E543B602-5529-4B23-8D2A-3709857F5066}.IPP|x86.Build.0 = IPP|Win32
		{E543B602-5529-4B23-8D2A-3709857F5066}.Release|x64.ActiveCfg = Release|x64
		{E543B602-5529-4B23-8D2A-3709857F5066}.Release|x64.Build.0 = Release|x64
		{E543B602-5529-4B23-8D2A-3709857F5066}.Release|x86.ActiveCfg = Release|Win32
		{E543B602-5529-4B23-8D2A-3709857F5066}.Release|x86.Build.0 = Release|Win32
	EndGlobalSection
	GlobalSection(SolutionProperties) = preSolution
		HideSolutionNode = FALSE
	EndGlobalSection
	GlobalSection(ExtensibilityGlobals) = postSolution
		SolutionGuid = {ED734201-636D-46FF-8DDA-31D9F23EFC4B}
	EndGlobalSection
EndGlobal
