Microsoft Visual Studio Solution File, Format Version 12.00
# Visual Studio 2012
Project("{8BC9CEB8-8B4A-11D0-8D11-00A0C91BC942}") = "rdr", "..\rdr\rdrv11.vcxproj", "{F5244002-0FFF-4F19-A941-FCCE1861F132}"
EndProject
Project("{8BC9CEB8-8B4A-11D0-8D11-00A0C91BC942}") = "vnchooks", "vnchooks\vnchooksv11.vcxproj", "{1D18E045-6B72-43F4-ACBD-3E679A3DE349}"
EndProject
Project("{8BC9CEB8-8B4A-11D0-8D11-00A0C91BC942}") = "winvnc", "winvnc\winvncv11.vcxproj", "{C05AE605-1250-4F58-911B-EC99AE2C25AF}"
EndProject
Project("{8BC9CEB8-8B4A-11D0-8D11-00A0C91BC942}") = "avilog", "..\avilog\avilog\avilogv11.vcxproj", "{CD0D6EC9-D652-4D1B-B23B-18E1AC3AA683}"
EndProject
Project("{8BC9CEB8-8B4A-11D0-8D11-00A0C91BC942}") = "unz32lib", "..\zipunzip_src\unzip\windll\vc6\lib\unz32libv11.vcxproj", "{F9321962-FBED-4581-BF7D-D0EBC303D891}"
EndProject
Project("{8BC9CEB8-8B4A-11D0-8D11-00A0C91BC942}") = "zip32", "..\zipunzip_src\zip20\windll\visualc\lib\zip32v11.vcxproj", "{E8BA959F-B652-4BAB-9EA7-8E9FC8D7F39C}"
EndProject
Project("{8BC9CEB8-8B4A-11D0-8D11-00A0C91BC942}") = "libjpeg-turbo-win", "..\libjpeg-turbo-win\libjpeg-turbo-winv11.vcxproj", "{04F91FA4-2D94-4803-BA3B-B61FBEF0ABE3}"
EndProject
Project("{8BC9CEB8-8B4A-11D0-8D11-00A0C91BC942}") = "zlibstat", "..\zlib-1.2.11\contrib\vstudio\vc10\zlibstatv11.vcxproj", "{745DEC58-EBB3-47A9-A9B8-4C6627C01BF8}"
EndProject
Project("{8BC9CEB8-8B4A-11D0-8D11-00A0C91BC942}") = "setcad", "..\setcad\setcad\setcadv11.vcxproj", "{3F5AB9E4-C106-43E2-98D2-718292AD4A9A}"
EndProject
Project("{8BC9CEB8-8B4A-11D0-8D11-00A0C91BC942}") = "setpasswd", "..\setpasswd\setpasswd\setpasswdv11.vcxproj", "{7DDBFA32-44F6-44CA-BDBE-CF8B32EDC6B1}"
EndProject
Project("{8BC9CEB8-8B4A-11D0-8D11-00A0C91BC942}") = "authadmin", "..\addon\ms-logon\authadm\authadminv11.vcxproj", "{334467FD-E35E-4C3D-9410-69B2171C2BB2}"
EndProject
Project("{8BC9CEB8-8B4A-11D0-8D11-00A0C91BC942}") = "authSSP", "..\addon\ms-logon\authSSP\authSSPv11.vcxproj", "{2F5FBC3F-4CCD-4C26-9719-C9166D8B0C7D}"
EndProject
Project("{8BC9CEB8-8B4A-11D0-8D11-00A0C91BC942}") = "ldapauth", "..\addon\ms-logon\ldapauth\ldapauthv11.vcxproj", "{BC78A3C8-2280-42AB-BB6F-14FB674E2A0C}"
EndProject
Project("{8BC9CEB8-8B4A-11D0-8D11-00A0C91BC942}") = "ldapauth9x", "..\addon\ms-logon\ldapauth9x\ldapauth9xv11.vcxproj", "{CAA83204-EBF8-4369-B152-011EA957784C}"
EndProject
Project("{8BC9CEB8-8B4A-11D0-8D11-00A0C91BC942}") = "ldapauthnt4", "..\addon\ms-logon\ldapauthNT4\ldapauthnt4v11.vcxproj", "{31AC9E7D-64B7-4301-ADE2-5EFF15AA6BDE}"
EndProject
Project("{8BC9CEB8-8B4A-11D0-8D11-00A0C91BC942}") = "logging", "..\addon\ms-logon\logging\loggingv11.vcxproj", "{D50AEB07-5F5E-4401-9B50-C1660E693833}"
EndProject
Project("{8BC9CEB8-8B4A-11D0-8D11-00A0C91BC942}") = "MSLogonACL", "..\addon\ms-logon\MSLogonACL\MSLogonACLv11.vcxproj", "{F4E39BD7-C841-4F21-B40C-293D7E017EA1}"
EndProject
Project("{8BC9CEB8-8B4A-11D0-8D11-00A0C91BC942}") = "testauth", "..\addon\ms-logon\testauth\testauthv11.vcxproj", "{C05BE60B-FBDF-430F-B041-5089262E8FB5}"
EndProject
Project("{8BC9CEB8-8B4A-11D0-8D11-00A0C91BC942}") = "workgrpdomnt4", "..\addon\ms-logon\workgrpdomnt4\workgrpdomnt4v11.vcxproj", "{8D7757CB-5125-4633-AFB1-4B30ED24955F}"
EndProject
Project("{8BC9CEB8-8B4A-11D0-8D11-00A0C91BC942}") = "uvnc_settings", "..\uvnc_settings\uvnc_settings\uvnc_settingsv11.vcxproj", "{3B4D8565-E321-48B6-BF15-4EB7ADEC6BFC}"
EndProject
Project("{6141683F-8A12-4E36-9623-2EB02B2C2303}") = "Setup", "Setup\Setup.isproj", "{D0D91AC0-5A78-45E2-8442-5FDE88A0FF98}"
	ProjectSection(ProjectDependencies) = postProject
		{CAA83204-EBF8-4369-B152-011EA957784C} = {CAA83204-EBF8-4369-B152-011EA957784C}
		{C05AE605-1250-4F58-911B-EC99AE2C25AF} = {C05AE605-1250-4F58-911B-EC99AE2C25AF}
		{D50AEB07-5F5E-4401-9B50-C1660E693833} = {D50AEB07-5F5E-4401-9B50-C1660E693833}
		{C05BE60B-FBDF-430F-B041-5089262E8FB5} = {C05BE60B-FBDF-430F-B041-5089262E8FB5}
		{7DDBFA32-44F6-44CA-BDBE-CF8B32EDC6B1} = {7DDBFA32-44F6-44CA-BDBE-CF8B32EDC6B1}
		{2F5FBC3F-4CCD-4C26-9719-C9166D8B0C7D} = {2F5FBC3F-4CCD-4C26-9719-C9166D8B0C7D}
		{3B4D8565-E321-48B6-BF15-4EB7ADEC6BFC} = {3B4D8565-E321-48B6-BF15-4EB7ADEC6BFC}
		{31AC9E7D-64B7-4301-ADE2-5EFF15AA6BDE} = {31AC9E7D-64B7-4301-ADE2-5EFF15AA6BDE}
		{DD7B168B-30ED-686C-BB27-EDE3DA7446BC} = {DD7B168B-30ED-686C-BB27-EDE3DA7446BC}
		{BC78A3C8-2280-42AB-BB6F-14FB674E2A0C} = {BC78A3C8-2280-42AB-BB6F-14FB674E2A0C}
		{8D7757CB-5125-4633-AFB1-4B30ED24955F} = {8D7757CB-5125-4633-AFB1-4B30ED24955F}
		{F4E39BD7-C841-4F21-B40C-293D7E017EA1} = {F4E39BD7-C841-4F21-B40C-293D7E017EA1}
		{3F5AB9E4-C106-43E2-98D2-718292AD4A9A} = {3F5AB9E4-C106-43E2-98D2-718292AD4A9A}
		{334467FD-E35E-4C3D-9410-69B2171C2BB2} = {334467FD-E35E-4C3D-9410-69B2171C2BB2}
	EndProjectSection
EndProject
Project("{8BC9CEB8-8B4A-11D0-8D11-00A0C91BC942}") = "omnithread", "omnithread\omnithreadv11.vcxproj", "{E52B9956-FE67-47F7-BC4F-67CC5A64B708}"
EndProject
Project("{8BC9CEB8-8B4A-11D0-8D11-00A0C91BC942}") = "w8hook", "..\..\w8hook\w8hook\w8hook.vcxproj", "{DD7B168B-30ED-686C-BB27-EDE3DA7446BC}"
EndProject
Project("{8BC9CEB8-8B4A-11D0-8D11-00A0C91BC942}") = "SecureVNCPlugin", "..\..\..\SecureVNC\SecureVNCPlugin\SecureVNCPlugin.vcxproj", "{1CF11768-6A86-4C73-B27E-C5845C69B7C6}"
EndProject
Project("{8BC9CEB8-8B4A-11D0-8D11-00A0C91BC942}") = "SCHook", "..\..\schook\SCHook.vcxproj", "{615BBC95-8125-4FFD-B6D5-C7D851D72529}"
EndProject
Global
	GlobalSection(SolutionConfigurationPlatforms) = preSolution
		ASM Debug|Win32 = ASM Debug|Win32
		ASM Debug|x64 = ASM Debug|x64
		ASM Release|Win32 = ASM Release|Win32
		ASM Release|x64 = ASM Release|x64
		CD_ROM|Win32 = CD_ROM|Win32
		CD_ROM|x64 = CD_ROM|x64
		Debug|Win32 = Debug|Win32
		Debug|x64 = Debug|x64
		DVD-5|Win32 = DVD-5|Win32
		DVD-5|x64 = DVD-5|x64
		Http|Win32 = Http|Win32
		Http|x64 = Http|x64
		IPP|Win32 = IPP|Win32
		IPP|x64 = IPP|x64
		Release|Win32 = Release|Win32
		Release|x64 = Release|x64
		ReleaseWithoutAsm|Win32 = ReleaseWithoutAsm|Win32
		ReleaseWithoutAsm|x64 = ReleaseWithoutAsm|x64
		SingleImage|Win32 = SingleImage|Win32
		SingleImage|x64 = SingleImage|x64
	EndGlobalSection
	GlobalSection(ProjectConfigurationPlatforms) = postSolution
		{F5244002-0FFF-4F19-A941-FCCE1861F132}.ASM Debug|Win32.ActiveCfg = Debug|Win32
		{F5244002-0FFF-4F19-A941-FCCE1861F132}.ASM Debug|Win32.Build.0 = Debug|Win32
		{F5244002-0FFF-4F19-A941-FCCE1861F132}.ASM Debug|x64.ActiveCfg = Debug|x64
		{F5244002-0FFF-4F19-A941-FCCE1861F132}.ASM Debug|x64.Build.0 = Debug|x64
		{F5244002-0FFF-4F19-A941-FCCE1861F132}.ASM Release|Win32.ActiveCfg = Release|Win32
		{F5244002-0FFF-4F19-A941-FCCE1861F132}.ASM Release|Win32.Build.0 = Release|Win32
		{F5244002-0FFF-4F19-A941-FCCE1861F132}.ASM Release|x64.ActiveCfg = Release|x64
		{F5244002-0FFF-4F19-A941-FCCE1861F132}.ASM Release|x64.Build.0 = Release|x64
		{F5244002-0FFF-4F19-A941-FCCE1861F132}.CD_ROM|Win32.ActiveCfg = IPP|Win32
		{F5244002-0FFF-4F19-A941-FCCE1861F132}.CD_ROM|Win32.Build.0 = IPP|Win32
		{F5244002-0FFF-4F19-A941-FCCE1861F132}.CD_ROM|x64.ActiveCfg = IPP|x64
		{F5244002-0FFF-4F19-A941-FCCE1861F132}.CD_ROM|x64.Build.0 = IPP|x64
		{F5244002-0FFF-4F19-A941-FCCE1861F132}.Debug|Win32.ActiveCfg = Debug|Win32
		{F5244002-0FFF-4F19-A941-FCCE1861F132}.Debug|Win32.Build.0 = Debug|Win32
		{F5244002-0FFF-4F19-A941-FCCE1861F132}.Debug|x64.ActiveCfg = Debug|x64
		{F5244002-0FFF-4F19-A941-FCCE1861F132}.Debug|x64.Build.0 = Debug|x64
		{F5244002-0FFF-4F19-A941-FCCE1861F132}.DVD-5|Win32.ActiveCfg = Debug|Win32
		{F5244002-0FFF-4F19-A941-FCCE1861F132}.DVD-5|Win32.Build.0 = Debug|Win32
		{F5244002-0FFF-4F19-A941-FCCE1861F132}.DVD-5|x64.ActiveCfg = Debug|x64
		{F5244002-0FFF-4F19-A941-FCCE1861F132}.DVD-5|x64.Build.0 = Debug|x64
		{F5244002-0FFF-4F19-A941-FCCE1861F132}.Http|Win32.ActiveCfg = Debug|Win32
		{F5244002-0FFF-4F19-A941-FCCE1861F132}.Http|Win32.Build.0 = Debug|Win32
		{F5244002-0FFF-4F19-A941-FCCE1861F132}.Http|x64.ActiveCfg = Debug|x64
		{F5244002-0FFF-4F19-A941-FCCE1861F132}.Http|x64.Build.0 = Debug|x64
		{F5244002-0FFF-4F19-A941-FCCE1861F132}.IPP|Win32.ActiveCfg = IPP|Win32
		{F5244002-0FFF-4F19-A941-FCCE1861F132}.IPP|Win32.Build.0 = IPP|Win32
		{F5244002-0FFF-4F19-A941-FCCE1861F132}.IPP|x64.ActiveCfg = IPP|x64
		{F5244002-0FFF-4F19-A941-FCCE1861F132}.IPP|x64.Build.0 = IPP|x64
		{F5244002-0FFF-4F19-A941-FCCE1861F132}.Release|Win32.ActiveCfg = Release|Win32
		{F5244002-0FFF-4F19-A941-FCCE1861F132}.Release|Win32.Build.0 = Release|Win32
		{F5244002-0FFF-4F19-A941-FCCE1861F132}.Release|x64.ActiveCfg = Release|x64
		{F5244002-0FFF-4F19-A941-FCCE1861F132}.Release|x64.Build.0 = Release|x64
		{F5244002-0FFF-4F19-A941-FCCE1861F132}.ReleaseWithoutAsm|Win32.ActiveCfg = Release|x64
		{F5244002-0FFF-4F19-A941-FCCE1861F132}.ReleaseWithoutAsm|x64.ActiveCfg = Release|x64
		{F5244002-0FFF-4F19-A941-FCCE1861F132}.ReleaseWithoutAsm|x64.Build.0 = Release|x64
		{F5244002-0FFF-4F19-A941-FCCE1861F132}.SingleImage|Win32.ActiveCfg = IPP|Win32
		{F5244002-0FFF-4F19-A941-FCCE1861F132}.SingleImage|Win32.Build.0 = IPP|Win32
		{F5244002-0FFF-4F19-A941-FCCE1861F132}.SingleImage|x64.ActiveCfg = IPP|x64
		{F5244002-0FFF-4F19-A941-FCCE1861F132}.SingleImage|x64.Build.0 = IPP|x64
		{1D18E045-6B72-43F4-ACBD-3E679A3DE349}.ASM Debug|Win32.ActiveCfg = Debug|Win32
		{1D18E045-6B72-43F4-ACBD-3E679A3DE349}.ASM Debug|Win32.Build.0 = Debug|Win32
		{1D18E045-6B72-43F4-ACBD-3E679A3DE349}.ASM Debug|x64.ActiveCfg = Debug|x64
		{1D18E045-6B72-43F4-ACBD-3E679A3DE349}.ASM Debug|x64.Build.0 = Debug|x64
		{1D18E045-6B72-43F4-ACBD-3E679A3DE349}.ASM Release|Win32.ActiveCfg = Release|Win32
		{1D18E045-6B72-43F4-ACBD-3E679A3DE349}.ASM Release|Win32.Build.0 = Release|Win32
		{1D18E045-6B72-43F4-ACBD-3E679A3DE349}.ASM Release|x64.ActiveCfg = Release|x64
		{1D18E045-6B72-43F4-ACBD-3E679A3DE349}.ASM Release|x64.Build.0 = Release|x64
		{1D18E045-6B72-43F4-ACBD-3E679A3DE349}.CD_ROM|Win32.ActiveCfg = IPP|Win32
		{1D18E045-6B72-43F4-ACBD-3E679A3DE349}.CD_ROM|Win32.Build.0 = IPP|Win32
		{1D18E045-6B72-43F4-ACBD-3E679A3DE349}.CD_ROM|x64.ActiveCfg = IPP|x64
		{1D18E045-6B72-43F4-ACBD-3E679A3DE349}.CD_ROM|x64.Build.0 = IPP|x64
		{1D18E045-6B72-43F4-ACBD-3E679A3DE349}.Debug|Win32.ActiveCfg = Debug|Win32
		{1D18E045-6B72-43F4-ACBD-3E679A3DE349}.Debug|Win32.Build.0 = Debug|Win32
		{1D18E045-6B72-43F4-ACBD-3E679A3DE349}.Debug|x64.ActiveCfg = Debug|x64
		{1D18E045-6B72-43F4-ACBD-3E679A3DE349}.Debug|x64.Build.0 = Debug|x64
		{1D18E045-6B72-43F4-ACBD-3E679A3DE349}.DVD-5|Win32.ActiveCfg = Debug|Win32
		{1D18E045-6B72-43F4-ACBD-3E679A3DE349}.DVD-5|Win32.Build.0 = Debug|Win32
		{1D18E045-6B72-43F4-ACBD-3E679A3DE349}.DVD-5|x64.ActiveCfg = Debug|x64
		{1D18E045-6B72-43F4-ACBD-3E679A3DE349}.DVD-5|x64.Build.0 = Debug|x64
		{1D18E045-6B72-43F4-ACBD-3E679A3DE349}.Http|Win32.ActiveCfg = Release|Win32
		{1D18E045-6B72-43F4-ACBD-3E679A3DE349}.Http|Win32.Build.0 = Release|Win32
		{1D18E045-6B72-43F4-ACBD-3E679A3DE349}.Http|x64.ActiveCfg = Release|x64
		{1D18E045-6B72-43F4-ACBD-3E679A3DE349}.Http|x64.Build.0 = Release|x64
		{1D18E045-6B72-43F4-ACBD-3E679A3DE349}.IPP|Win32.ActiveCfg = IPP|Win32
		{1D18E045-6B72-43F4-ACBD-3E679A3DE349}.IPP|Win32.Build.0 = IPP|Win32
		{1D18E045-6B72-43F4-ACBD-3E679A3DE349}.IPP|x64.ActiveCfg = IPP|x64
		{1D18E045-6B72-43F4-ACBD-3E679A3DE349}.IPP|x64.Build.0 = IPP|x64
		{1D18E045-6B72-43F4-ACBD-3E679A3DE349}.Release|Win32.ActiveCfg = Release|Win32
		{1D18E045-6B72-43F4-ACBD-3E679A3DE349}.Release|Win32.Build.0 = Release|Win32
		{1D18E045-6B72-43F4-ACBD-3E679A3DE349}.Release|x64.ActiveCfg = Release|x64
		{1D18E045-6B72-43F4-ACBD-3E679A3DE349}.Release|x64.Build.0 = Release|x64
		{1D18E045-6B72-43F4-ACBD-3E679A3DE349}.ReleaseWithoutAsm|Win32.ActiveCfg = Release|x64
		{1D18E045-6B72-43F4-ACBD-3E679A3DE349}.ReleaseWithoutAsm|x64.ActiveCfg = Release|x64
		{1D18E045-6B72-43F4-ACBD-3E679A3DE349}.ReleaseWithoutAsm|x64.Build.0 = Release|x64
		{1D18E045-6B72-43F4-ACBD-3E679A3DE349}.SingleImage|Win32.ActiveCfg = IPP|Win32
		{1D18E045-6B72-43F4-ACBD-3E679A3DE349}.SingleImage|Win32.Build.0 = IPP|Win32
		{1D18E045-6B72-43F4-ACBD-3E679A3DE349}.SingleImage|x64.ActiveCfg = IPP|x64
		{1D18E045-6B72-43F4-ACBD-3E679A3DE349}.SingleImage|x64.Build.0 = IPP|x64
		{C05AE605-1250-4F58-911B-EC99AE2C25AF}.ASM Debug|Win32.ActiveCfg = Debug|Win32
		{C05AE605-1250-4F58-911B-EC99AE2C25AF}.ASM Debug|Win32.Build.0 = Debug|Win32
		{C05AE605-1250-4F58-911B-EC99AE2C25AF}.ASM Debug|x64.ActiveCfg = Debug|x64
		{C05AE605-1250-4F58-911B-EC99AE2C25AF}.ASM Debug|x64.Build.0 = Debug|x64
		{C05AE605-1250-4F58-911B-EC99AE2C25AF}.ASM Release|Win32.ActiveCfg = Release|Win32
		{C05AE605-1250-4F58-911B-EC99AE2C25AF}.ASM Release|Win32.Build.0 = Release|Win32
		{C05AE605-1250-4F58-911B-EC99AE2C25AF}.ASM Release|x64.ActiveCfg = Release|x64
		{C05AE605-1250-4F58-911B-EC99AE2C25AF}.ASM Release|x64.Build.0 = Release|x64
		{C05AE605-1250-4F58-911B-EC99AE2C25AF}.CD_ROM|Win32.ActiveCfg = IPP|Win32
		{C05AE605-1250-4F58-911B-EC99AE2C25AF}.CD_ROM|Win32.Build.0 = IPP|Win32
		{C05AE605-1250-4F58-911B-EC99AE2C25AF}.CD_ROM|x64.ActiveCfg = IPP|x64
		{C05AE605-1250-4F58-911B-EC99AE2C25AF}.CD_ROM|x64.Build.0 = IPP|x64
		{C05AE605-1250-4F58-911B-EC99AE2C25AF}.Debug|Win32.ActiveCfg = Debug|Win32
		{C05AE605-1250-4F58-911B-EC99AE2C25AF}.Debug|Win32.Build.0 = Debug|Win32
		{C05AE605-1250-4F58-911B-EC99AE2C25AF}.Debug|x64.ActiveCfg = Debug|x64
		{C05AE605-1250-4F58-911B-EC99AE2C25AF}.Debug|x64.Build.0 = Debug|x64
		{C05AE605-1250-4F58-911B-EC99AE2C25AF}.DVD-5|Win32.ActiveCfg = Debug|Win32
		{C05AE605-1250-4F58-911B-EC99AE2C25AF}.DVD-5|Win32.Build.0 = Debug|Win32
		{C05AE605-1250-4F58-911B-EC99AE2C25AF}.DVD-5|x64.ActiveCfg = Debug|x64
		{C05AE605-1250-4F58-911B-EC99AE2C25AF}.DVD-5|x64.Build.0 = Debug|x64
		{C05AE605-1250-4F58-911B-EC99AE2C25AF}.Http|Win32.ActiveCfg = Release|Win32
		{C05AE605-1250-4F58-911B-EC99AE2C25AF}.Http|Win32.Build.0 = Release|Win32
		{C05AE605-1250-4F58-911B-EC99AE2C25AF}.Http|x64.ActiveCfg = Release|x64
		{C05AE605-1250-4F58-911B-EC99AE2C25AF}.Http|x64.Build.0 = Release|x64
		{C05AE605-1250-4F58-911B-EC99AE2C25AF}.IPP|Win32.ActiveCfg = IPP|Win32
		{C05AE605-1250-4F58-911B-EC99AE2C25AF}.IPP|Win32.Build.0 = IPP|Win32
		{C05AE605-1250-4F58-911B-EC99AE2C25AF}.IPP|x64.ActiveCfg = IPP|x64
		{C05AE605-1250-4F58-911B-EC99AE2C25AF}.IPP|x64.Build.0 = IPP|x64
		{C05AE605-1250-4F58-911B-EC99AE2C25AF}.Release|Win32.ActiveCfg = Release|Win32
		{C05AE605-1250-4F58-911B-EC99AE2C25AF}.Release|Win32.Build.0 = Release|Win32
		{C05AE605-1250-4F58-911B-EC99AE2C25AF}.Release|x64.ActiveCfg = Release|x64
		{C05AE605-1250-4F58-911B-EC99AE2C25AF}.Release|x64.Build.0 = Release|x64
		{C05AE605-1250-4F58-911B-EC99AE2C25AF}.ReleaseWithoutAsm|Win32.ActiveCfg = Release|x64
		{C05AE605-1250-4F58-911B-EC99AE2C25AF}.ReleaseWithoutAsm|x64.ActiveCfg = Release|x64
		{C05AE605-1250-4F58-911B-EC99AE2C25AF}.ReleaseWithoutAsm|x64.Build.0 = Release|x64
		{C05AE605-1250-4F58-911B-EC99AE2C25AF}.SingleImage|Win32.ActiveCfg = IPP|Win32
		{C05AE605-1250-4F58-911B-EC99AE2C25AF}.SingleImage|Win32.Build.0 = IPP|Win32
		{C05AE605-1250-4F58-911B-EC99AE2C25AF}.SingleImage|x64.ActiveCfg = IPP|x64
		{C05AE605-1250-4F58-911B-EC99AE2C25AF}.SingleImage|x64.Build.0 = IPP|x64
		{CD0D6EC9-D652-4D1B-B23B-18E1AC3AA683}.ASM Debug|Win32.ActiveCfg = Debug|Win32
		{CD0D6EC9-D652-4D1B-B23B-18E1AC3AA683}.ASM Debug|Win32.Build.0 = Debug|Win32
		{CD0D6EC9-D652-4D1B-B23B-18E1AC3AA683}.ASM Debug|x64.ActiveCfg = Debug|Win32
		{CD0D6EC9-D652-4D1B-B23B-18E1AC3AA683}.ASM Release|Win32.ActiveCfg = Release|Win32
		{CD0D6EC9-D652-4D1B-B23B-18E1AC3AA683}.ASM Release|Win32.Build.0 = Release|Win32
		{CD0D6EC9-D652-4D1B-B23B-18E1AC3AA683}.ASM Release|x64.ActiveCfg = Release|Win32
		{CD0D6EC9-D652-4D1B-B23B-18E1AC3AA683}.CD_ROM|Win32.ActiveCfg = Release|Win32
		{CD0D6EC9-D652-4D1B-B23B-18E1AC3AA683}.CD_ROM|Win32.Build.0 = Release|Win32
		{CD0D6EC9-D652-4D1B-B23B-18E1AC3AA683}.CD_ROM|x64.ActiveCfg = Release|x64
		{CD0D6EC9-D652-4D1B-B23B-18E1AC3AA683}.CD_ROM|x64.Build.0 = Release|x64
		{CD0D6EC9-D652-4D1B-B23B-18E1AC3AA683}.Debug|Win32.ActiveCfg = Debug|Win32
		{CD0D6EC9-D652-4D1B-B23B-18E1AC3AA683}.Debug|Win32.Build.0 = Debug|Win32
		{CD0D6EC9-D652-4D1B-B23B-18E1AC3AA683}.Debug|x64.ActiveCfg = Debug|x64
		{CD0D6EC9-D652-4D1B-B23B-18E1AC3AA683}.DVD-5|Win32.ActiveCfg = Debug|Win32
		{CD0D6EC9-D652-4D1B-B23B-18E1AC3AA683}.DVD-5|Win32.Build.0 = Debug|Win32
		{CD0D6EC9-D652-4D1B-B23B-18E1AC3AA683}.DVD-5|x64.ActiveCfg = Debug|x64
		{CD0D6EC9-D652-4D1B-B23B-18E1AC3AA683}.DVD-5|x64.Build.0 = Debug|x64
		{CD0D6EC9-D652-4D1B-B23B-18E1AC3AA683}.Http|Win32.ActiveCfg = Release|Win32
		{CD0D6EC9-D652-4D1B-B23B-18E1AC3AA683}.Http|Win32.Build.0 = Release|Win32
		{CD0D6EC9-D652-4D1B-B23B-18E1AC3AA683}.Http|x64.ActiveCfg = Release|Win32
		{CD0D6EC9-D652-4D1B-B23B-18E1AC3AA683}.IPP|Win32.ActiveCfg = Release|Win32
		{CD0D6EC9-D652-4D1B-B23B-18E1AC3AA683}.IPP|Win32.Build.0 = Release|Win32
		{CD0D6EC9-D652-4D1B-B23B-18E1AC3AA683}.IPP|x64.ActiveCfg = Release|Win32
		{CD0D6EC9-D652-4D1B-B23B-18E1AC3AA683}.Release|Win32.ActiveCfg = Release|Win32
		{CD0D6EC9-D652-4D1B-B23B-18E1AC3AA683}.Release|Win32.Build.0 = Release|Win32
		{CD0D6EC9-D652-4D1B-B23B-18E1AC3AA683}.Release|x64.ActiveCfg = Release|x64
		{CD0D6EC9-D652-4D1B-B23B-18E1AC3AA683}.Release|x64.Build.0 = Release|x64
		{CD0D6EC9-D652-4D1B-B23B-18E1AC3AA683}.ReleaseWithoutAsm|Win32.ActiveCfg = Release|x64
		{CD0D6EC9-D652-4D1B-B23B-18E1AC3AA683}.ReleaseWithoutAsm|x64.ActiveCfg = Release|x64
		{CD0D6EC9-D652-4D1B-B23B-18E1AC3AA683}.ReleaseWithoutAsm|x64.Build.0 = Release|x64
		{CD0D6EC9-D652-4D1B-B23B-18E1AC3AA683}.SingleImage|Win32.ActiveCfg = Release|Win32
		{CD0D6EC9-D652-4D1B-B23B-18E1AC3AA683}.SingleImage|Win32.Build.0 = Release|Win32
		{CD0D6EC9-D652-4D1B-B23B-18E1AC3AA683}.SingleImage|x64.ActiveCfg = Release|x64
		{CD0D6EC9-D652-4D1B-B23B-18E1AC3AA683}.SingleImage|x64.Build.0 = Release|x64
		{F9321962-FBED-4581-BF7D-D0EBC303D891}.ASM Debug|Win32.ActiveCfg = ASM Debug|Win32
		{F9321962-FBED-4581-BF7D-D0EBC303D891}.ASM Debug|Win32.Build.0 = ASM Debug|Win32
		{F9321962-FBED-4581-BF7D-D0EBC303D891}.ASM Debug|x64.ActiveCfg = ASM Debug|Win32
		{F9321962-FBED-4581-BF7D-D0EBC303D891}.ASM Release|Win32.ActiveCfg = ASM Release|Win32
		{F9321962-FBED-4581-BF7D-D0EBC303D891}.ASM Release|Win32.Build.0 = ASM Release|Win32
		{F9321962-FBED-4581-BF7D-D0EBC303D891}.ASM Release|x64.ActiveCfg = ASM Release|Win32
		{F9321962-FBED-4581-BF7D-D0EBC303D891}.CD_ROM|Win32.ActiveCfg = Release|Win32
		{F9321962-FBED-4581-BF7D-D0EBC303D891}.CD_ROM|Win32.Build.0 = Release|Win32
		{F9321962-FBED-4581-BF7D-D0EBC303D891}.CD_ROM|x64.ActiveCfg = ASM Debug|x64
		{F9321962-FBED-4581-BF7D-D0EBC303D891}.CD_ROM|x64.Build.0 = ASM Debug|x64
		{F9321962-FBED-4581-BF7D-D0EBC303D891}.Debug|Win32.ActiveCfg = Debug|Win32
		{F9321962-FBED-4581-BF7D-D0EBC303D891}.Debug|Win32.Build.0 = Debug|Win32
		{F9321962-FBED-4581-BF7D-D0EBC303D891}.Debug|x64.ActiveCfg = Debug|x64
		{F9321962-FBED-4581-BF7D-D0EBC303D891}.Debug|x64.Build.0 = Debug|x64
		{F9321962-FBED-4581-BF7D-D0EBC303D891}.DVD-5|Win32.ActiveCfg = Debug|Win32
		{F9321962-FBED-4581-BF7D-D0EBC303D891}.DVD-5|Win32.Build.0 = Debug|Win32
		{F9321962-FBED-4581-BF7D-D0EBC303D891}.DVD-5|x64.ActiveCfg = Debug|x64
		{F9321962-FBED-4581-BF7D-D0EBC303D891}.DVD-5|x64.Build.0 = Debug|x64
		{F9321962-FBED-4581-BF7D-D0EBC303D891}.Http|Win32.ActiveCfg = Release|Win32
		{F9321962-FBED-4581-BF7D-D0EBC303D891}.Http|Win32.Build.0 = Release|Win32
		{F9321962-FBED-4581-BF7D-D0EBC303D891}.Http|x64.ActiveCfg = Release|Win32
		{F9321962-FBED-4581-BF7D-D0EBC303D891}.IPP|Win32.ActiveCfg = Release|Win32
		{F9321962-FBED-4581-BF7D-D0EBC303D891}.IPP|Win32.Build.0 = Release|Win32
		{F9321962-FBED-4581-BF7D-D0EBC303D891}.IPP|x64.ActiveCfg = Release|Win32
		{F9321962-FBED-4581-BF7D-D0EBC303D891}.Release|Win32.ActiveCfg = Release|Win32
		{F9321962-FBED-4581-BF7D-D0EBC303D891}.Release|Win32.Build.0 = Release|Win32
		{F9321962-FBED-4581-BF7D-D0EBC303D891}.Release|x64.ActiveCfg = Release|x64
		{F9321962-FBED-4581-BF7D-D0EBC303D891}.Release|x64.Build.0 = Release|x64
		{F9321962-FBED-4581-BF7D-D0EBC303D891}.ReleaseWithoutAsm|Win32.ActiveCfg = Release|x64
		{F9321962-FBED-4581-BF7D-D0EBC303D891}.ReleaseWithoutAsm|x64.ActiveCfg = Release|x64
		{F9321962-FBED-4581-BF7D-D0EBC303D891}.ReleaseWithoutAsm|x64.Build.0 = Release|x64
		{F9321962-FBED-4581-BF7D-D0EBC303D891}.SingleImage|Win32.ActiveCfg = Release|Win32
		{F9321962-FBED-4581-BF7D-D0EBC303D891}.SingleImage|Win32.Build.0 = Release|Win32
		{F9321962-FBED-4581-BF7D-D0EBC303D891}.SingleImage|x64.ActiveCfg = ASM Debug|x64
		{F9321962-FBED-4581-BF7D-D0EBC303D891}.SingleImage|x64.Build.0 = ASM Debug|x64
		{E8BA959F-B652-4BAB-9EA7-8E9FC8D7F39C}.ASM Debug|Win32.ActiveCfg = Debug|Win32
		{E8BA959F-B652-4BAB-9EA7-8E9FC8D7F39C}.ASM Debug|Win32.Build.0 = Debug|Win32
		{E8BA959F-B652-4BAB-9EA7-8E9FC8D7F39C}.ASM Debug|x64.ActiveCfg = Debug|Win32
		{E8BA959F-B652-4BAB-9EA7-8E9FC8D7F39C}.ASM Release|Win32.ActiveCfg = Release|Win32
		{E8BA959F-B652-4BAB-9EA7-8E9FC8D7F39C}.ASM Release|Win32.Build.0 = Release|Win32
		{E8BA959F-B652-4BAB-9EA7-8E9FC8D7F39C}.ASM Release|x64.ActiveCfg = Release|Win32
		{E8BA959F-B652-4BAB-9EA7-8E9FC8D7F39C}.CD_ROM|Win32.ActiveCfg = Release|Win32
		{E8BA959F-B652-4BAB-9EA7-8E9FC8D7F39C}.CD_ROM|Win32.Build.0 = Release|Win32
		{E8BA959F-B652-4BAB-9EA7-8E9FC8D7F39C}.CD_ROM|x64.ActiveCfg = Release|x64
		{E8BA959F-B652-4BAB-9EA7-8E9FC8D7F39C}.CD_ROM|x64.Build.0 = Release|x64
		{E8BA959F-B652-4BAB-9EA7-8E9FC8D7F39C}.Debug|Win32.ActiveCfg = Debug|Win32
		{E8BA959F-B652-4BAB-9EA7-8E9FC8D7F39C}.Debug|Win32.Build.0 = Debug|Win32
		{E8BA959F-B652-4BAB-9EA7-8E9FC8D7F39C}.Debug|x64.ActiveCfg = Debug|x64
		{E8BA959F-B652-4BAB-9EA7-8E9FC8D7F39C}.Debug|x64.Build.0 = Debug|x64
		{E8BA959F-B652-4BAB-9EA7-8E9FC8D7F39C}.DVD-5|Win32.ActiveCfg = Debug|Win32
		{E8BA959F-B652-4BAB-9EA7-8E9FC8D7F39C}.DVD-5|Win32.Build.0 = Debug|Win32
		{E8BA959F-B652-4BAB-9EA7-8E9FC8D7F39C}.DVD-5|x64.ActiveCfg = Debug|x64
		{E8BA959F-B652-4BAB-9EA7-8E9FC8D7F39C}.DVD-5|x64.Build.0 = Debug|x64
		{E8BA959F-B652-4BAB-9EA7-8E9FC8D7F39C}.Http|Win32.ActiveCfg = Release|Win32
		{E8BA959F-B652-4BAB-9EA7-8E9FC8D7F39C}.Http|Win32.Build.0 = Release|Win32
		{E8BA959F-B652-4BAB-9EA7-8E9FC8D7F39C}.Http|x64.ActiveCfg = Release|Win32
		{E8BA959F-B652-4BAB-9EA7-8E9FC8D7F39C}.IPP|Win32.ActiveCfg = Release|Win32
		{E8BA959F-B652-4BAB-9EA7-8E9FC8D7F39C}.IPP|Win32.Build.0 = Release|Win32
		{E8BA959F-B652-4BAB-9EA7-8E9FC8D7F39C}.IPP|x64.ActiveCfg = Release|Win32
		{E8BA959F-B652-4BAB-9EA7-8E9FC8D7F39C}.Release|Win32.ActiveCfg = Release|Win32
		{E8BA959F-B652-4BAB-9EA7-8E9FC8D7F39C}.Release|Win32.Build.0 = Release|Win32
		{E8BA959F-B652-4BAB-9EA7-8E9FC8D7F39C}.Release|x64.ActiveCfg = Release|x64
		{E8BA959F-B652-4BAB-9EA7-8E9FC8D7F39C}.Release|x64.Build.0 = Release|x64
		{E8BA959F-B652-4BAB-9EA7-8E9FC8D7F39C}.ReleaseWithoutAsm|Win32.ActiveCfg = Release|x64
		{E8BA959F-B652-4BAB-9EA7-8E9FC8D7F39C}.ReleaseWithoutAsm|x64.ActiveCfg = Release|x64
		{E8BA959F-B652-4BAB-9EA7-8E9FC8D7F39C}.ReleaseWithoutAsm|x64.Build.0 = Release|x64
		{E8BA959F-B652-4BAB-9EA7-8E9FC8D7F39C}.SingleImage|Win32.ActiveCfg = Release|Win32
		{E8BA959F-B652-4BAB-9EA7-8E9FC8D7F39C}.SingleImage|Win32.Build.0 = Release|Win32
		{E8BA959F-B652-4BAB-9EA7-8E9FC8D7F39C}.SingleImage|x64.ActiveCfg = Release|x64
		{E8BA959F-B652-4BAB-9EA7-8E9FC8D7F39C}.SingleImage|x64.Build.0 = Release|x64
		{04F91FA4-2D94-4803-BA3B-B61FBEF0ABE3}.ASM Debug|Win32.ActiveCfg = Debug|Win32
		{04F91FA4-2D94-4803-BA3B-B61FBEF0ABE3}.ASM Debug|Win32.Build.0 = Debug|Win32
		{04F91FA4-2D94-4803-BA3B-B61FBEF0ABE3}.ASM Debug|x64.ActiveCfg = Debug|x64
		{04F91FA4-2D94-4803-BA3B-B61FBEF0ABE3}.ASM Debug|x64.Build.0 = Debug|x64
		{04F91FA4-2D94-4803-BA3B-B61FBEF0ABE3}.ASM Release|Win32.ActiveCfg = Release|Win32
		{04F91FA4-2D94-4803-BA3B-B61FBEF0ABE3}.ASM Release|Win32.Build.0 = Release|Win32
		{04F91FA4-2D94-4803-BA3B-B61FBEF0ABE3}.ASM Release|x64.ActiveCfg = Release|x64
		{04F91FA4-2D94-4803-BA3B-B61FBEF0ABE3}.ASM Release|x64.Build.0 = Release|x64
		{04F91FA4-2D94-4803-BA3B-B61FBEF0ABE3}.CD_ROM|Win32.ActiveCfg = Release|Win32
		{04F91FA4-2D94-4803-BA3B-B61FBEF0ABE3}.CD_ROM|Win32.Build.0 = Release|Win32
		{04F91FA4-2D94-4803-BA3B-B61FBEF0ABE3}.CD_ROM|x64.ActiveCfg = Release|x64
		{04F91FA4-2D94-4803-BA3B-B61FBEF0ABE3}.CD_ROM|x64.Build.0 = Release|x64
		{04F91FA4-2D94-4803-BA3B-B61FBEF0ABE3}.Debug|Win32.ActiveCfg = Debug|Win32
		{04F91FA4-2D94-4803-BA3B-B61FBEF0ABE3}.Debug|Win32.Build.0 = Debug|Win32
		{04F91FA4-2D94-4803-BA3B-B61FBEF0ABE3}.Debug|x64.ActiveCfg = Debug|x64
		{04F91FA4-2D94-4803-BA3B-B61FBEF0ABE3}.Debug|x64.Build.0 = Debug|x64
		{04F91FA4-2D94-4803-BA3B-B61FBEF0ABE3}.DVD-5|Win32.ActiveCfg = Debug|Win32
		{04F91FA4-2D94-4803-BA3B-B61FBEF0ABE3}.DVD-5|Win32.Build.0 = Debug|Win32
		{04F91FA4-2D94-4803-BA3B-B61FBEF0ABE3}.DVD-5|x64.ActiveCfg = Debug|x64
		{04F91FA4-2D94-4803-BA3B-B61FBEF0ABE3}.DVD-5|x64.Build.0 = Debug|x64
		{04F91FA4-2D94-4803-BA3B-B61FBEF0ABE3}.Http|Win32.ActiveCfg = Release|x64
		{04F91FA4-2D94-4803-BA3B-B61FBEF0ABE3}.Http|x64.ActiveCfg = Release|x64
		{04F91FA4-2D94-4803-BA3B-B61FBEF0ABE3}.Http|x64.Build.0 = Release|x64
		{04F91FA4-2D94-4803-BA3B-B61FBEF0ABE3}.IPP|Win32.ActiveCfg = Release|x64
		{04F91FA4-2D94-4803-BA3B-B61FBEF0ABE3}.IPP|x64.ActiveCfg = Release|x64
		{04F91FA4-2D94-4803-BA3B-B61FBEF0ABE3}.IPP|x64.Build.0 = Release|x64
		{04F91FA4-2D94-4803-BA3B-B61FBEF0ABE3}.Release|Win32.ActiveCfg = Release|Win32
		{04F91FA4-2D94-4803-BA3B-B61FBEF0ABE3}.Release|Win32.Build.0 = Release|Win32
		{04F91FA4-2D94-4803-BA3B-B61FBEF0ABE3}.Release|x64.ActiveCfg = Release|x64
		{04F91FA4-2D94-4803-BA3B-B61FBEF0ABE3}.Release|x64.Build.0 = Release|x64
		{04F91FA4-2D94-4803-BA3B-B61FBEF0ABE3}.ReleaseWithoutAsm|Win32.ActiveCfg = Release|x64
		{04F91FA4-2D94-4803-BA3B-B61FBEF0ABE3}.ReleaseWithoutAsm|x64.ActiveCfg = Release|x64
		{04F91FA4-2D94-4803-BA3B-B61FBEF0ABE3}.ReleaseWithoutAsm|x64.Build.0 = Release|x64
		{04F91FA4-2D94-4803-BA3B-B61FBEF0ABE3}.SingleImage|Win32.ActiveCfg = Release|Win32
		{04F91FA4-2D94-4803-BA3B-B61FBEF0ABE3}.SingleImage|Win32.Build.0 = Release|Win32
		{04F91FA4-2D94-4803-BA3B-B61FBEF0ABE3}.SingleImage|x64.ActiveCfg = Release|x64
		{04F91FA4-2D94-4803-BA3B-B61FBEF0ABE3}.SingleImage|x64.Build.0 = Release|x64
		{745DEC58-EBB3-47A9-A9B8-4C6627C01BF8}.ASM Debug|Win32.ActiveCfg = Debug|Win32
		{745DEC58-EBB3-47A9-A9B8-4C6627C01BF8}.ASM Debug|Win32.Build.0 = Debug|Win32
		{745DEC58-EBB3-47A9-A9B8-4C6627C01BF8}.ASM Debug|x64.ActiveCfg = Debug|x64
		{745DEC58-EBB3-47A9-A9B8-4C6627C01BF8}.ASM Debug|x64.Build.0 = Debug|x64
		{745DEC58-EBB3-47A9-A9B8-4C6627C01BF8}.ASM Release|Win32.ActiveCfg = Release|Win32
		{745DEC58-EBB3-47A9-A9B8-4C6627C01BF8}.ASM Release|Win32.Build.0 = Release|Win32
		{745DEC58-EBB3-47A9-A9B8-4C6627C01BF8}.ASM Release|x64.ActiveCfg = Release|x64
		{745DEC58-EBB3-47A9-A9B8-4C6627C01BF8}.ASM Release|x64.Build.0 = Release|x64
		{745DEC58-EBB3-47A9-A9B8-4C6627C01BF8}.CD_ROM|Win32.ActiveCfg = ReleaseWithoutAsm|Win32
		{745DEC58-EBB3-47A9-A9B8-4C6627C01BF8}.CD_ROM|Win32.Build.0 = ReleaseWithoutAsm|Win32
		{745DEC58-EBB3-47A9-A9B8-4C6627C01BF8}.CD_ROM|x64.ActiveCfg = ReleaseWithoutAsm|x64
		{745DEC58-EBB3-47A9-A9B8-4C6627C01BF8}.CD_ROM|x64.Build.0 = ReleaseWithoutAsm|x64
		{745DEC58-EBB3-47A9-A9B8-4C6627C01BF8}.Debug|Win32.ActiveCfg = Debug|Win32
		{745DEC58-EBB3-47A9-A9B8-4C6627C01BF8}.Debug|Win32.Build.0 = Debug|Win32
		{745DEC58-EBB3-47A9-A9B8-4C6627C01BF8}.Debug|x64.ActiveCfg = Debug|x64
		{745DEC58-EBB3-47A9-A9B8-4C6627C01BF8}.Debug|x64.Build.0 = Debug|x64
		{745DEC58-EBB3-47A9-A9B8-4C6627C01BF8}.DVD-5|Win32.ActiveCfg = Debug|Win32
		{745DEC58-EBB3-47A9-A9B8-4C6627C01BF8}.DVD-5|Win32.Build.0 = Debug|Win32
		{745DEC58-EBB3-47A9-A9B8-4C6627C01BF8}.DVD-5|x64.ActiveCfg = Debug|x64
		{745DEC58-EBB3-47A9-A9B8-4C6627C01BF8}.DVD-5|x64.Build.0 = Debug|x64
		{745DEC58-EBB3-47A9-A9B8-4C6627C01BF8}.Http|Win32.ActiveCfg = Release|x64
		{745DEC58-EBB3-47A9-A9B8-4C6627C01BF8}.Http|x64.ActiveCfg = Release|x64
		{745DEC58-EBB3-47A9-A9B8-4C6627C01BF8}.Http|x64.Build.0 = Release|x64
		{745DEC58-EBB3-47A9-A9B8-4C6627C01BF8}.IPP|Win32.ActiveCfg = Release|x64
		{745DEC58-EBB3-47A9-A9B8-4C6627C01BF8}.IPP|x64.ActiveCfg = Release|x64
		{745DEC58-EBB3-47A9-A9B8-4C6627C01BF8}.IPP|x64.Build.0 = Release|x64
		{745DEC58-EBB3-47A9-A9B8-4C6627C01BF8}.Release|Win32.ActiveCfg = Release|Win32
		{745DEC58-EBB3-47A9-A9B8-4C6627C01BF8}.Release|Win32.Build.0 = Release|Win32
		{745DEC58-EBB3-47A9-A9B8-4C6627C01BF8}.Release|x64.ActiveCfg = Release|x64
		{745DEC58-EBB3-47A9-A9B8-4C6627C01BF8}.Release|x64.Build.0 = Release|x64
		{745DEC58-EBB3-47A9-A9B8-4C6627C01BF8}.ReleaseWithoutAsm|Win32.ActiveCfg = ReleaseWithoutAsm|Win32
		{745DEC58-EBB3-47A9-A9B8-4C6627C01BF8}.ReleaseWithoutAsm|Win32.Build.0 = ReleaseWithoutAsm|Win32
		{745DEC58-EBB3-47A9-A9B8-4C6627C01BF8}.ReleaseWithoutAsm|x64.ActiveCfg = ReleaseWithoutAsm|x64
		{745DEC58-EBB3-47A9-A9B8-4C6627C01BF8}.ReleaseWithoutAsm|x64.Build.0 = ReleaseWithoutAsm|x64
		{745DEC58-EBB3-47A9-A9B8-4C6627C01BF8}.SingleImage|Win32.ActiveCfg = ReleaseWithoutAsm|Win32
		{745DEC58-EBB3-47A9-A9B8-4C6627C01BF8}.SingleImage|Win32.Build.0 = ReleaseWithoutAsm|Win32
		{745DEC58-EBB3-47A9-A9B8-4C6627C01BF8}.SingleImage|x64.ActiveCfg = ReleaseWithoutAsm|x64
		{745DEC58-EBB3-47A9-A9B8-4C6627C01BF8}.SingleImage|x64.Build.0 = ReleaseWithoutAsm|x64
		{3F5AB9E4-C106-43E2-98D2-718292AD4A9A}.ASM Debug|Win32.ActiveCfg = Debug|Win32
		{3F5AB9E4-C106-43E2-98D2-718292AD4A9A}.ASM Debug|Win32.Build.0 = Debug|Win32
		{3F5AB9E4-C106-43E2-98D2-718292AD4A9A}.ASM Debug|x64.ActiveCfg = Debug|Win32
		{3F5AB9E4-C106-43E2-98D2-718292AD4A9A}.ASM Release|Win32.ActiveCfg = Release|Win32
		{3F5AB9E4-C106-43E2-98D2-718292AD4A9A}.ASM Release|Win32.Build.0 = Release|Win32
		{3F5AB9E4-C106-43E2-98D2-718292AD4A9A}.ASM Release|x64.ActiveCfg = Release|Win32
		{3F5AB9E4-C106-43E2-98D2-718292AD4A9A}.CD_ROM|Win32.ActiveCfg = Release|Win32
		{3F5AB9E4-C106-43E2-98D2-718292AD4A9A}.CD_ROM|Win32.Build.0 = Release|Win32
		{3F5AB9E4-C106-43E2-98D2-718292AD4A9A}.CD_ROM|x64.ActiveCfg = Debug|x64
		{3F5AB9E4-C106-43E2-98D2-718292AD4A9A}.CD_ROM|x64.Build.0 = Debug|x64
		{3F5AB9E4-C106-43E2-98D2-718292AD4A9A}.Debug|Win32.ActiveCfg = Debug|Win32
		{3F5AB9E4-C106-43E2-98D2-718292AD4A9A}.Debug|Win32.Build.0 = Debug|Win32
		{3F5AB9E4-C106-43E2-98D2-718292AD4A9A}.Debug|x64.ActiveCfg = Debug|x64
		{3F5AB9E4-C106-43E2-98D2-718292AD4A9A}.DVD-5|Win32.ActiveCfg = Debug|Win32
		{3F5AB9E4-C106-43E2-98D2-718292AD4A9A}.DVD-5|Win32.Build.0 = Debug|Win32
		{3F5AB9E4-C106-43E2-98D2-718292AD4A9A}.DVD-5|x64.ActiveCfg = Debug|x64
		{3F5AB9E4-C106-43E2-98D2-718292AD4A9A}.DVD-5|x64.Build.0 = Debug|x64
		{3F5AB9E4-C106-43E2-98D2-718292AD4A9A}.Http|Win32.ActiveCfg = Release|Win32
		{3F5AB9E4-C106-43E2-98D2-718292AD4A9A}.Http|Win32.Build.0 = Release|Win32
		{3F5AB9E4-C106-43E2-98D2-718292AD4A9A}.Http|x64.ActiveCfg = Release|Win32
		{3F5AB9E4-C106-43E2-98D2-718292AD4A9A}.IPP|Win32.ActiveCfg = Release|Win32
		{3F5AB9E4-C106-43E2-98D2-718292AD4A9A}.IPP|Win32.Build.0 = Release|Win32
		{3F5AB9E4-C106-43E2-98D2-718292AD4A9A}.IPP|x64.ActiveCfg = Release|Win32
		{3F5AB9E4-C106-43E2-98D2-718292AD4A9A}.Release|Win32.ActiveCfg = Release|Win32
		{3F5AB9E4-C106-43E2-98D2-718292AD4A9A}.Release|Win32.Build.0 = Release|Win32
		{3F5AB9E4-C106-43E2-98D2-718292AD4A9A}.Release|x64.ActiveCfg = Release|x64
		{3F5AB9E4-C106-43E2-98D2-718292AD4A9A}.ReleaseWithoutAsm|Win32.ActiveCfg = Release|Win32
		{3F5AB9E4-C106-43E2-98D2-718292AD4A9A}.ReleaseWithoutAsm|Win32.Build.0 = Release|Win32
		{3F5AB9E4-C106-43E2-98D2-718292AD4A9A}.ReleaseWithoutAsm|x64.ActiveCfg = Release|Win32
		{3F5AB9E4-C106-43E2-98D2-718292AD4A9A}.SingleImage|Win32.ActiveCfg = Release|Win32
		{3F5AB9E4-C106-43E2-98D2-718292AD4A9A}.SingleImage|Win32.Build.0 = Release|Win32
		{3F5AB9E4-C106-43E2-98D2-718292AD4A9A}.SingleImage|x64.ActiveCfg = Debug|x64
		{3F5AB9E4-C106-43E2-98D2-718292AD4A9A}.SingleImage|x64.Build.0 = Debug|x64
		{7DDBFA32-44F6-44CA-BDBE-CF8B32EDC6B1}.ASM Debug|Win32.ActiveCfg = Debug|Win32
		{7DDBFA32-44F6-44CA-BDBE-CF8B32EDC6B1}.ASM Debug|Win32.Build.0 = Debug|Win32
		{7DDBFA32-44F6-44CA-BDBE-CF8B32EDC6B1}.ASM Debug|x64.ActiveCfg = Debug|Win32
		{7DDBFA32-44F6-44CA-BDBE-CF8B32EDC6B1}.ASM Release|Win32.ActiveCfg = Release|Win32
		{7DDBFA32-44F6-44CA-BDBE-CF8B32EDC6B1}.ASM Release|Win32.Build.0 = Release|Win32
		{7DDBFA32-44F6-44CA-BDBE-CF8B32EDC6B1}.ASM Release|x64.ActiveCfg = Release|Win32
		{7DDBFA32-44F6-44CA-BDBE-CF8B32EDC6B1}.CD_ROM|Win32.ActiveCfg = Release|Win32
		{7DDBFA32-44F6-44CA-BDBE-CF8B32EDC6B1}.CD_ROM|Win32.Build.0 = Release|Win32
		{7DDBFA32-44F6-44CA-BDBE-CF8B32EDC6B1}.CD_ROM|x64.ActiveCfg = Debug|x64
		{7DDBFA32-44F6-44CA-BDBE-CF8B32EDC6B1}.CD_ROM|x64.Build.0 = Debug|x64
		{7DDBFA32-44F6-44CA-BDBE-CF8B32EDC6B1}.Debug|Win32.ActiveCfg = Debug|Win32
		{7DDBFA32-44F6-44CA-BDBE-CF8B32EDC6B1}.Debug|Win32.Build.0 = Debug|Win32
		{7DDBFA32-44F6-44CA-BDBE-CF8B32EDC6B1}.Debug|x64.ActiveCfg = Debug|x64
		{7DDBFA32-44F6-44CA-BDBE-CF8B32EDC6B1}.DVD-5|Win32.ActiveCfg = Debug|Win32
		{7DDBFA32-44F6-44CA-BDBE-CF8B32EDC6B1}.DVD-5|Win32.Build.0 = Debug|Win32
		{7DDBFA32-44F6-44CA-BDBE-CF8B32EDC6B1}.DVD-5|x64.ActiveCfg = Debug|x64
		{7DDBFA32-44F6-44CA-BDBE-CF8B32EDC6B1}.DVD-5|x64.Build.0 = Debug|x64
		{7DDBFA32-44F6-44CA-BDBE-CF8B32EDC6B1}.Http|Win32.ActiveCfg = Release|Win32
		{7DDBFA32-44F6-44CA-BDBE-CF8B32EDC6B1}.Http|Win32.Build.0 = Release|Win32
		{7DDBFA32-44F6-44CA-BDBE-CF8B32EDC6B1}.Http|x64.ActiveCfg = Release|Win32
		{7DDBFA32-44F6-44CA-BDBE-CF8B32EDC6B1}.IPP|Win32.ActiveCfg = Release|Win32
		{7DDBFA32-44F6-44CA-BDBE-CF8B32EDC6B1}.IPP|Win32.Build.0 = Release|Win32
		{7DDBFA32-44F6-44CA-BDBE-CF8B32EDC6B1}.IPP|x64.ActiveCfg = Release|Win32
		{7DDBFA32-44F6-44CA-BDBE-CF8B32EDC6B1}.Release|Win32.ActiveCfg = Release|Win32
		{7DDBFA32-44F6-44CA-BDBE-CF8B32EDC6B1}.Release|Win32.Build.0 = Release|Win32
		{7DDBFA32-44F6-44CA-BDBE-CF8B32EDC6B1}.Release|x64.ActiveCfg = Release|x64
		{7DDBFA32-44F6-44CA-BDBE-CF8B32EDC6B1}.ReleaseWithoutAsm|Win32.ActiveCfg = Release|Win32
		{7DDBFA32-44F6-44CA-BDBE-CF8B32EDC6B1}.ReleaseWithoutAsm|Win32.Build.0 = Release|Win32
		{7DDBFA32-44F6-44CA-BDBE-CF8B32EDC6B1}.ReleaseWithoutAsm|x64.ActiveCfg = Release|Win32
		{7DDBFA32-44F6-44CA-BDBE-CF8B32EDC6B1}.SingleImage|Win32.ActiveCfg = Release|Win32
		{7DDBFA32-44F6-44CA-BDBE-CF8B32EDC6B1}.SingleImage|Win32.Build.0 = Release|Win32
		{7DDBFA32-44F6-44CA-BDBE-CF8B32EDC6B1}.SingleImage|x64.ActiveCfg = Debug|x64
		{7DDBFA32-44F6-44CA-BDBE-CF8B32EDC6B1}.SingleImage|x64.Build.0 = Debug|x64
		{334467FD-E35E-4C3D-9410-69B2171C2BB2}.ASM Debug|Win32.ActiveCfg = Debug|Win32
		{334467FD-E35E-4C3D-9410-69B2171C2BB2}.ASM Debug|Win32.Build.0 = Debug|Win32
		{334467FD-E35E-4C3D-9410-69B2171C2BB2}.ASM Debug|x64.ActiveCfg = Debug|x64
		{334467FD-E35E-4C3D-9410-69B2171C2BB2}.ASM Debug|x64.Build.0 = Debug|x64
		{334467FD-E35E-4C3D-9410-69B2171C2BB2}.ASM Release|Win32.ActiveCfg = Release|Win32
		{334467FD-E35E-4C3D-9410-69B2171C2BB2}.ASM Release|Win32.Build.0 = Release|Win32
		{334467FD-E35E-4C3D-9410-69B2171C2BB2}.ASM Release|x64.ActiveCfg = Release|x64
		{334467FD-E35E-4C3D-9410-69B2171C2BB2}.ASM Release|x64.Build.0 = Release|x64
		{334467FD-E35E-4C3D-9410-69B2171C2BB2}.CD_ROM|Win32.ActiveCfg = IPP|Win32
		{334467FD-E35E-4C3D-9410-69B2171C2BB2}.CD_ROM|Win32.Build.0 = IPP|Win32
		{334467FD-E35E-4C3D-9410-69B2171C2BB2}.CD_ROM|x64.ActiveCfg = IPP|x64
		{334467FD-E35E-4C3D-9410-69B2171C2BB2}.CD_ROM|x64.Build.0 = IPP|x64
		{334467FD-E35E-4C3D-9410-69B2171C2BB2}.Debug|Win32.ActiveCfg = Debug|Win32
		{334467FD-E35E-4C3D-9410-69B2171C2BB2}.Debug|Win32.Build.0 = Debug|Win32
		{334467FD-E35E-4C3D-9410-69B2171C2BB2}.Debug|x64.ActiveCfg = Debug|x64
		{334467FD-E35E-4C3D-9410-69B2171C2BB2}.Debug|x64.Build.0 = Debug|x64
		{334467FD-E35E-4C3D-9410-69B2171C2BB2}.DVD-5|Win32.ActiveCfg = Debug|Win32
		{334467FD-E35E-4C3D-9410-69B2171C2BB2}.DVD-5|Win32.Build.0 = Debug|Win32
		{334467FD-E35E-4C3D-9410-69B2171C2BB2}.DVD-5|x64.ActiveCfg = Debug|x64
		{334467FD-E35E-4C3D-9410-69B2171C2BB2}.DVD-5|x64.Build.0 = Debug|x64
		{334467FD-E35E-4C3D-9410-69B2171C2BB2}.Http|Win32.ActiveCfg = Release|x64
		{334467FD-E35E-4C3D-9410-69B2171C2BB2}.Http|x64.ActiveCfg = Release|x64
		{334467FD-E35E-4C3D-9410-69B2171C2BB2}.Http|x64.Build.0 = Release|x64
		{334467FD-E35E-4C3D-9410-69B2171C2BB2}.IPP|Win32.ActiveCfg = IPP|Win32
		{334467FD-E35E-4C3D-9410-69B2171C2BB2}.IPP|Win32.Build.0 = IPP|Win32
		{334467FD-E35E-4C3D-9410-69B2171C2BB2}.IPP|x64.ActiveCfg = IPP|x64
		{334467FD-E35E-4C3D-9410-69B2171C2BB2}.IPP|x64.Build.0 = IPP|x64
		{334467FD-E35E-4C3D-9410-69B2171C2BB2}.Release|Win32.ActiveCfg = Release|Win32
		{334467FD-E35E-4C3D-9410-69B2171C2BB2}.Release|Win32.Build.0 = Release|Win32
		{334467FD-E35E-4C3D-9410-69B2171C2BB2}.Release|x64.ActiveCfg = Release|x64
		{334467FD-E35E-4C3D-9410-69B2171C2BB2}.Release|x64.Build.0 = Release|x64
		{334467FD-E35E-4C3D-9410-69B2171C2BB2}.ReleaseWithoutAsm|Win32.ActiveCfg = Release|x64
		{334467FD-E35E-4C3D-9410-69B2171C2BB2}.ReleaseWithoutAsm|x64.ActiveCfg = Release|x64
		{334467FD-E35E-4C3D-9410-69B2171C2BB2}.ReleaseWithoutAsm|x64.Build.0 = Release|x64
		{334467FD-E35E-4C3D-9410-69B2171C2BB2}.SingleImage|Win32.ActiveCfg = IPP|Win32
		{334467FD-E35E-4C3D-9410-69B2171C2BB2}.SingleImage|Win32.Build.0 = IPP|Win32
		{334467FD-E35E-4C3D-9410-69B2171C2BB2}.SingleImage|x64.ActiveCfg = IPP|x64
		{334467FD-E35E-4C3D-9410-69B2171C2BB2}.SingleImage|x64.Build.0 = IPP|x64
		{2F5FBC3F-4CCD-4C26-9719-C9166D8B0C7D}.ASM Debug|Win32.ActiveCfg = Debug|Win32
		{2F5FBC3F-4CCD-4C26-9719-C9166D8B0C7D}.ASM Debug|Win32.Build.0 = Debug|Win32
		{2F5FBC3F-4CCD-4C26-9719-C9166D8B0C7D}.ASM Debug|x64.ActiveCfg = Debug|x64
		{2F5FBC3F-4CCD-4C26-9719-C9166D8B0C7D}.ASM Debug|x64.Build.0 = Debug|x64
		{2F5FBC3F-4CCD-4C26-9719-C9166D8B0C7D}.ASM Release|Win32.ActiveCfg = Release|Win32
		{2F5FBC3F-4CCD-4C26-9719-C9166D8B0C7D}.ASM Release|Win32.Build.0 = Release|Win32
		{2F5FBC3F-4CCD-4C26-9719-C9166D8B0C7D}.ASM Release|x64.ActiveCfg = Release|x64
		{2F5FBC3F-4CCD-4C26-9719-C9166D8B0C7D}.ASM Release|x64.Build.0 = Release|x64
		{2F5FBC3F-4CCD-4C26-9719-C9166D8B0C7D}.CD_ROM|Win32.ActiveCfg = IPP|Win32
		{2F5FBC3F-4CCD-4C26-9719-C9166D8B0C7D}.CD_ROM|Win32.Build.0 = IPP|Win32
		{2F5FBC3F-4CCD-4C26-9719-C9166D8B0C7D}.CD_ROM|x64.ActiveCfg = IPP|x64
		{2F5FBC3F-4CCD-4C26-9719-C9166D8B0C7D}.CD_ROM|x64.Build.0 = IPP|x64
		{2F5FBC3F-4CCD-4C26-9719-C9166D8B0C7D}.Debug|Win32.ActiveCfg = Debug|Win32
		{2F5FBC3F-4CCD-4C26-9719-C9166D8B0C7D}.Debug|Win32.Build.0 = Debug|Win32
		{2F5FBC3F-4CCD-4C26-9719-C9166D8B0C7D}.Debug|x64.ActiveCfg = Debug|x64
		{2F5FBC3F-4CCD-4C26-9719-C9166D8B0C7D}.Debug|x64.Build.0 = Debug|x64
		{2F5FBC3F-4CCD-4C26-9719-C9166D8B0C7D}.DVD-5|Win32.ActiveCfg = Debug|Win32
		{2F5FBC3F-4CCD-4C26-9719-C9166D8B0C7D}.DVD-5|Win32.Build.0 = Debug|Win32
		{2F5FBC3F-4CCD-4C26-9719-C9166D8B0C7D}.DVD-5|x64.ActiveCfg = Debug|x64
		{2F5FBC3F-4CCD-4C26-9719-C9166D8B0C7D}.DVD-5|x64.Build.0 = Debug|x64
		{2F5FBC3F-4CCD-4C26-9719-C9166D8B0C7D}.Http|Win32.ActiveCfg = Release|x64
		{2F5FBC3F-4CCD-4C26-9719-C9166D8B0C7D}.Http|x64.ActiveCfg = Release|x64
		{2F5FBC3F-4CCD-4C26-9719-C9166D8B0C7D}.Http|x64.Build.0 = Release|x64
		{2F5FBC3F-4CCD-4C26-9719-C9166D8B0C7D}.IPP|Win32.ActiveCfg = IPP|Win32
		{2F5FBC3F-4CCD-4C26-9719-C9166D8B0C7D}.IPP|Win32.Build.0 = IPP|Win32
		{2F5FBC3F-4CCD-4C26-9719-C9166D8B0C7D}.IPP|x64.ActiveCfg = IPP|x64
		{2F5FBC3F-4CCD-4C26-9719-C9166D8B0C7D}.IPP|x64.Build.0 = IPP|x64
		{2F5FBC3F-4CCD-4C26-9719-C9166D8B0C7D}.Release|Win32.ActiveCfg = Release|Win32
		{2F5FBC3F-4CCD-4C26-9719-C9166D8B0C7D}.Release|Win32.Build.0 = Release|Win32
		{2F5FBC3F-4CCD-4C26-9719-C9166D8B0C7D}.Release|x64.ActiveCfg = Release|x64
		{2F5FBC3F-4CCD-4C26-9719-C9166D8B0C7D}.Release|x64.Build.0 = Release|x64
		{2F5FBC3F-4CCD-4C26-9719-C9166D8B0C7D}.ReleaseWithoutAsm|Win32.ActiveCfg = Release|x64
		{2F5FBC3F-4CCD-4C26-9719-C9166D8B0C7D}.ReleaseWithoutAsm|x64.ActiveCfg = Release|x64
		{2F5FBC3F-4CCD-4C26-9719-C9166D8B0C7D}.ReleaseWithoutAsm|x64.Build.0 = Release|x64
		{2F5FBC3F-4CCD-4C26-9719-C9166D8B0C7D}.SingleImage|Win32.ActiveCfg = IPP|Win32
		{2F5FBC3F-4CCD-4C26-9719-C9166D8B0C7D}.SingleImage|Win32.Build.0 = IPP|Win32
		{2F5FBC3F-4CCD-4C26-9719-C9166D8B0C7D}.SingleImage|x64.ActiveCfg = IPP|x64
		{2F5FBC3F-4CCD-4C26-9719-C9166D8B0C7D}.SingleImage|x64.Build.0 = IPP|x64
		{BC78A3C8-2280-42AB-BB6F-14FB674E2A0C}.ASM Debug|Win32.ActiveCfg = Debug|Win32
		{BC78A3C8-2280-42AB-BB6F-14FB674E2A0C}.ASM Debug|Win32.Build.0 = Debug|Win32
		{BC78A3C8-2280-42AB-BB6F-14FB674E2A0C}.ASM Debug|x64.ActiveCfg = Debug|x64
		{BC78A3C8-2280-42AB-BB6F-14FB674E2A0C}.ASM Debug|x64.Build.0 = Debug|x64
		{BC78A3C8-2280-42AB-BB6F-14FB674E2A0C}.ASM Release|Win32.ActiveCfg = Release|Win32
		{BC78A3C8-2280-42AB-BB6F-14FB674E2A0C}.ASM Release|Win32.Build.0 = Release|Win32
		{BC78A3C8-2280-42AB-BB6F-14FB674E2A0C}.ASM Release|x64.ActiveCfg = Release|x64
		{BC78A3C8-2280-42AB-BB6F-14FB674E2A0C}.ASM Release|x64.Build.0 = Release|x64
		{BC78A3C8-2280-42AB-BB6F-14FB674E2A0C}.CD_ROM|Win32.ActiveCfg = IPP|Win32
		{BC78A3C8-2280-42AB-BB6F-14FB674E2A0C}.CD_ROM|Win32.Build.0 = IPP|Win32
		{BC78A3C8-2280-42AB-BB6F-14FB674E2A0C}.CD_ROM|x64.ActiveCfg = IPP|x64
		{BC78A3C8-2280-42AB-BB6F-14FB674E2A0C}.CD_ROM|x64.Build.0 = IPP|x64
		{BC78A3C8-2280-42AB-BB6F-14FB674E2A0C}.Debug|Win32.ActiveCfg = Debug|Win32
		{BC78A3C8-2280-42AB-BB6F-14FB674E2A0C}.Debug|Win32.Build.0 = Debug|Win32
		{BC78A3C8-2280-42AB-BB6F-14FB674E2A0C}.Debug|x64.ActiveCfg = Debug|x64
		{BC78A3C8-2280-42AB-BB6F-14FB674E2A0C}.Debug|x64.Build.0 = Debug|x64
		{BC78A3C8-2280-42AB-BB6F-14FB674E2A0C}.DVD-5|Win32.ActiveCfg = Debug|Win32
		{BC78A3C8-2280-42AB-BB6F-14FB674E2A0C}.DVD-5|Win32.Build.0 = Debug|Win32
		{BC78A3C8-2280-42AB-BB6F-14FB674E2A0C}.DVD-5|x64.ActiveCfg = Debug|x64
		{BC78A3C8-2280-42AB-BB6F-14FB674E2A0C}.DVD-5|x64.Build.0 = Debug|x64
		{BC78A3C8-2280-42AB-BB6F-14FB674E2A0C}.Http|Win32.ActiveCfg = Release|x64
		{BC78A3C8-2280-42AB-BB6F-14FB674E2A0C}.Http|x64.ActiveCfg = Release|x64
		{BC78A3C8-2280-42AB-BB6F-14FB674E2A0C}.Http|x64.Build.0 = Release|x64
		{BC78A3C8-2280-42AB-BB6F-14FB674E2A0C}.IPP|Win32.ActiveCfg = IPP|Win32
		{BC78A3C8-2280-42AB-BB6F-14FB674E2A0C}.IPP|Win32.Build.0 = IPP|Win32
		{BC78A3C8-2280-42AB-BB6F-14FB674E2A0C}.IPP|x64.ActiveCfg = IPP|x64
		{BC78A3C8-2280-42AB-BB6F-14FB674E2A0C}.IPP|x64.Build.0 = IPP|x64
		{BC78A3C8-2280-42AB-BB6F-14FB674E2A0C}.Release|Win32.ActiveCfg = Release|Win32
		{BC78A3C8-2280-42AB-BB6F-14FB674E2A0C}.Release|Win32.Build.0 = Release|Win32
		{BC78A3C8-2280-42AB-BB6F-14FB674E2A0C}.Release|x64.ActiveCfg = Release|x64
		{BC78A3C8-2280-42AB-BB6F-14FB674E2A0C}.Release|x64.Build.0 = Release|x64
		{BC78A3C8-2280-42AB-BB6F-14FB674E2A0C}.ReleaseWithoutAsm|Win32.ActiveCfg = Release|x64
		{BC78A3C8-2280-42AB-BB6F-14FB674E2A0C}.ReleaseWithoutAsm|x64.ActiveCfg = Release|x64
		{BC78A3C8-2280-42AB-BB6F-14FB674E2A0C}.ReleaseWithoutAsm|x64.Build.0 = Release|x64
		{BC78A3C8-2280-42AB-BB6F-14FB674E2A0C}.SingleImage|Win32.ActiveCfg = IPP|Win32
		{BC78A3C8-2280-42AB-BB6F-14FB674E2A0C}.SingleImage|Win32.Build.0 = IPP|Win32
		{BC78A3C8-2280-42AB-BB6F-14FB674E2A0C}.SingleImage|x64.ActiveCfg = IPP|x64
		{BC78A3C8-2280-42AB-BB6F-14FB674E2A0C}.SingleImage|x64.Build.0 = IPP|x64
		{CAA83204-EBF8-4369-B152-011EA957784C}.ASM Debug|Win32.ActiveCfg = Debug|Win32
		{CAA83204-EBF8-4369-B152-011EA957784C}.ASM Debug|Win32.Build.0 = Debug|Win32
		{CAA83204-EBF8-4369-B152-011EA957784C}.ASM Debug|x64.ActiveCfg = Debug|x64
		{CAA83204-EBF8-4369-B152-011EA957784C}.ASM Debug|x64.Build.0 = Debug|x64
		{CAA83204-EBF8-4369-B152-011EA957784C}.ASM Release|Win32.ActiveCfg = Release|Win32
		{CAA83204-EBF8-4369-B152-011EA957784C}.ASM Release|Win32.Build.0 = Release|Win32
		{CAA83204-EBF8-4369-B152-011EA957784C}.ASM Release|x64.ActiveCfg = Release|x64
		{CAA83204-EBF8-4369-B152-011EA957784C}.ASM Release|x64.Build.0 = Release|x64
		{CAA83204-EBF8-4369-B152-011EA957784C}.CD_ROM|Win32.ActiveCfg = IPP|Win32
		{CAA83204-EBF8-4369-B152-011EA957784C}.CD_ROM|Win32.Build.0 = IPP|Win32
		{CAA83204-EBF8-4369-B152-011EA957784C}.CD_ROM|x64.ActiveCfg = IPP|x64
		{CAA83204-EBF8-4369-B152-011EA957784C}.CD_ROM|x64.Build.0 = IPP|x64
		{CAA83204-EBF8-4369-B152-011EA957784C}.Debug|Win32.ActiveCfg = Debug|Win32
		{CAA83204-EBF8-4369-B152-011EA957784C}.Debug|Win32.Build.0 = Debug|Win32
		{CAA83204-EBF8-4369-B152-011EA957784C}.Debug|x64.ActiveCfg = Debug|x64
		{CAA83204-EBF8-4369-B152-011EA957784C}.Debug|x64.Build.0 = Debug|x64
		{CAA83204-EBF8-4369-B152-011EA957784C}.DVD-5|Win32.ActiveCfg = Debug|Win32
		{CAA83204-EBF8-4369-B152-011EA957784C}.DVD-5|Win32.Build.0 = Debug|Win32
		{CAA83204-EBF8-4369-B152-011EA957784C}.DVD-5|x64.ActiveCfg = Debug|x64
		{CAA83204-EBF8-4369-B152-011EA957784C}.DVD-5|x64.Build.0 = Debug|x64
		{CAA83204-EBF8-4369-B152-011EA957784C}.Http|Win32.ActiveCfg = Release|x64
		{CAA83204-EBF8-4369-B152-011EA957784C}.Http|x64.ActiveCfg = Release|x64
		{CAA83204-EBF8-4369-B152-011EA957784C}.Http|x64.Build.0 = Release|x64
		{CAA83204-EBF8-4369-B152-011EA957784C}.IPP|Win32.ActiveCfg = IPP|Win32
		{CAA83204-EBF8-4369-B152-011EA957784C}.IPP|Win32.Build.0 = IPP|Win32
		{CAA83204-EBF8-4369-B152-011EA957784C}.IPP|x64.ActiveCfg = IPP|x64
		{CAA83204-EBF8-4369-B152-011EA957784C}.IPP|x64.Build.0 = IPP|x64
		{CAA83204-EBF8-4369-B152-011EA957784C}.Release|Win32.ActiveCfg = Release|Win32
		{CAA83204-EBF8-4369-B152-011EA957784C}.Release|Win32.Build.0 = Release|Win32
		{CAA83204-EBF8-4369-B152-011EA957784C}.Release|x64.ActiveCfg = Release|x64
		{CAA83204-EBF8-4369-B152-011EA957784C}.Release|x64.Build.0 = Release|x64
		{CAA83204-EBF8-4369-B152-011EA957784C}.ReleaseWithoutAsm|Win32.ActiveCfg = Release|x64
		{CAA83204-EBF8-4369-B152-011EA957784C}.ReleaseWithoutAsm|x64.ActiveCfg = Release|x64
		{CAA83204-EBF8-4369-B152-011EA957784C}.ReleaseWithoutAsm|x64.Build.0 = Release|x64
		{CAA83204-EBF8-4369-B152-011EA957784C}.SingleImage|Win32.ActiveCfg = IPP|Win32
		{CAA83204-EBF8-4369-B152-011EA957784C}.SingleImage|Win32.Build.0 = IPP|Win32
		{CAA83204-EBF8-4369-B152-011EA957784C}.SingleImage|x64.ActiveCfg = IPP|x64
		{CAA83204-EBF8-4369-B152-011EA957784C}.SingleImage|x64.Build.0 = IPP|x64
		{31AC9E7D-64B7-4301-ADE2-5EFF15AA6BDE}.ASM Debug|Win32.ActiveCfg = Debug|Win32
		{31AC9E7D-64B7-4301-ADE2-5EFF15AA6BDE}.ASM Debug|Win32.Build.0 = Debug|Win32
		{31AC9E7D-64B7-4301-ADE2-5EFF15AA6BDE}.ASM Debug|x64.ActiveCfg = Debug|x64
		{31AC9E7D-64B7-4301-ADE2-5EFF15AA6BDE}.ASM Debug|x64.Build.0 = Debug|x64
		{31AC9E7D-64B7-4301-ADE2-5EFF15AA6BDE}.ASM Release|Win32.ActiveCfg = Release|Win32
		{31AC9E7D-64B7-4301-ADE2-5EFF15AA6BDE}.ASM Release|Win32.Build.0 = Release|Win32
		{31AC9E7D-64B7-4301-ADE2-5EFF15AA6BDE}.ASM Release|x64.ActiveCfg = Release|x64
		{31AC9E7D-64B7-4301-ADE2-5EFF15AA6BDE}.ASM Release|x64.Build.0 = Release|x64
		{31AC9E7D-64B7-4301-ADE2-5EFF15AA6BDE}.CD_ROM|Win32.ActiveCfg = IPP|Win32
		{31AC9E7D-64B7-4301-ADE2-5EFF15AA6BDE}.CD_ROM|Win32.Build.0 = IPP|Win32
		{31AC9E7D-64B7-4301-ADE2-5EFF15AA6BDE}.CD_ROM|x64.ActiveCfg = IPP|x64
		{31AC9E7D-64B7-4301-ADE2-5EFF15AA6BDE}.CD_ROM|x64.Build.0 = IPP|x64
		{31AC9E7D-64B7-4301-ADE2-5EFF15AA6BDE}.Debug|Win32.ActiveCfg = Debug|Win32
		{31AC9E7D-64B7-4301-ADE2-5EFF15AA6BDE}.Debug|Win32.Build.0 = Debug|Win32
		{31AC9E7D-64B7-4301-ADE2-5EFF15AA6BDE}.Debug|x64.ActiveCfg = Debug|x64
		{31AC9E7D-64B7-4301-ADE2-5EFF15AA6BDE}.Debug|x64.Build.0 = Debug|x64
		{31AC9E7D-64B7-4301-ADE2-5EFF15AA6BDE}.DVD-5|Win32.ActiveCfg = Debug|Win32
		{31AC9E7D-64B7-4301-ADE2-5EFF15AA6BDE}.DVD-5|Win32.Build.0 = Debug|Win32
		{31AC9E7D-64B7-4301-ADE2-5EFF15AA6BDE}.DVD-5|x64.ActiveCfg = Debug|x64
		{31AC9E7D-64B7-4301-ADE2-5EFF15AA6BDE}.DVD-5|x64.Build.0 = Debug|x64
		{31AC9E7D-64B7-4301-ADE2-5EFF15AA6BDE}.Http|Win32.ActiveCfg = Release|x64
		{31AC9E7D-64B7-4301-ADE2-5EFF15AA6BDE}.Http|x64.ActiveCfg = Release|x64
		{31AC9E7D-64B7-4301-ADE2-5EFF15AA6BDE}.Http|x64.Build.0 = Release|x64
		{31AC9E7D-64B7-4301-ADE2-5EFF15AA6BDE}.IPP|Win32.ActiveCfg = IPP|Win32
		{31AC9E7D-64B7-4301-ADE2-5EFF15AA6BDE}.IPP|Win32.Build.0 = IPP|Win32
		{31AC9E7D-64B7-4301-ADE2-5EFF15AA6BDE}.IPP|x64.ActiveCfg = IPP|x64
		{31AC9E7D-64B7-4301-ADE2-5EFF15AA6BDE}.IPP|x64.Build.0 = IPP|x64
		{31AC9E7D-64B7-4301-ADE2-5EFF15AA6BDE}.Release|Win32.ActiveCfg = Release|Win32
		{31AC9E7D-64B7-4301-ADE2-5EFF15AA6BDE}.Release|Win32.Build.0 = Release|Win32
		{31AC9E7D-64B7-4301-ADE2-5EFF15AA6BDE}.Release|x64.ActiveCfg = Release|x64
		{31AC9E7D-64B7-4301-ADE2-5EFF15AA6BDE}.Release|x64.Build.0 = Release|x64
		{31AC9E7D-64B7-4301-ADE2-5EFF15AA6BDE}.ReleaseWithoutAsm|Win32.ActiveCfg = Release|x64
		{31AC9E7D-64B7-4301-ADE2-5EFF15AA6BDE}.ReleaseWithoutAsm|x64.ActiveCfg = Release|x64
		{31AC9E7D-64B7-4301-ADE2-5EFF15AA6BDE}.ReleaseWithoutAsm|x64.Build.0 = Release|x64
		{31AC9E7D-64B7-4301-ADE2-5EFF15AA6BDE}.SingleImage|Win32.ActiveCfg = IPP|Win32
		{31AC9E7D-64B7-4301-ADE2-5EFF15AA6BDE}.SingleImage|Win32.Build.0 = IPP|Win32
		{31AC9E7D-64B7-4301-ADE2-5EFF15AA6BDE}.SingleImage|x64.ActiveCfg = IPP|x64
		{31AC9E7D-64B7-4301-ADE2-5EFF15AA6BDE}.SingleImage|x64.Build.0 = IPP|x64
		{D50AEB07-5F5E-4401-9B50-C1660E693833}.ASM Debug|Win32.ActiveCfg = Debug|Win32
		{D50AEB07-5F5E-4401-9B50-C1660E693833}.ASM Debug|Win32.Build.0 = Debug|Win32
		{D50AEB07-5F5E-4401-9B50-C1660E693833}.ASM Debug|x64.ActiveCfg = Debug|x64
		{D50AEB07-5F5E-4401-9B50-C1660E693833}.ASM Debug|x64.Build.0 = Debug|x64
		{D50AEB07-5F5E-4401-9B50-C1660E693833}.ASM Release|Win32.ActiveCfg = Release|Win32
		{D50AEB07-5F5E-4401-9B50-C1660E693833}.ASM Release|Win32.Build.0 = Release|Win32
		{D50AEB07-5F5E-4401-9B50-C1660E693833}.ASM Release|x64.ActiveCfg = Release|x64
		{D50AEB07-5F5E-4401-9B50-C1660E693833}.ASM Release|x64.Build.0 = Release|x64
		{D50AEB07-5F5E-4401-9B50-C1660E693833}.CD_ROM|Win32.ActiveCfg = IPP|Win32
		{D50AEB07-5F5E-4401-9B50-C1660E693833}.CD_ROM|Win32.Build.0 = IPP|Win32
		{D50AEB07-5F5E-4401-9B50-C1660E693833}.CD_ROM|x64.ActiveCfg = IPP|x64
		{D50AEB07-5F5E-4401-9B50-C1660E693833}.CD_ROM|x64.Build.0 = IPP|x64
		{D50AEB07-5F5E-4401-9B50-C1660E693833}.Debug|Win32.ActiveCfg = Debug|Win32
		{D50AEB07-5F5E-4401-9B50-C1660E693833}.Debug|Win32.Build.0 = Debug|Win32
		{D50AEB07-5F5E-4401-9B50-C1660E693833}.Debug|x64.ActiveCfg = Debug|x64
		{D50AEB07-5F5E-4401-9B50-C1660E693833}.Debug|x64.Build.0 = Debug|x64
		{D50AEB07-5F5E-4401-9B50-C1660E693833}.DVD-5|Win32.ActiveCfg = Debug|Win32
		{D50AEB07-5F5E-4401-9B50-C1660E693833}.DVD-5|Win32.Build.0 = Debug|Win32
		{D50AEB07-5F5E-4401-9B50-C1660E693833}.DVD-5|x64.ActiveCfg = Debug|x64
		{D50AEB07-5F5E-4401-9B50-C1660E693833}.DVD-5|x64.Build.0 = Debug|x64
		{D50AEB07-5F5E-4401-9B50-C1660E693833}.Http|Win32.ActiveCfg = Release|x64
		{D50AEB07-5F5E-4401-9B50-C1660E693833}.Http|x64.ActiveCfg = Release|x64
		{D50AEB07-5F5E-4401-9B50-C1660E693833}.Http|x64.Build.0 = Release|x64
		{D50AEB07-5F5E-4401-9B50-C1660E693833}.IPP|Win32.ActiveCfg = IPP|Win32
		{D50AEB07-5F5E-4401-9B50-C1660E693833}.IPP|Win32.Build.0 = IPP|Win32
		{D50AEB07-5F5E-4401-9B50-C1660E693833}.IPP|x64.ActiveCfg = IPP|x64
		{D50AEB07-5F5E-4401-9B50-C1660E693833}.IPP|x64.Build.0 = IPP|x64
		{D50AEB07-5F5E-4401-9B50-C1660E693833}.Release|Win32.ActiveCfg = Release|Win32
		{D50AEB07-5F5E-4401-9B50-C1660E693833}.Release|Win32.Build.0 = Release|Win32
		{D50AEB07-5F5E-4401-9B50-C1660E693833}.Release|x64.ActiveCfg = Release|x64
		{D50AEB07-5F5E-4401-9B50-C1660E693833}.Release|x64.Build.0 = Release|x64
		{D50AEB07-5F5E-4401-9B50-C1660E693833}.ReleaseWithoutAsm|Win32.ActiveCfg = Release|x64
		{D50AEB07-5F5E-4401-9B50-C1660E693833}.ReleaseWithoutAsm|x64.ActiveCfg = Release|x64
		{D50AEB07-5F5E-4401-9B50-C1660E693833}.ReleaseWithoutAsm|x64.Build.0 = Release|x64
		{D50AEB07-5F5E-4401-9B50-C1660E693833}.SingleImage|Win32.ActiveCfg = IPP|Win32
		{D50AEB07-5F5E-4401-9B50-C1660E693833}.SingleImage|Win32.Build.0 = IPP|Win32
		{D50AEB07-5F5E-4401-9B50-C1660E693833}.SingleImage|x64.ActiveCfg = IPP|x64
		{D50AEB07-5F5E-4401-9B50-C1660E693833}.SingleImage|x64.Build.0 = IPP|x64
		{F4E39BD7-C841-4F21-B40C-293D7E017EA1}.ASM Debug|Win32.ActiveCfg = Debug|Win32
		{F4E39BD7-C841-4F21-B40C-293D7E017EA1}.ASM Debug|Win32.Build.0 = Debug|Win32
		{F4E39BD7-C841-4F21-B40C-293D7E017EA1}.ASM Debug|x64.ActiveCfg = Debug|x64
		{F4E39BD7-C841-4F21-B40C-293D7E017EA1}.ASM Debug|x64.Build.0 = Debug|x64
		{F4E39BD7-C841-4F21-B40C-293D7E017EA1}.ASM Release|Win32.ActiveCfg = Release|Win32
		{F4E39BD7-C841-4F21-B40C-293D7E017EA1}.ASM Release|Win32.Build.0 = Release|Win32
		{F4E39BD7-C841-4F21-B40C-293D7E017EA1}.ASM Release|x64.ActiveCfg = Release|x64
		{F4E39BD7-C841-4F21-B40C-293D7E017EA1}.ASM Release|x64.Build.0 = Release|x64
		{F4E39BD7-C841-4F21-B40C-293D7E017EA1}.CD_ROM|Win32.ActiveCfg = IPP|Win32
		{F4E39BD7-C841-4F21-B40C-293D7E017EA1}.CD_ROM|Win32.Build.0 = IPP|Win32
		{F4E39BD7-C841-4F21-B40C-293D7E017EA1}.CD_ROM|x64.ActiveCfg = IPP|x64
		{F4E39BD7-C841-4F21-B40C-293D7E017EA1}.CD_ROM|x64.Build.0 = IPP|x64
		{F4E39BD7-C841-4F21-B40C-293D7E017EA1}.Debug|Win32.ActiveCfg = Debug|Win32
		{F4E39BD7-C841-4F21-B40C-293D7E017EA1}.Debug|Win32.Build.0 = Debug|Win32
		{F4E39BD7-C841-4F21-B40C-293D7E017EA1}.Debug|x64.ActiveCfg = Debug|x64
		{F4E39BD7-C841-4F21-B40C-293D7E017EA1}.Debug|x64.Build.0 = Debug|x64
		{F4E39BD7-C841-4F21-B40C-293D7E017EA1}.DVD-5|Win32.ActiveCfg = Debug|Win32
		{F4E39BD7-C841-4F21-B40C-293D7E017EA1}.DVD-5|Win32.Build.0 = Debug|Win32
		{F4E39BD7-C841-4F21-B40C-293D7E017EA1}.DVD-5|x64.ActiveCfg = Debug|x64
		{F4E39BD7-C841-4F21-B40C-293D7E017EA1}.DVD-5|x64.Build.0 = Debug|x64
		{F4E39BD7-C841-4F21-B40C-293D7E017EA1}.Http|Win32.ActiveCfg = Release|x64
		{F4E39BD7-C841-4F21-B40C-293D7E017EA1}.Http|x64.ActiveCfg = Release|x64
		{F4E39BD7-C841-4F21-B40C-293D7E017EA1}.Http|x64.Build.0 = Release|x64
		{F4E39BD7-C841-4F21-B40C-293D7E017EA1}.IPP|Win32.ActiveCfg = IPP|Win32
		{F4E39BD7-C841-4F21-B40C-293D7E017EA1}.IPP|Win32.Build.0 = IPP|Win32
		{F4E39BD7-C841-4F21-B40C-293D7E017EA1}.IPP|x64.ActiveCfg = IPP|x64
		{F4E39BD7-C841-4F21-B40C-293D7E017EA1}.IPP|x64.Build.0 = IPP|x64
		{F4E39BD7-C841-4F21-B40C-293D7E017EA1}.Release|Win32.ActiveCfg = Release|Win32
		{F4E39BD7-C841-4F21-B40C-293D7E017EA1}.Release|Win32.Build.0 = Release|Win32
		{F4E39BD7-C841-4F21-B40C-293D7E017EA1}.Release|x64.ActiveCfg = Release|x64
		{F4E39BD7-C841-4F21-B40C-293D7E017EA1}.Release|x64.Build.0 = Release|x64
		{F4E39BD7-C841-4F21-B40C-293D7E017EA1}.ReleaseWithoutAsm|Win32.ActiveCfg = Release|x64
		{F4E39BD7-C841-4F21-B40C-293D7E017EA1}.ReleaseWithoutAsm|x64.ActiveCfg = Release|x64
		{F4E39BD7-C841-4F21-B40C-293D7E017EA1}.ReleaseWithoutAsm|x64.Build.0 = Release|x64
		{F4E39BD7-C841-4F21-B40C-293D7E017EA1}.SingleImage|Win32.ActiveCfg = IPP|Win32
		{F4E39BD7-C841-4F21-B40C-293D7E017EA1}.SingleImage|Win32.Build.0 = IPP|Win32
		{F4E39BD7-C841-4F21-B40C-293D7E017EA1}.SingleImage|x64.ActiveCfg = IPP|x64
		{F4E39BD7-C841-4F21-B40C-293D7E017EA1}.SingleImage|x64.Build.0 = IPP|x64
		{C05BE60B-FBDF-430F-B041-5089262E8FB5}.ASM Debug|Win32.ActiveCfg = Debug|Win32
		{C05BE60B-FBDF-430F-B041-5089262E8FB5}.ASM Debug|Win32.Build.0 = Debug|Win32
		{C05BE60B-FBDF-430F-B041-5089262E8FB5}.ASM Debug|x64.ActiveCfg = Debug|x64
		{C05BE60B-FBDF-430F-B041-5089262E8FB5}.ASM Debug|x64.Build.0 = Debug|x64
		{C05BE60B-FBDF-430F-B041-5089262E8FB5}.ASM Release|Win32.ActiveCfg = Release|Win32
		{C05BE60B-FBDF-430F-B041-5089262E8FB5}.ASM Release|Win32.Build.0 = Release|Win32
		{C05BE60B-FBDF-430F-B041-5089262E8FB5}.ASM Release|x64.ActiveCfg = Release|x64
		{C05BE60B-FBDF-430F-B041-5089262E8FB5}.ASM Release|x64.Build.0 = Release|x64
		{C05BE60B-FBDF-430F-B041-5089262E8FB5}.CD_ROM|Win32.ActiveCfg = IPP|Win32
		{C05BE60B-FBDF-430F-B041-5089262E8FB5}.CD_ROM|Win32.Build.0 = IPP|Win32
		{C05BE60B-FBDF-430F-B041-5089262E8FB5}.CD_ROM|x64.ActiveCfg = IPP|x64
		{C05BE60B-FBDF-430F-B041-5089262E8FB5}.CD_ROM|x64.Build.0 = IPP|x64
		{C05BE60B-FBDF-430F-B041-5089262E8FB5}.Debug|Win32.ActiveCfg = Debug|Win32
		{C05BE60B-FBDF-430F-B041-5089262E8FB5}.Debug|Win32.Build.0 = Debug|Win32
		{C05BE60B-FBDF-430F-B041-5089262E8FB5}.Debug|x64.ActiveCfg = Debug|x64
		{C05BE60B-FBDF-430F-B041-5089262E8FB5}.Debug|x64.Build.0 = Debug|x64
		{C05BE60B-FBDF-430F-B041-5089262E8FB5}.DVD-5|Win32.ActiveCfg = Debug|Win32
		{C05BE60B-FBDF-430F-B041-5089262E8FB5}.DVD-5|Win32.Build.0 = Debug|Win32
		{C05BE60B-FBDF-430F-B041-5089262E8FB5}.DVD-5|x64.ActiveCfg = Debug|x64
		{C05BE60B-FBDF-430F-B041-5089262E8FB5}.DVD-5|x64.Build.0 = Debug|x64
		{C05BE60B-FBDF-430F-B041-5089262E8FB5}.Http|Win32.ActiveCfg = Release|x64
		{C05BE60B-FBDF-430F-B041-5089262E8FB5}.Http|x64.ActiveCfg = Release|x64
		{C05BE60B-FBDF-430F-B041-5089262E8FB5}.Http|x64.Build.0 = Release|x64
		{C05BE60B-FBDF-430F-B041-5089262E8FB5}.IPP|Win32.ActiveCfg = IPP|Win32
		{C05BE60B-FBDF-430F-B041-5089262E8FB5}.IPP|Win32.Build.0 = IPP|Win32
		{C05BE60B-FBDF-430F-B041-5089262E8FB5}.IPP|x64.ActiveCfg = IPP|x64
		{C05BE60B-FBDF-430F-B041-5089262E8FB5}.IPP|x64.Build.0 = IPP|x64
		{C05BE60B-FBDF-430F-B041-5089262E8FB5}.Release|Win32.ActiveCfg = Release|Win32
		{C05BE60B-FBDF-430F-B041-5089262E8FB5}.Release|Win32.Build.0 = Release|Win32
		{C05BE60B-FBDF-430F-B041-5089262E8FB5}.Release|x64.ActiveCfg = Release|x64
		{C05BE60B-FBDF-430F-B041-5089262E8FB5}.Release|x64.Build.0 = Release|x64
		{C05BE60B-FBDF-430F-B041-5089262E8FB5}.ReleaseWithoutAsm|Win32.ActiveCfg = Release|x64
		{C05BE60B-FBDF-430F-B041-5089262E8FB5}.ReleaseWithoutAsm|x64.ActiveCfg = Release|x64
		{C05BE60B-FBDF-430F-B041-5089262E8FB5}.ReleaseWithoutAsm|x64.Build.0 = Release|x64
		{C05BE60B-FBDF-430F-B041-5089262E8FB5}.SingleImage|Win32.ActiveCfg = IPP|Win32
		{C05BE60B-FBDF-430F-B041-5089262E8FB5}.SingleImage|Win32.Build.0 = IPP|Win32
		{C05BE60B-FBDF-430F-B041-5089262E8FB5}.SingleImage|x64.ActiveCfg = IPP|x64
		{C05BE60B-FBDF-430F-B041-5089262E8FB5}.SingleImage|x64.Build.0 = IPP|x64
		{8D7757CB-5125-4633-AFB1-4B30ED24955F}.ASM Debug|Win32.ActiveCfg = Debug|Win32
		{8D7757CB-5125-4633-AFB1-4B30ED24955F}.ASM Debug|Win32.Build.0 = Debug|Win32
		{8D7757CB-5125-4633-AFB1-4B30ED24955F}.ASM Debug|x64.ActiveCfg = Debug|x64
		{8D7757CB-5125-4633-AFB1-4B30ED24955F}.ASM Debug|x64.Build.0 = Debug|x64
		{8D7757CB-5125-4633-AFB1-4B30ED24955F}.ASM Release|Win32.ActiveCfg = Release|Win32
		{8D7757CB-5125-4633-AFB1-4B30ED24955F}.ASM Release|Win32.Build.0 = Release|Win32
		{8D7757CB-5125-4633-AFB1-4B30ED24955F}.ASM Release|x64.ActiveCfg = Release|x64
		{8D7757CB-5125-4633-AFB1-4B30ED24955F}.ASM Release|x64.Build.0 = Release|x64
		{8D7757CB-5125-4633-AFB1-4B30ED24955F}.CD_ROM|Win32.ActiveCfg = IPP|Win32
		{8D7757CB-5125-4633-AFB1-4B30ED24955F}.CD_ROM|Win32.Build.0 = IPP|Win32
		{8D7757CB-5125-4633-AFB1-4B30ED24955F}.CD_ROM|x64.ActiveCfg = IPP|x64
		{8D7757CB-5125-4633-AFB1-4B30ED24955F}.CD_ROM|x64.Build.0 = IPP|x64
		{8D7757CB-5125-4633-AFB1-4B30ED24955F}.Debug|Win32.ActiveCfg = Debug|Win32
		{8D7757CB-5125-4633-AFB1-4B30ED24955F}.Debug|Win32.Build.0 = Debug|Win32
		{8D7757CB-5125-4633-AFB1-4B30ED24955F}.Debug|x64.ActiveCfg = Debug|x64
		{8D7757CB-5125-4633-AFB1-4B30ED24955F}.Debug|x64.Build.0 = Debug|x64
		{8D7757CB-5125-4633-AFB1-4B30ED24955F}.DVD-5|Win32.ActiveCfg = Debug|Win32
		{8D7757CB-5125-4633-AFB1-4B30ED24955F}.DVD-5|Win32.Build.0 = Debug|Win32
		{8D7757CB-5125-4633-AFB1-4B30ED24955F}.DVD-5|x64.ActiveCfg = Debug|x64
		{8D7757CB-5125-4633-AFB1-4B30ED24955F}.DVD-5|x64.Build.0 = Debug|x64
		{8D7757CB-5125-4633-AFB1-4B30ED24955F}.Http|Win32.ActiveCfg = Release|x64
		{8D7757CB-5125-4633-AFB1-4B30ED24955F}.Http|x64.ActiveCfg = Release|x64
		{8D7757CB-5125-4633-AFB1-4B30ED24955F}.Http|x64.Build.0 = Release|x64
		{8D7757CB-5125-4633-AFB1-4B30ED24955F}.IPP|Win32.ActiveCfg = IPP|Win32
		{8D7757CB-5125-4633-AFB1-4B30ED24955F}.IPP|Win32.Build.0 = IPP|Win32
		{8D7757CB-5125-4633-AFB1-4B30ED24955F}.IPP|x64.ActiveCfg = IPP|x64
		{8D7757CB-5125-4633-AFB1-4B30ED24955F}.IPP|x64.Build.0 = IPP|x64
		{8D7757CB-5125-4633-AFB1-4B30ED24955F}.Release|Win32.ActiveCfg = Release|Win32
		{8D7757CB-5125-4633-AFB1-4B30ED24955F}.Release|Win32.Build.0 = Release|Win32
		{8D7757CB-5125-4633-AFB1-4B30ED24955F}.Release|x64.ActiveCfg = Release|x64
		{8D7757CB-5125-4633-AFB1-4B30ED24955F}.Release|x64.Build.0 = Release|x64
		{8D7757CB-5125-4633-AFB1-4B30ED24955F}.ReleaseWithoutAsm|Win32.ActiveCfg = Release|x64
		{8D7757CB-5125-4633-AFB1-4B30ED24955F}.ReleaseWithoutAsm|x64.ActiveCfg = Release|x64
		{8D7757CB-5125-4633-AFB1-4B30ED24955F}.ReleaseWithoutAsm|x64.Build.0 = Release|x64
		{8D7757CB-5125-4633-AFB1-4B30ED24955F}.SingleImage|Win32.ActiveCfg = IPP|Win32
		{8D7757CB-5125-4633-AFB1-4B30ED24955F}.SingleImage|Win32.Build.0 = IPP|Win32
		{8D7757CB-5125-4633-AFB1-4B30ED24955F}.SingleImage|x64.ActiveCfg = IPP|x64
		{8D7757CB-5125-4633-AFB1-4B30ED24955F}.SingleImage|x64.Build.0 = IPP|x64
		{3B4D8565-E321-48B6-BF15-4EB7ADEC6BFC}.ASM Debug|Win32.ActiveCfg = Debug|Win32
		{3B4D8565-E321-48B6-BF15-4EB7ADEC6BFC}.ASM Debug|Win32.Build.0 = Debug|Win32
		{3B4D8565-E321-48B6-BF15-4EB7ADEC6BFC}.ASM Debug|x64.ActiveCfg = Debug|x64
		{3B4D8565-E321-48B6-BF15-4EB7ADEC6BFC}.ASM Debug|x64.Build.0 = Debug|x64
		{3B4D8565-E321-48B6-BF15-4EB7ADEC6BFC}.ASM Release|Win32.ActiveCfg = Release|Win32
		{3B4D8565-E321-48B6-BF15-4EB7ADEC6BFC}.ASM Release|Win32.Build.0 = Release|Win32
		{3B4D8565-E321-48B6-BF15-4EB7ADEC6BFC}.ASM Release|x64.ActiveCfg = Release|x64
		{3B4D8565-E321-48B6-BF15-4EB7ADEC6BFC}.ASM Release|x64.Build.0 = Release|x64
		{3B4D8565-E321-48B6-BF15-4EB7ADEC6BFC}.CD_ROM|Win32.ActiveCfg = Release|Win32
		{3B4D8565-E321-48B6-BF15-4EB7ADEC6BFC}.CD_ROM|Win32.Build.0 = Release|Win32
		{3B4D8565-E321-48B6-BF15-4EB7ADEC6BFC}.CD_ROM|x64.ActiveCfg = Release|x64
		{3B4D8565-E321-48B6-BF15-4EB7ADEC6BFC}.CD_ROM|x64.Build.0 = Release|x64
		{3B4D8565-E321-48B6-BF15-4EB7ADEC6BFC}.Debug|Win32.ActiveCfg = Debug|Win32
		{3B4D8565-E321-48B6-BF15-4EB7ADEC6BFC}.Debug|Win32.Build.0 = Debug|Win32
		{3B4D8565-E321-48B6-BF15-4EB7ADEC6BFC}.Debug|x64.ActiveCfg = Debug|x64
		{3B4D8565-E321-48B6-BF15-4EB7ADEC6BFC}.Debug|x64.Build.0 = Debug|x64
		{3B4D8565-E321-48B6-BF15-4EB7ADEC6BFC}.DVD-5|Win32.ActiveCfg = Debug|Win32
		{3B4D8565-E321-48B6-BF15-4EB7ADEC6BFC}.DVD-5|Win32.Build.0 = Debug|Win32
		{3B4D8565-E321-48B6-BF15-4EB7ADEC6BFC}.DVD-5|x64.ActiveCfg = Debug|x64
		{3B4D8565-E321-48B6-BF15-4EB7ADEC6BFC}.DVD-5|x64.Build.0 = Debug|x64
		{3B4D8565-E321-48B6-BF15-4EB7ADEC6BFC}.Http|Win32.ActiveCfg = Release|x64
		{3B4D8565-E321-48B6-BF15-4EB7ADEC6BFC}.Http|x64.ActiveCfg = Release|x64
		{3B4D8565-E321-48B6-BF15-4EB7ADEC6BFC}.Http|x64.Build.0 = Release|x64
		{3B4D8565-E321-48B6-BF15-4EB7ADEC6BFC}.IPP|Win32.ActiveCfg = Release|x64
		{3B4D8565-E321-48B6-BF15-4EB7ADEC6BFC}.IPP|x64.ActiveCfg = Release|x64
		{3B4D8565-E321-48B6-BF15-4EB7ADEC6BFC}.IPP|x64.Build.0 = Release|x64
		{3B4D8565-E321-48B6-BF15-4EB7ADEC6BFC}.Release|Win32.ActiveCfg = Release|Win32
		{3B4D8565-E321-48B6-BF15-4EB7ADEC6BFC}.Release|Win32.Build.0 = Release|Win32
		{3B4D8565-E321-48B6-BF15-4EB7ADEC6BFC}.Release|x64.ActiveCfg = Release|x64
		{3B4D8565-E321-48B6-BF15-4EB7ADEC6BFC}.Release|x64.Build.0 = Release|x64
		{3B4D8565-E321-48B6-BF15-4EB7ADEC6BFC}.ReleaseWithoutAsm|Win32.ActiveCfg = Release|x64
		{3B4D8565-E321-48B6-BF15-4EB7ADEC6BFC}.ReleaseWithoutAsm|x64.ActiveCfg = Release|x64
		{3B4D8565-E321-48B6-BF15-4EB7ADEC6BFC}.ReleaseWithoutAsm|x64.Build.0 = Release|x64
		{3B4D8565-E321-48B6-BF15-4EB7ADEC6BFC}.SingleImage|Win32.ActiveCfg = Release|Win32
		{3B4D8565-E321-48B6-BF15-4EB7ADEC6BFC}.SingleImage|Win32.Build.0 = Release|Win32
		{3B4D8565-E321-48B6-BF15-4EB7ADEC6BFC}.SingleImage|x64.ActiveCfg = Release|x64
		{3B4D8565-E321-48B6-BF15-4EB7ADEC6BFC}.SingleImage|x64.Build.0 = Release|x64
		{D0D91AC0-5A78-45E2-8442-5FDE88A0FF98}.ASM Debug|Win32.ActiveCfg = SingleImage
		{D0D91AC0-5A78-45E2-8442-5FDE88A0FF98}.ASM Debug|Win32.Build.0 = SingleImage
		{D0D91AC0-5A78-45E2-8442-5FDE88A0FF98}.ASM Debug|x64.ActiveCfg = SingleImage
		{D0D91AC0-5A78-45E2-8442-5FDE88A0FF98}.ASM Debug|x64.Build.0 = SingleImage
		{D0D91AC0-5A78-45E2-8442-5FDE88A0FF98}.ASM Release|Win32.ActiveCfg = SingleImage
		{D0D91AC0-5A78-45E2-8442-5FDE88A0FF98}.ASM Release|Win32.Build.0 = SingleImage
		{D0D91AC0-5A78-45E2-8442-5FDE88A0FF98}.ASM Release|x64.ActiveCfg = SingleImage
		{D0D91AC0-5A78-45E2-8442-5FDE88A0FF98}.ASM Release|x64.Build.0 = SingleImage
		{D0D91AC0-5A78-45E2-8442-5FDE88A0FF98}.CD_ROM|Win32.ActiveCfg = CD_ROM
		{D0D91AC0-5A78-45E2-8442-5FDE88A0FF98}.CD_ROM|Win32.Build.0 = CD_ROM
		{D0D91AC0-5A78-45E2-8442-5FDE88A0FF98}.CD_ROM|x64.ActiveCfg = CD_ROM
		{D0D91AC0-5A78-45E2-8442-5FDE88A0FF98}.CD_ROM|x64.Build.0 = CD_ROM
		{D0D91AC0-5A78-45E2-8442-5FDE88A0FF98}.Debug|Win32.ActiveCfg = DVD-5
		{D0D91AC0-5A78-45E2-8442-5FDE88A0FF98}.Debug|Win32.Build.0 = DVD-5
		{D0D91AC0-5A78-45E2-8442-5FDE88A0FF98}.Debug|x64.ActiveCfg = DVD-5
		{D0D91AC0-5A78-45E2-8442-5FDE88A0FF98}.Debug|x64.Build.0 = DVD-5
		{D0D91AC0-5A78-45E2-8442-5FDE88A0FF98}.DVD-5|Win32.ActiveCfg = DVD-5
		{D0D91AC0-5A78-45E2-8442-5FDE88A0FF98}.DVD-5|Win32.Build.0 = DVD-5
		{D0D91AC0-5A78-45E2-8442-5FDE88A0FF98}.DVD-5|x64.ActiveCfg = DVD-5
		{D0D91AC0-5A78-45E2-8442-5FDE88A0FF98}.DVD-5|x64.Build.0 = DVD-5
		{D0D91AC0-5A78-45E2-8442-5FDE88A0FF98}.Http|Win32.ActiveCfg = SingleImage
		{D0D91AC0-5A78-45E2-8442-5FDE88A0FF98}.Http|Win32.Build.0 = SingleImage
		{D0D91AC0-5A78-45E2-8442-5FDE88A0FF98}.Http|x64.ActiveCfg = SingleImage
		{D0D91AC0-5A78-45E2-8442-5FDE88A0FF98}.Http|x64.Build.0 = SingleImage
		{D0D91AC0-5A78-45E2-8442-5FDE88A0FF98}.IPP|Win32.ActiveCfg = SingleImage
		{D0D91AC0-5A78-45E2-8442-5FDE88A0FF98}.IPP|Win32.Build.0 = SingleImage
		{D0D91AC0-5A78-45E2-8442-5FDE88A0FF98}.IPP|x64.ActiveCfg = SingleImage
		{D0D91AC0-5A78-45E2-8442-5FDE88A0FF98}.IPP|x64.Build.0 = SingleImage
		{D0D91AC0-5A78-45E2-8442-5FDE88A0FF98}.Release|Win32.ActiveCfg = SingleImage
		{D0D91AC0-5A78-45E2-8442-5FDE88A0FF98}.Release|Win32.Build.0 = SingleImage
		{D0D91AC0-5A78-45E2-8442-5FDE88A0FF98}.Release|x64.ActiveCfg = SingleImage
		{D0D91AC0-5A78-45E2-8442-5FDE88A0FF98}.Release|x64.Build.0 = SingleImage
		{D0D91AC0-5A78-45E2-8442-5FDE88A0FF98}.ReleaseWithoutAsm|Win32.ActiveCfg = SingleImage
		{D0D91AC0-5A78-45E2-8442-5FDE88A0FF98}.ReleaseWithoutAsm|Win32.Build.0 = SingleImage
		{D0D91AC0-5A78-45E2-8442-5FDE88A0FF98}.ReleaseWithoutAsm|x64.ActiveCfg = SingleImage
		{D0D91AC0-5A78-45E2-8442-5FDE88A0FF98}.ReleaseWithoutAsm|x64.Build.0 = SingleImage
		{D0D91AC0-5A78-45E2-8442-5FDE88A0FF98}.SingleImage|Win32.ActiveCfg = SingleImage
		{D0D91AC0-5A78-45E2-8442-5FDE88A0FF98}.SingleImage|Win32.Build.0 = SingleImage
		{D0D91AC0-5A78-45E2-8442-5FDE88A0FF98}.SingleImage|x64.ActiveCfg = SingleImage
		{D0D91AC0-5A78-45E2-8442-5FDE88A0FF98}.SingleImage|x64.Build.0 = SingleImage
		{E52B9956-FE67-47F7-BC4F-67CC5A64B708}.ASM Debug|Win32.ActiveCfg = Debug|Win32
		{E52B9956-FE67-47F7-BC4F-67CC5A64B708}.ASM Debug|Win32.Build.0 = Debug|Win32
		{E52B9956-FE67-47F7-BC4F-67CC5A64B708}.ASM Debug|x64.ActiveCfg = Debug|x64
		{E52B9956-FE67-47F7-BC4F-67CC5A64B708}.ASM Debug|x64.Build.0 = Debug|x64
		{E52B9956-FE67-47F7-BC4F-67CC5A64B708}.ASM Release|Win32.ActiveCfg = Release|Win32
		{E52B9956-FE67-47F7-BC4F-67CC5A64B708}.ASM Release|Win32.Build.0 = Release|Win32
		{E52B9956-FE67-47F7-BC4F-67CC5A64B708}.ASM Release|x64.ActiveCfg = Release|x64
		{E52B9956-FE67-47F7-BC4F-67CC5A64B708}.ASM Release|x64.Build.0 = Release|x64
		{E52B9956-FE67-47F7-BC4F-67CC5A64B708}.CD_ROM|Win32.ActiveCfg = Release|x64
		{E52B9956-FE67-47F7-BC4F-67CC5A64B708}.CD_ROM|x64.ActiveCfg = Release|x64
		{E52B9956-FE67-47F7-BC4F-67CC5A64B708}.CD_ROM|x64.Build.0 = Release|x64
		{E52B9956-FE67-47F7-BC4F-67CC5A64B708}.Debug|Win32.ActiveCfg = Debug|Win32
		{E52B9956-FE67-47F7-BC4F-67CC5A64B708}.Debug|Win32.Build.0 = Debug|Win32
		{E52B9956-FE67-47F7-BC4F-67CC5A64B708}.Debug|x64.ActiveCfg = Debug|x64
		{E52B9956-FE67-47F7-BC4F-67CC5A64B708}.Debug|x64.Build.0 = Debug|x64
		{E52B9956-FE67-47F7-BC4F-67CC5A64B708}.DVD-5|Win32.ActiveCfg = Debug|x64
		{E52B9956-FE67-47F7-BC4F-67CC5A64B708}.DVD-5|x64.ActiveCfg = Debug|x64
		{E52B9956-FE67-47F7-BC4F-67CC5A64B708}.DVD-5|x64.Build.0 = Debug|x64
		{E52B9956-FE67-47F7-BC4F-67CC5A64B708}.Http|Win32.ActiveCfg = Release|x64
		{E52B9956-FE67-47F7-BC4F-67CC5A64B708}.Http|x64.ActiveCfg = Release|x64
		{E52B9956-FE67-47F7-BC4F-67CC5A64B708}.Http|x64.Build.0 = Release|x64
		{E52B9956-FE67-47F7-BC4F-67CC5A64B708}.IPP|Win32.ActiveCfg = IPP|Win32
		{E52B9956-FE67-47F7-BC4F-67CC5A64B708}.IPP|Win32.Build.0 = IPP|Win32
		{E52B9956-FE67-47F7-BC4F-67CC5A64B708}.IPP|x64.ActiveCfg = IPP|x64
		{E52B9956-FE67-47F7-BC4F-67CC5A64B708}.IPP|x64.Build.0 = IPP|x64
		{E52B9956-FE67-47F7-BC4F-67CC5A64B708}.Release|Win32.ActiveCfg = Release|Win32
		{E52B9956-FE67-47F7-BC4F-67CC5A64B708}.Release|Win32.Build.0 = Release|Win32
		{E52B9956-FE67-47F7-BC4F-67CC5A64B708}.Release|x64.ActiveCfg = Release|x64
		{E52B9956-FE67-47F7-BC4F-67CC5A64B708}.Release|x64.Build.0 = Release|x64
		{E52B9956-FE67-47F7-BC4F-67CC5A64B708}.ReleaseWithoutAsm|Win32.ActiveCfg = Release|x64
		{E52B9956-FE67-47F7-BC4F-67CC5A64B708}.ReleaseWithoutAsm|x64.ActiveCfg = Release|x64
		{E52B9956-FE67-47F7-BC4F-67CC5A64B708}.ReleaseWithoutAsm|x64.Build.0 = Release|x64
		{E52B9956-FE67-47F7-BC4F-67CC5A64B708}.SingleImage|Win32.ActiveCfg = Release|x64
		{E52B9956-FE67-47F7-BC4F-67CC5A64B708}.SingleImage|x64.ActiveCfg = Release|x64
		{E52B9956-FE67-47F7-BC4F-67CC5A64B708}.SingleImage|x64.Build.0 = Release|x64
		{DD7B168B-30ED-686C-BB27-EDE3DA7446BC}.ASM Debug|Win32.ActiveCfg = Debug|Win32
		{DD7B168B-30ED-686C-BB27-EDE3DA7446BC}.ASM Debug|Win32.Build.0 = Debug|Win32
		{DD7B168B-30ED-686C-BB27-EDE3DA7446BC}.ASM Debug|x64.ActiveCfg = Debug|Win32
		{DD7B168B-30ED-686C-BB27-EDE3DA7446BC}.ASM Release|Win32.ActiveCfg = Release|Win32
		{DD7B168B-30ED-686C-BB27-EDE3DA7446BC}.ASM Release|Win32.Build.0 = Release|Win32
		{DD7B168B-30ED-686C-BB27-EDE3DA7446BC}.ASM Release|x64.ActiveCfg = Release|Win32
		{DD7B168B-30ED-686C-BB27-EDE3DA7446BC}.CD_ROM|Win32.ActiveCfg = Release|Win32
		{DD7B168B-30ED-686C-BB27-EDE3DA7446BC}.CD_ROM|Win32.Build.0 = Release|Win32
		{DD7B168B-30ED-686C-BB27-EDE3DA7446BC}.CD_ROM|x64.ActiveCfg = Release|Win32
		{DD7B168B-30ED-686C-BB27-EDE3DA7446BC}.Debug|Win32.ActiveCfg = Debug|Win32
		{DD7B168B-30ED-686C-BB27-EDE3DA7446BC}.Debug|Win32.Build.0 = Debug|Win32
		{DD7B168B-30ED-686C-BB27-EDE3DA7446BC}.Debug|x64.ActiveCfg = Debug|x64
		{DD7B168B-30ED-686C-BB27-EDE3DA7446BC}.DVD-5|Win32.ActiveCfg = Debug|Win32
		{DD7B168B-30ED-686C-BB27-EDE3DA7446BC}.DVD-5|Win32.Build.0 = Debug|Win32
		{DD7B168B-30ED-686C-BB27-EDE3DA7446BC}.DVD-5|x64.ActiveCfg = Debug|Win32
		{DD7B168B-30ED-686C-BB27-EDE3DA7446BC}.Http|Win32.ActiveCfg = Release|Win32
		{DD7B168B-30ED-686C-BB27-EDE3DA7446BC}.Http|Win32.Build.0 = Release|Win32
		{DD7B168B-30ED-686C-BB27-EDE3DA7446BC}.Http|x64.ActiveCfg = Release|Win32
		{DD7B168B-30ED-686C-BB27-EDE3DA7446BC}.IPP|Win32.ActiveCfg = Release|Win32
		{DD7B168B-30ED-686C-BB27-EDE3DA7446BC}.IPP|Win32.Build.0 = Release|Win32
		{DD7B168B-30ED-686C-BB27-EDE3DA7446BC}.IPP|x64.ActiveCfg = Release|Win32
		{DD7B168B-30ED-686C-BB27-EDE3DA7446BC}.Release|Win32.ActiveCfg = Release|Win32
		{DD7B168B-30ED-686C-BB27-EDE3DA7446BC}.Release|Win32.Build.0 = Release|Win32
		{DD7B168B-30ED-686C-BB27-EDE3DA7446BC}.Release|x64.ActiveCfg = Release|x64
		{DD7B168B-30ED-686C-BB27-EDE3DA7446BC}.ReleaseWithoutAsm|Win32.ActiveCfg = Release|Win32
		{DD7B168B-30ED-686C-BB27-EDE3DA7446BC}.ReleaseWithoutAsm|Win32.Build.0 = Release|Win32
		{DD7B168B-30ED-686C-BB27-EDE3DA7446BC}.ReleaseWithoutAsm|x64.ActiveCfg = Release|Win32
		{DD7B168B-30ED-686C-BB27-EDE3DA7446BC}.SingleImage|Win32.ActiveCfg = Release|Win32
		{DD7B168B-30ED-686C-BB27-EDE3DA7446BC}.SingleImage|Win32.Build.0 = Release|Win32
		{DD7B168B-30ED-686C-BB27-EDE3DA7446BC}.SingleImage|x64.ActiveCfg = Release|x64
		{DD7B168B-30ED-686C-BB27-EDE3DA7446BC}.SingleImage|x64.Build.0 = Release|x64
		{1CF11768-6A86-4C73-B27E-C5845C69B7C6}.ASM Debug|Win32.ActiveCfg = Debug|Win32
		{1CF11768-6A86-4C73-B27E-C5845C69B7C6}.ASM Debug|Win32.Build.0 = Debug|Win32
		{1CF11768-6A86-4C73-B27E-C5845C69B7C6}.ASM Debug|x64.ActiveCfg = Debug|x64
		{1CF11768-6A86-4C73-B27E-C5845C69B7C6}.ASM Debug|x64.Build.0 = Debug|x64
		{1CF11768-6A86-4C73-B27E-C5845C69B7C6}.ASM Release|Win32.ActiveCfg = Release|Win32
		{1CF11768-6A86-4C73-B27E-C5845C69B7C6}.ASM Release|Win32.Build.0 = Release|Win32
		{1CF11768-6A86-4C73-B27E-C5845C69B7C6}.ASM Release|x64.ActiveCfg = Release|x64
		{1CF11768-6A86-4C73-B27E-C5845C69B7C6}.ASM Release|x64.Build.0 = Release|x64
		{1CF11768-6A86-4C73-B27E-C5845C69B7C6}.CD_ROM|Win32.ActiveCfg = Release|Win32
		{1CF11768-6A86-4C73-B27E-C5845C69B7C6}.CD_ROM|Win32.Build.0 = Release|Win32
		{1CF11768-6A86-4C73-B27E-C5845C69B7C6}.CD_ROM|x64.ActiveCfg = Release|x64
		{1CF11768-6A86-4C73-B27E-C5845C69B7C6}.CD_ROM|x64.Build.0 = Release|x64
		{1CF11768-6A86-4C73-B27E-C5845C69B7C6}.Debug|Win32.ActiveCfg = Debug|Win32
		{1CF11768-6A86-4C73-B27E-C5845C69B7C6}.Debug|Win32.Build.0 = Debug|Win32
		{1CF11768-6A86-4C73-B27E-C5845C69B7C6}.Debug|x64.ActiveCfg = Debug|x64
		{1CF11768-6A86-4C73-B27E-C5845C69B7C6}.Debug|x64.Build.0 = Debug|x64
		{1CF11768-6A86-4C73-B27E-C5845C69B7C6}.DVD-5|Win32.ActiveCfg = Debug|Win32
		{1CF11768-6A86-4C73-B27E-C5845C69B7C6}.DVD-5|Win32.Build.0 = Debug|Win32
		{1CF11768-6A86-4C73-B27E-C5845C69B7C6}.DVD-5|x64.ActiveCfg = Debug|x64
		{1CF11768-6A86-4C73-B27E-C5845C69B7C6}.DVD-5|x64.Build.0 = Debug|x64
		{1CF11768-6A86-4C73-B27E-C5845C69B7C6}.Http|Win32.ActiveCfg = Release|Win32
		{1CF11768-6A86-4C73-B27E-C5845C69B7C6}.Http|Win32.Build.0 = Release|Win32
		{1CF11768-6A86-4C73-B27E-C5845C69B7C6}.Http|x64.ActiveCfg = Release|x64
		{1CF11768-6A86-4C73-B27E-C5845C69B7C6}.Http|x64.Build.0 = Release|x64
		{1CF11768-6A86-4C73-B27E-C5845C69B7C6}.IPP|Win32.ActiveCfg = Release|Win32
		{1CF11768-6A86-4C73-B27E-C5845C69B7C6}.IPP|Win32.Build.0 = Release|Win32
		{1CF11768-6A86-4C73-B27E-C5845C69B7C6}.IPP|x64.ActiveCfg = Release|x64
		{1CF11768-6A86-4C73-B27E-C5845C69B7C6}.IPP|x64.Build.0 = Release|x64
		{1CF11768-6A86-4C73-B27E-C5845C69B7C6}.Release|Win32.ActiveCfg = Release|Win32
		{1CF11768-6A86-4C73-B27E-C5845C69B7C6}.Release|Win32.Build.0 = Release|Win32
		{1CF11768-6A86-4C73-B27E-C5845C69B7C6}.Release|x64.ActiveCfg = Release|x64
		{1CF11768-6A86-4C73-B27E-C5845C69B7C6}.Release|x64.Build.0 = Release|x64
		{1CF11768-6A86-4C73-B27E-C5845C69B7C6}.ReleaseWithoutAsm|Win32.ActiveCfg = Release|Win32
		{1CF11768-6A86-4C73-B27E-C5845C69B7C6}.ReleaseWithoutAsm|Win32.Build.0 = Release|Win32
		{1CF11768-6A86-4C73-B27E-C5845C69B7C6}.ReleaseWithoutAsm|x64.ActiveCfg = Release|x64
		{1CF11768-6A86-4C73-B27E-C5845C69B7C6}.ReleaseWithoutAsm|x64.Build.0 = Release|x64
		{1CF11768-6A86-4C73-B27E-C5845C69B7C6}.SingleImage|Win32.ActiveCfg = Release|Win32
		{1CF11768-6A86-4C73-B27E-C5845C69B7C6}.SingleImage|Win32.Build.0 = Release|Win32
		{1CF11768-6A86-4C73-B27E-C5845C69B7C6}.SingleImage|x64.ActiveCfg = Release|x64
		{1CF11768-6A86-4C73-B27E-C5845C69B7C6}.SingleImage|x64.Build.0 = Release|x64
		{615BBC95-8125-4FFD-B6D5-C7D851D72529}.ASM Debug|Win32.ActiveCfg = Debug|Win32
		{615BBC95-8125-4FFD-B6D5-C7D851D72529}.ASM Debug|Win32.Build.0 = Debug|Win32
		{615BBC95-8125-4FFD-B6D5-C7D851D72529}.ASM Debug|x64.ActiveCfg = Debug|x64
		{615BBC95-8125-4FFD-B6D5-C7D851D72529}.ASM Debug|x64.Build.0 = Debug|x64
		{615BBC95-8125-4FFD-B6D5-C7D851D72529}.ASM Release|Win32.ActiveCfg = Release|Win32
		{615BBC95-8125-4FFD-B6D5-C7D851D72529}.ASM Release|Win32.Build.0 = Release|Win32
		{615BBC95-8125-4FFD-B6D5-C7D851D72529}.ASM Release|x64.ActiveCfg = Release|x64
		{615BBC95-8125-4FFD-B6D5-C7D851D72529}.ASM Release|x64.Build.0 = Release|x64
		{615BBC95-8125-4FFD-B6D5-C7D851D72529}.CD_ROM|Win32.ActiveCfg = Release|Win32
		{615BBC95-8125-4FFD-B6D5-C7D851D72529}.CD_ROM|Win32.Build.0 = Release|Win32
		{615BBC95-8125-4FFD-B6D5-C7D851D72529}.CD_ROM|x64.ActiveCfg = Release|x64
		{615BBC95-8125-4FFD-B6D5-C7D851D72529}.CD_ROM|x64.Build.0 = Release|x64
		{615BBC95-8125-4FFD-B6D5-C7D851D72529}.Debug|Win32.ActiveCfg = Debug|Win32
		{615BBC95-8125-4FFD-B6D5-C7D851D72529}.Debug|Win32.Build.0 = Debug|Win32
		{615BBC95-8125-4FFD-B6D5-C7D851D72529}.Debug|x64.ActiveCfg = Debug|x64
		{615BBC95-8125-4FFD-B6D5-C7D851D72529}.Debug|x64.Build.0 = Debug|x64
		{615BBC95-8125-4FFD-B6D5-C7D851D72529}.DVD-5|Win32.ActiveCfg = Debug|Win32
		{615BBC95-8125-4FFD-B6D5-C7D851D72529}.DVD-5|Win32.Build.0 = Debug|Win32
		{615BBC95-8125-4FFD-B6D5-C7D851D72529}.DVD-5|x64.ActiveCfg = Debug|x64
		{615BBC95-8125-4FFD-B6D5-C7D851D72529}.DVD-5|x64.Build.0 = Debug|x64
		{615BBC95-8125-4FFD-B6D5-C7D851D72529}.Http|Win32.ActiveCfg = Release|Win32
		{615BBC95-8125-4FFD-B6D5-C7D851D72529}.Http|Win32.Build.0 = Release|Win32
		{615BBC95-8125-4FFD-B6D5-C7D851D72529}.Http|x64.ActiveCfg = Release|x64
		{615BBC95-8125-4FFD-B6D5-C7D851D72529}.Http|x64.Build.0 = Release|x64
		{615BBC95-8125-4FFD-B6D5-C7D851D72529}.IPP|Win32.ActiveCfg = Release|Win32
		{615BBC95-8125-4FFD-B6D5-C7D851D72529}.IPP|Win32.Build.0 = Release|Win32
		{615BBC95-8125-4FFD-B6D5-C7D851D72529}.IPP|x64.ActiveCfg = Release|x64
		{615BBC95-8125-4FFD-B6D5-C7D851D72529}.IPP|x64.Build.0 = Release|x64
		{615BBC95-8125-4FFD-B6D5-C7D851D72529}.Release|Win32.ActiveCfg = Release|Win32
		{615BBC95-8125-4FFD-B6D5-C7D851D72529}.Release|Win32.Build.0 = Release|Win32
		{615BBC95-8125-4FFD-B6D5-C7D851D72529}.Release|x64.ActiveCfg = Release|x64
		{615BBC95-8125-4FFD-B6D5-C7D851D72529}.Release|x64.Build.0 = Release|x64
		{615BBC95-8125-4FFD-B6D5-C7D851D72529}.ReleaseWithoutAsm|Win32.ActiveCfg = Release|Win32
		{615BBC95-8125-4FFD-B6D5-C7D851D72529}.ReleaseWithoutAsm|Win32.Build.0 = Release|Win32
		{615BBC95-8125-4FFD-B6D5-C7D851D72529}.ReleaseWithoutAsm|x64.ActiveCfg = Release|x64
		{615BBC95-8125-4FFD-B6D5-C7D851D72529}.ReleaseWithoutAsm|x64.Build.0 = Release|x64
		{615BBC95-8125-4FFD-B6D5-C7D851D72529}.SingleImage|Win32.ActiveCfg = Release|Win32
		{615BBC95-8125-4FFD-B6D5-C7D851D72529}.SingleImage|Win32.Build.0 = Release|Win32
		{615BBC95-8125-4FFD-B6D5-C7D851D72529}.SingleImage|x64.ActiveCfg = Release|x64
		{615BBC95-8125-4FFD-B6D5-C7D851D72529}.SingleImage|x64.Build.0 = Release|x64
	EndGlobalSection
	GlobalSection(SolutionProperties) = preSolution
		HideSolutionNode = FALSE
	EndGlobalSection
EndGlobal
