
Microsoft Visual Studio Solution File, Format Version 10.00
# Visual Studio 2008
Project("{8BC9CEB8-8B4A-11D0-8D11-00A0C91BC942}") = "libjpeg-turbo-win", "libjpeg-turbo-win.vcproj", "{04F91FA4-2D94-4803-BA3B-B61FBEF0ABE3}"
EndProject
Global
	GlobalSection(SolutionConfigurationPlatforms) = preSolution
		DebugDll|Win32 = DebugDll|Win32
		DebugDll|x64 = DebugDll|x64
		DebugDll-Static|Win32 = DebugDll-Static|Win32
		DebugDll-Static|x64 = DebugDll-Static|x64
		DebugLib|Win32 = DebugLib|Win32
		DebugLib|x64 = DebugLib|x64
		DebugLib-Static|Win32 = DebugLib-Static|Win32
		DebugLib-Static|x64 = DebugLib-Static|x64
		ReleaseDll|Win32 = ReleaseDll|Win32
		ReleaseDll|x64 = ReleaseDll|x64
		ReleaseDll-Static|Win32 = ReleaseDll-Static|Win32
		ReleaseDll-Static|x64 = ReleaseDll-Static|x64
		ReleaseLib|Win32 = ReleaseLib|Win32
		ReleaseLib|x64 = ReleaseLib|x64
		ReleaseLib-Static|Win32 = ReleaseLib-Static|Win32
		ReleaseLib-Static|x64 = ReleaseLib-Static|x64
	EndGlobalSection
	GlobalSection(ProjectConfigurationPlatforms) = postSolution
		{04F91FA4-2D94-4803-BA3B-B61FBEF0ABE3}.DebugDll|Win32.ActiveCfg = DebugDll|Win32
		{04F91FA4-2D94-4803-BA3B-B61FBEF0ABE3}.DebugDll|Win32.Build.0 = DebugDll|Win32
		{04F91FA4-2D94-4803-BA3B-B61FBEF0ABE3}.DebugDll|x64.ActiveCfg = DebugDll|x64
		{04F91FA4-2D94-4803-BA3B-B61FBEF0ABE3}.DebugDll|x64.Build.0 = DebugDll|x64
		{04F91FA4-2D94-4803-BA3B-B61FBEF0ABE3}.DebugDll-Static|Win32.ActiveCfg = DebugDll-Static|Win32
		{04F91FA4-2D94-4803-BA3B-B61FBEF0ABE3}.DebugDll-Static|Win32.Build.0 = DebugDll-Static|Win32
		{04F91FA4-2D94-4803-BA3B-B61FBEF0ABE3}.DebugDll-Static|x64.ActiveCfg = DebugDll-Static|x64
		{04F91FA4-2D94-4803-BA3B-B61FBEF0ABE3}.DebugDll-Static|x64.Build.0 = DebugDll-Static|x64
		{04F91FA4-2D94-4803-BA3B-B61FBEF0ABE3}.DebugLib|Win32.ActiveCfg = DebugLib|Win32
		{04F91FA4-2D94-4803-BA3B-B61FBEF0ABE3}.DebugLib|Win32.Build.0 = DebugLib|Win32
		{04F91FA4-2D94-4803-BA3B-B61FBEF0ABE3}.DebugLib|x64.ActiveCfg = DebugLib|x64
		{04F91FA4-2D94-4803-BA3B-B61FBEF0ABE3}.DebugLib|x64.Build.0 = DebugLib|x64
		{04F91FA4-2D94-4803-BA3B-B61FBEF0ABE3}.DebugLib-Static|Win32.ActiveCfg = DebugLib-Static|Win32
		{04F91FA4-2D94-4803-BA3B-B61FBEF0ABE3}.DebugLib-Static|Win32.Build.0 = DebugLib-Static|Win32
		{04F91FA4-2D94-4803-BA3B-B61FBEF0ABE3}.DebugLib-Static|x64.ActiveCfg = DebugLib-Static|x64
		{04F91FA4-2D94-4803-BA3B-B61FBEF0ABE3}.DebugLib-Static|x64.Build.0 = DebugLib-Static|x64
		{04F91FA4-2D94-4803-BA3B-B61FBEF0ABE3}.ReleaseDll|Win32.ActiveCfg = ReleaseDll|Win32
		{04F91FA4-2D94-4803-BA3B-B61FBEF0ABE3}.ReleaseDll|Win32.Build.0 = ReleaseDll|Win32
		{04F91FA4-2D94-4803-BA3B-B61FBEF0ABE3}.ReleaseDll|x64.ActiveCfg = ReleaseDll|x64
		{04F91FA4-2D94-4803-BA3B-B61FBEF0ABE3}.ReleaseDll|x64.Build.0 = ReleaseDll|x64
		{04F91FA4-2D94-4803-BA3B-B61FBEF0ABE3}.ReleaseDll-Static|Win32.ActiveCfg = ReleaseDll-Static|Win32
		{04F91FA4-2D94-4803-BA3B-B61FBEF0ABE3}.ReleaseDll-Static|Win32.Build.0 = ReleaseDll-Static|Win32
		{04F91FA4-2D94-4803-BA3B-B61FBEF0ABE3}.ReleaseDll-Static|x64.ActiveCfg = ReleaseDll-Static|x64
		{04F91FA4-2D94-4803-BA3B-B61FBEF0ABE3}.ReleaseDll-Static|x64.Build.0 = ReleaseDll-Static|x64
		{04F91FA4-2D94-4803-BA3B-B61FBEF0ABE3}.ReleaseLib|Win32.ActiveCfg = ReleaseLib|Win32
		{04F91FA4-2D94-4803-BA3B-B61FBEF0ABE3}.ReleaseLib|Win32.Build.0 = ReleaseLib|Win32
		{04F91FA4-2D94-4803-BA3B-B61FBEF0ABE3}.ReleaseLib|x64.ActiveCfg = ReleaseLib|x64
		{04F91FA4-2D94-4803-BA3B-B61FBEF0ABE3}.ReleaseLib|x64.Build.0 = ReleaseLib|x64
		{04F91FA4-2D94-4803-BA3B-B61FBEF0ABE3}.ReleaseLib-Static|Win32.ActiveCfg = ReleaseLib-Static|Win32
		{04F91FA4-2D94-4803-BA3B-B61FBEF0ABE3}.ReleaseLib-Static|Win32.Build.0 = ReleaseLib-Static|Win32
		{04F91FA4-2D94-4803-BA3B-B61FBEF0ABE3}.ReleaseLib-Static|x64.ActiveCfg = ReleaseLib-Static|x64
		{04F91FA4-2D94-4803-BA3B-B61FBEF0ABE3}.ReleaseLib-Static|x64.Build.0 = ReleaseLib-Static|x64
	EndGlobalSection
	GlobalSection(SolutionProperties) = preSolution
		HideSolutionNode = FALSE
	EndGlobalSection
EndGlobal
