<?xml version="1.0" encoding="utf-8"?>
<Project ToolsVersion="4.0" xmlns="http://schemas.microsoft.com/developer/msbuild/2003">
  <ItemGroup>
    <Manifest Include="winvnc.exe.manifest" />
  </ItemGroup>
  <ItemGroup>
    <ClCompile Include="..\..\common\Clipboard.cpp" />
    <ClCompile Include="..\..\common\d3des.c" />
    <ClCompile Include="..\..\common\Hyperlinks.cpp" />
    <ClCompile Include="..\..\common\inifile.cpp" />
    <ClCompile Include="..\..\common\UltraVncZ.cpp" />
    <ClCompile Include="..\loadmemory\loadDllFromMemory.cpp" />
    <ClCompile Include="..\loadmemory\MemoryModule.c" />
    <ClCompile Include="benchmark.cpp" />
    <ClCompile Include="buildtime.cpp" />
    <ClCompile Include="cadthread.cpp" />
    <ClCompile Include="DlgChangePassword.cpp" />
    <ClCompile Include="CpuUsage.cpp" />
    <ClCompile Include="..\..\rfb\dh.cpp" />
    <ClCompile Include="..\..\DSMPlugin\DSMPlugin.cpp" />
    <ClCompile Include="DeskdupEngine.cpp" />
    <ClCompile Include="Dtwinver.cpp" />
    <ClCompile Include="getinfo.cpp" />
    <ClCompile Include="HelperFunctions.cpp" />
    <ClCompile Include="HideDesktop.cpp" />
    <ClCompile Include="IPC.cpp" />
    <ClCompile Include="..\..\lzo\minilzo.c" />
    <ClCompile Include="LayeredWindows.cpp" />
    <ClCompile Include="MouseSimulator.cpp" />
    <ClCompile Include="PropertiesDialog.cpp" />
    <ClCompile Include="rfbRegion_win32.cpp" />
    <ClCompile Include="rfbRegion_X11.cxx" />
    <ClCompile Include="rfbUpdateTracker.cpp" />
    <ClCompile Include="RulesListView.cpp" />
    <ClCompile Include="ScreenCapture.cpp" />
    <ClCompile Include="ScSelect.cpp" />
    <ClCompile Include="credentials.cpp" />
    <ClCompile Include="SettingsManager.cpp" />
    <ClCompile Include="UdpEchoServer.cpp" />
    <ClCompile Include="UltraVNCService.cpp" />
    <ClCompile Include="stdhdrs.cpp" />
    <ClCompile Include="tableinitcmtemplate.cpp" />
    <ClCompile Include="tableinittctemplate.cpp" />
    <ClCompile Include="tabletranstemplate.cpp" />
    <ClCompile Include="TextChat.cpp" />
    <ClCompile Include="translate.cpp" />
    <ClCompile Include="uvncUiAccess.cpp" />
    <ClCompile Include="videodriver.cpp" />
    <ClCompile Include="videodrivercheck.cpp" />
    <ClCompile Include="VirtualDisplay.cpp" />
    <ClCompile Include="vistahook.cpp" />
    <ClCompile Include="vncabout.cpp" />
    <ClCompile Include="vncacceptdialog.cpp" />
    <ClCompile Include="vncauth.c" />
    <ClCompile Include="vncbuffer.cpp" />
    <ClCompile Include="vncclient.cpp" />
    <ClCompile Include="vncconndialog.cpp" />
    <ClCompile Include="vncdesktop.cpp" />
    <ClCompile Include="vncdesktopsink.cpp" />
    <ClCompile Include="vncDesktopSW.cpp" />
    <ClCompile Include="vncdesktopthread.cpp" />
    <ClCompile Include="vncencodecorre.cpp" />
    <ClCompile Include="vncencodehext.cpp" />
    <ClCompile Include="vncencoder.cpp" />
    <ClCompile Include="vncencoderCursor.cpp" />
    <ClCompile Include="vncencoderre.cpp" />
    <ClCompile Include="vncEncodeTight.cpp" />
    <ClCompile Include="vncEncodeUltra.cpp" />
    <ClCompile Include="vncEncodeUltra2.cpp" />
    <ClCompile Include="vncEncodeXZ.cpp" />
    <ClCompile Include="vncEncodeZlib.cpp" />
    <ClCompile Include="vncEncodeZlibHex.cpp" />
    <ClCompile Include="vncencodezrle.cpp" />
    <ClCompile Include="vnchttpconnect.cpp" />
    <ClCompile Include="vncinsthandler.cpp" />
    <ClCompile Include="vnckeymap.cpp" />
    <ClCompile Include="vncListDlg.cpp" />
    <ClCompile Include="vnclog.cpp" />
    <ClCompile Include="vncmenu.cpp" />
    <ClCompile Include="vncMultiMonitor.cpp" />
    <ClCompile Include="vncntlm.cpp" />
    <ClCompile Include="vncOSVersion.cpp" />
    <ClCompile Include="SchannelTLS.cpp" />
    <ClCompile Include="vncserver.cpp" />
    <ClCompile Include="vncsetauth.cpp" />
    <ClCompile Include="vncsockconnect.cpp" />
    <ClCompile Include="vnctimedmsgbox.cpp" />
    <ClCompile Include="vsocket.cpp" />
    <ClCompile Include="..\..\common\win32_helpers.cpp" />
    <ClCompile Include="winvnc.cpp" />
    <ClCompile Include="..\..\common\vnc_bridge_impl.cpp" />
    <ClCompile Include="..\..\common\ZipUnzip\MiniZipNG.cpp" />
  </ItemGroup>
  <ItemGroup>
    <ClInclude Include="..\..\common\d3des.h" />
    <ClInclude Include="..\..\common\Hyperlinks.h" />
    <ClInclude Include="..\..\common\inifile.h" />
    <ClInclude Include="..\..\common\UltraVncZ.h" />
    <ClInclude Include="..\loadmemory\loadDllFromMemory.h" />
    <ClInclude Include="..\loadmemory\MemoryModule.h" />
    <ClInclude Include="cadthread.h" />
    <ClInclude Include="DlgChangePassword.h" />
    <ClInclude Include="CpuUsage.h" />
    <ClInclude Include="DeskdupEngine.h" />
    <ClInclude Include="Dtwinver.h" />
    <ClInclude Include="..\..\common\win32_helpers.h" />
    <ClInclude Include="..\..\common\ZipUnzip\MiniZipNG.h" />
    <ClInclude Include="..\..\rfb\dh.h" />
    <ClInclude Include="..\..\DSMPlugin\DSMPlugin.h" />
    <ClInclude Include="HelperFunctions.h" />
    <ClInclude Include="HideDesktop.h" />
    <ClInclude Include="IPC.h" />
    <ClInclude Include="keysymdef.h" />
    <ClInclude Include="LayeredWindows.h" />
    <ClInclude Include="MouseSimulator.h" />
    <ClInclude Include="PropertiesDialog.h" />
    <ClInclude Include="resource.h" />
    <ClInclude Include="rfb.h" />
    <ClInclude Include="rfbMisc.h" />
    <ClInclude Include="..\..\rfb\rfbproto.h" />
    <ClInclude Include="rfbRect.h" />
    <ClInclude Include="rfbRegion.h" />
    <ClInclude Include="rfbRegion_win32.h" />
    <ClInclude Include="rfbRegion_X11.h" />
    <ClInclude Include="rfbUpdateTracker.h" />
    <ClInclude Include="RulesListView.h" />
    <ClInclude Include="ScreenCapture.h" />
    <ClInclude Include="ScSelect.h" />
    <ClInclude Include="credentials.h" />
    <ClInclude Include="SettingsManager.h" />
    <ClInclude Include="stdhdrs.h" />
    <ClInclude Include="TextChat.h" />
    <ClInclude Include="translate.h" />
    <ClInclude Include="UdpEchoServer.h" />
    <ClInclude Include="UltraVNCService.h" />
    <ClInclude Include="uvncUiAccess.h" />
    <ClInclude Include="videodriver.h" />
    <ClInclude Include="VirtualDisplay.h" />
    <ClInclude Include="vncabout.h" />
    <ClInclude Include="vncacceptdialog.h" />
    <ClInclude Include="vncauth.h" />
    <ClInclude Include="vncbuffer.h" />
    <ClInclude Include="vncclient.h" />
    <ClInclude Include="vncconndialog.h" />
    <ClInclude Include="vncdesktop.h" />
    <ClInclude Include="vncdesktopthread.h" />
    <ClInclude Include="vncencodecorre.h" />
    <ClInclude Include="vncencodehext.h" />
    <ClInclude Include="vncencodemgr.h" />
    <ClInclude Include="vncencoder.h" />
    <ClInclude Include="vncencoderre.h" />
    <ClInclude Include="vncEncodeTight.h" />
    <ClInclude Include="vncEncodeUltra.h" />
    <ClInclude Include="vncEncodeUltra2.h" />
    <ClInclude Include="vncEncodeXZ.h" />
    <ClInclude Include="vncEncodeZlib.h" />
    <ClInclude Include="vncEncodeZlibHex.h" />
    <ClInclude Include="vncencodezrle.h" />
    <ClInclude Include="vnchttpconnect.h" />
    <ClInclude Include="SchannelTLS.h" />
    <ClInclude Include="vncinsthandler.h" />
    <ClInclude Include="vnckeymap.h" />
    <ClInclude Include="vncListDlg.h" />
    <ClInclude Include="vnclog.h" />
    <ClInclude Include="vncmenu.h" />
    <ClInclude Include="vncpasswd.h" />
    <ClInclude Include="vncserver.h" />
    <ClInclude Include="vncsetauth.h" />
    <ClInclude Include="vncsockconnect.h" />
    <ClInclude Include="vnctimedmsgbox.h" />
    <ClInclude Include="vsocket.h" />
    <ClInclude Include="vtypes.h" />
    <ClInclude Include="winvnc.h" />
    <ClInclude Include="..\..\common\vnc_bridge.h">
      <Filter>headers</Filter>
    </ClInclude>
  </ItemGroup>
  <ItemGroup>
    <ResourceCompile Include="winvnc.rc" />
  </ItemGroup>
  <ItemGroup>
    <Image Include="down.bmp" />
    <Image Include="res\down.bmp" />
    <Image Include="res\LedGreen.bmp" />
    <Image Include="res\LedRed.bmp" />
    <Image Include="res\LedYellow.bmp" />
    <Image Include="res\up.bmp" />
    <Image Include="res\world3a.bmp" />
    <Image Include="up.bmp" />
  </ItemGroup>
  <ItemGroup>
    <None Include="..\..\common\versionServerViewer.inc" />
    <None Include="..\SC_20\ddengine.dll" />
    <None Include="..\SC_20\SecureVNCPlugin.dsm" />
    <None Include="cpp.hint" />
    <None Include="cursor1.cur" />
    <None Include="cursor2.cur" />
    <None Include="cursor3.cur" />
    <None Include="cursor4.cur" />
    <None Include="cursor5.cur" />
    <None Include="cursor6.cur" />
    <None Include="cursor7.cur" />
    <None Include="cursor8.cur" />
    <None Include="cursor9.cur" />
    <None Include="res\cursor1.cur" />
    <None Include="res\cursor2.cur" />
    <None Include="res\cursor3.cur" />
    <None Include="res\cursor4.cur" />
    <None Include="res\cursor5.cur" />
    <None Include="res\cursor6.cur" />
    <None Include="res\cursor7.cur" />
    <None Include="res\cursor8.cur" />
    <None Include="res\cursor9.cur" />
    <None Include="version.rc2" />
    <None Include="vnc.hh" />
    <None Include="res\background.bmp" />
    <None Include="res\background2.bmp" />
    <None Include="res\Finger.cur" />
    <None Include="res\ico00001.ico" />
    <None Include="res\icon1.ico" />
    <None Include="res\icon2.ico" />
    <None Include="res\runas.bmp" />
    <None Include="res\vdacc.bmp" />
    <None Include="res\vnc-1.bmp" />
    <None Include="res\vnc-1.ico" />
    <None Include="vnc.bmp" />
    <None Include="res\vnc.bmp" />
    <None Include="res\vnc64.BMP" />
    <None Include="res\world3a.ico" />
    <None Include="res\winvnc.ico" />
    <None Include="res\ww-grn-sq2.ico" />
    <None Include="res\ding_dong.wav" />
    <None Include="..\..\3rdparty\noVNC\core\base64.js" />
    <None Include="..\..\3rdparty\noVNC\core\crypto\aes.js" />
    <None Include="..\..\3rdparty\noVNC\core\crypto\bigint.js" />
    <None Include="..\..\3rdparty\noVNC\core\crypto\crypto.js" />
    <None Include="..\..\3rdparty\noVNC\core\crypto\des.js" />
    <None Include="..\..\3rdparty\noVNC\core\crypto\dh.js" />
    <None Include="..\..\3rdparty\noVNC\core\crypto\md5.js" />
    <None Include="..\..\3rdparty\noVNC\core\crypto\rsa.js" />
    <None Include="..\..\3rdparty\noVNC\core\decoders\copyrect.js" />
    <None Include="..\..\3rdparty\noVNC\core\decoders\h264.js" />
    <None Include="..\..\3rdparty\noVNC\core\decoders\hextile.js" />
    <None Include="..\..\3rdparty\noVNC\core\decoders\jpeg.js" />
    <None Include="..\..\3rdparty\noVNC\core\decoders\raw.js" />
    <None Include="..\..\3rdparty\noVNC\core\decoders\rre.js" />
    <None Include="..\..\3rdparty\noVNC\core\decoders\tight.js" />
    <None Include="..\..\3rdparty\noVNC\core\decoders\tightpng.js" />
    <None Include="..\..\3rdparty\noVNC\core\decoders\zlib.js" />
    <None Include="..\..\3rdparty\noVNC\core\decoders\zrle.js" />
    <None Include="..\..\3rdparty\noVNC\core\deflator.js" />
    <None Include="..\..\3rdparty\noVNC\core\display.js" />
    <None Include="..\..\3rdparty\noVNC\core\encodings.js" />
    <None Include="..\..\3rdparty\noVNC\core\inflator.js" />
    <None Include="..\..\3rdparty\noVNC\core\input\domkeytable.js" />
    <None Include="..\..\3rdparty\noVNC\core\input\fixedkeys.js" />
    <None Include="..\..\3rdparty\noVNC\core\input\gesturehandler.js" />
    <None Include="..\..\3rdparty\noVNC\core\input\keyboard.js" />
    <None Include="..\..\3rdparty\noVNC\core\input\keysym.js" />
    <None Include="..\..\3rdparty\noVNC\core\input\keysymdef.js" />
    <None Include="..\..\3rdparty\noVNC\core\input\util.js" />
    <None Include="..\..\3rdparty\noVNC\core\input\vkeys.js" />
    <None Include="..\..\3rdparty\noVNC\core\input\xtscancodes.js" />
    <None Include="..\..\3rdparty\noVNC\core\ra2.js" />
    <None Include="..\..\3rdparty\noVNC\core\rfb.js" />
    <None Include="..\..\3rdparty\noVNC\core\util\browser.js" />
    <None Include="..\..\3rdparty\noVNC\core\util\cursor.js" />
    <None Include="..\..\3rdparty\noVNC\core\util\element.js" />
    <None Include="..\..\3rdparty\noVNC\core\util\events.js" />
    <None Include="..\..\3rdparty\noVNC\core\util\eventtarget.js" />
    <None Include="..\..\3rdparty\noVNC\core\util\int.js" />
    <None Include="..\..\3rdparty\noVNC\core\util\logging.js" />
    <None Include="..\..\3rdparty\noVNC\core\util\strings.js" />
    <None Include="..\..\3rdparty\noVNC\core\websock.js" />
    <None Include="..\..\3rdparty\noVNC\vendor\pako\lib\utils\common.js" />
    <None Include="..\..\3rdparty\noVNC\vendor\pako\lib\zlib\adler32.js" />
    <None Include="..\..\3rdparty\noVNC\vendor\pako\lib\zlib\constants.js" />
    <None Include="..\..\3rdparty\noVNC\vendor\pako\lib\zlib\crc32.js" />
    <None Include="..\..\3rdparty\noVNC\vendor\pako\lib\zlib\deflate.js" />
    <None Include="..\..\3rdparty\noVNC\vendor\pako\lib\zlib\gzheader.js" />
    <None Include="..\..\3rdparty\noVNC\vendor\pako\lib\zlib\inffast.js" />
    <None Include="..\..\3rdparty\noVNC\vendor\pako\lib\zlib\inflate.js" />
    <None Include="..\..\3rdparty\noVNC\vendor\pako\lib\zlib\inftrees.js" />
    <None Include="..\..\3rdparty\noVNC\vendor\pako\lib\zlib\messages.js" />
    <None Include="..\..\3rdparty\noVNC\vendor\pako\lib\zlib\trees.js" />
    <None Include="..\..\3rdparty\noVNC\vendor\pako\lib\zlib\zstream.js" />
    <None Include="res\webviewer_index.html" />
  </ItemGroup>
</Project>