<?xml version="1.0" encoding="utf-8"?>
<Project ToolsVersion="14.0" xmlns="http://schemas.microsoft.com/developer/msbuild/2003">
  <ItemGroup>
    <ClCompile Include="adler32.c">
      <Filter>Source Files</Filter>
    </ClCompile>
    <ClCompile Include="compress.c">
      <Filter>Source Files</Filter>
    </ClCompile>
    <ClCompile Include="crc32.c">
      <Filter>Source Files</Filter>
    </ClCompile>
    <ClCompile Include="deflate.c">
      <Filter>Source Files</Filter>
    </ClCompile>
    <ClCompile Include="inflate.c">
      <Filter>Source Files</Filter>
    </ClCompile>
    <ClCompile Include="infback.c">
      <Filter>Source Files</Filter>
    </ClCompile>
    <ClCompile Include="inftrees.c">
      <Filter>Source Files</Filter>
    </ClCompile>
    <ClCompile Include="inffast.c">
      <Filter>Source Files</Filter>
    </ClCompile>
    <ClCompile Include="trees.c">
      <Filter>Source Files</Filter>
    </ClCompile>
    <ClCompile Include="uncompr.c">
      <Filter>Source Files</Filter>
    </ClCompile>
    <ClCompile Include="zutil.c">
      <Filter>Source Files</Filter>
    </ClCompile>
    <ClCompile Include="arch\x86\crc_folding.c">
      <Filter>Source Files\arch\x86</Filter>
    </ClCompile>
    <ClCompile Include="arch\x86\x86.c">
      <Filter>Source Files\arch\x86</Filter>
    </ClCompile>
    <ClCompile Include="arch\aarch64\adler32_neon.c">
      <Filter>Source Files\arch\aarch64</Filter>
    </ClCompile>
    <ClCompile Include="arch\aarch64\crc32_acle.c">
      <Filter>Source Files\arch\aarch64</Filter>
    </ClCompile>
    <ClCompile Include="arch\aarch64\fill_window_arm.c">
      <Filter>Source Files\arch\aarch64</Filter>
    </ClCompile>
    <ClCompile Include="arch\aarch64\insert_string_acle.c">
      <Filter>Source Files\arch\aarch64</Filter>
    </ClCompile>
    <ClCompile Include="arch\x86\adler32_simd.c">
      <Filter>Source Files\arch\x86</Filter>
    </ClCompile>
    <ClCompile Include="arch\x86\slide_sse.c">
      <Filter>Source Files\arch\x86</Filter>
    </ClCompile>
  </ItemGroup>
  <ItemGroup>
    <ClInclude Include="zlib.h">
      <Filter>Header Files</Filter>
    </ClInclude>
    <ClInclude Include="crc32.h">
      <Filter>Header Files</Filter>
    </ClInclude>
    <ClInclude Include="deflate.h">
      <Filter>Header Files</Filter>
    </ClInclude>
    <ClInclude Include="gzguts.h">
      <Filter>Header Files</Filter>
    </ClInclude>
    <ClInclude Include="inffast.h">
      <Filter>Header Files</Filter>
    </ClInclude>
    <ClInclude Include="inffixed.h">
      <Filter>Header Files</Filter>
    </ClInclude>
    <ClInclude Include="inflate.h">
      <Filter>Header Files</Filter>
    </ClInclude>
    <ClInclude Include="inftrees.h">
      <Filter>Header Files</Filter>
    </ClInclude>
    <ClInclude Include="trees.h">
      <Filter>Header Files</Filter>
    </ClInclude>
    <ClInclude Include="zutil.h">
      <Filter>Header Files</Filter>
    </ClInclude>
    <ClInclude Include="zconf.h">
      <Filter>Header Files</Filter>
    </ClInclude>
    <ClInclude Include="arch\x86\x86.h">
      <Filter>Source Files\arch\x86</Filter>
    </ClInclude>
    <ClInclude Include="arch\x86\insert_string_sse.h">
      <Filter>Source Files\arch\x86</Filter>
    </ClInclude>
    <ClInclude Include="arch\x86\adler32_simd.h">
      <Filter>Source Files\arch\x86</Filter>
    </ClInclude>
    <ClInclude Include="arch\aarch64\update_hash.h">
      <Filter>Source Files\arch\aarch64</Filter>
    </ClInclude>
    <ClInclude Include="arch\aarch64\aarch64.h">
      <Filter>Source Files\arch\aarch64</Filter>
    </ClInclude>
    <ClInclude Include="match.h">
      <Filter>Header Files</Filter>
    </ClInclude>
  </ItemGroup>
  <ItemGroup>
    <Filter Include="Source Files">
      <UniqueIdentifier>{DF9111AC-2E84-3C92-864F-C0C372650D33}</UniqueIdentifier>
    </Filter>
    <Filter Include="Header Files">
      <UniqueIdentifier>{41AE1531-1571-33AE-97BA-7EB28329CDB2}</UniqueIdentifier>
    </Filter>
    <Filter Include="Source Files\arch">
      <UniqueIdentifier>{33acb8c6-68b6-49f0-8b91-eff3add49f82}</UniqueIdentifier>
    </Filter>
    <Filter Include="Source Files\arch\x86">
      <UniqueIdentifier>{722da3ef-6b7e-4d35-8625-c9c1868c5072}</UniqueIdentifier>
    </Filter>
    <Filter Include="Source Files\arch\aarch64">
      <UniqueIdentifier>{9ff305b3-89ac-4457-9bc3-5514c6a4615b}</UniqueIdentifier>
    </Filter>
  </ItemGroup>
  <ItemGroup>
    <ResourceCompile Include="win32\zlib1.rc" />
  </ItemGroup>
</Project>